{
  "version": 4,
  "terraform_version": "1.14.9",
  "serial": 241,
  "lineage": "7b541531-4968-40fc-3061-60538bb0985d",
  "outputs": {
    "bastion_server": {
      "value": {
        "id": "i-0f4b2f80d93579eed",
        "private_ip": "10.0.0.238",
        "public_ip": "3.72.45.63"
      },
      "type": [
        "object",
        {
          "id": "string",
          "private_ip": "string",
          "public_ip": "string"
        }
      ]
    },
    "configuration_summary": {
      "value": {
        "aws_region": "eu-central-1",
        "docker_host": "unix:///var/run/docker.sock",
        "environment": "dev",
        "instance_count": 1,
        "instance_type": "t3.micro",
        "jenkins_port": 8080,
        "vpc_cidr": "10.0.0.0/16"
      },
      "type": [
        "object",
        {
          "aws_region": "string",
          "docker_host": "string",
          "environment": "string",
          "instance_count": "number",
          "instance_type": "string",
          "jenkins_port": "number",
          "vpc_cidr": "string"
        }
      ]
    },
    "data_sources_info": {
      "value": {
        "account_id": "719429929507",
        "available_azs": [
          "eu-central-1a",
          "eu-central-1b",
          "eu-central-1c"
        ],
        "region": "eu-central-1",
        "ubuntu_ami_id": "ami-0b3a21dbff1fffb4c",
        "ubuntu_ami_name": "ubuntu/images/hvm-ssd/ubuntu-jammy-22.04-amd64-server-20260430"
      },
      "type": [
        "object",
        {
          "account_id": "string",
          "available_azs": [
            "list",
            "string"
          ],
          "region": "string",
          "ubuntu_ami_id": "string",
          "ubuntu_ami_name": "string"
        }
      ]
    },
    "ec2_instances": {
      "value": {
        "count": 1,
        "instance_type": "t3.micro",
        "instances": [
          {
            "az": "eu-central-1a",
            "id": "i-02004b638d7628871",
            "index": 1,
            "private_ip": "10.0.10.9",
            "subnet": "subnet-0171193d944e7db7c"
          }
        ]
      },
      "type": [
        "object",
        {
          "count": "number",
          "instance_type": "string",
          "instances": [
            "tuple",
            [
              [
                "object",
                {
                  "az": "string",
                  "id": "string",
                  "index": "number",
                  "private_ip": "string",
                  "subnet": "string"
                }
              ]
            ]
          ]
        }
      ]
    },
    "iam_info": {
      "value": {
        "developers_group": "dev-developers",
        "instance_profile": "dev-ec2-profile",
        "policy_arn": "arn:aws:iam::719429929507:policy/dev-app-policy",
        "role_arn": "arn:aws:iam::719429929507:role/dev-ec2-role",
        "role_name": "dev-ec2-role",
        "users": [
          "dev-jenkins-deployer",
          "dev-developer",
          "dev-viewer"
        ]
      },
      "type": [
        "object",
        {
          "developers_group": "string",
          "instance_profile": "string",
          "policy_arn": "string",
          "role_arn": "string",
          "role_name": "string",
          "users": [
            "tuple",
            [
              "string",
              "string",
              "string"
            ]
          ]
        }
      ]
    },
    "jenkins_info": {
      "value": {
        "container_id": "5a87db06a5639f7a31b98cdf0acf3dd280da510f61843fce6cac39655a5b2b9d",
        "container_name": "dev-jenkins",
        "network": "dev-jenkins-network",
        "url": "http://localhost:8080",
        "volume": "dev-jenkins-data"
      },
      "type": [
        "object",
        {
          "container_id": "string",
          "container_name": "string",
          "network": "string",
          "url": "string",
          "volume": "string"
        }
      ]
    },
    "lab_integration_guide": {
      "value": "\n═══════════════════════════════════════════════════════════\n   КАК ВСЕ 6 ЛАБ РАБОТАЮТ ВМЕСТЕ\n═══════════════════════════════════════════════════════════\n\nLab 6 (Data Sources):\n  → Получаем AMI Ubuntu и информацию о регионе\n  → Используется для создания EC2 инстансов\n\nLab 5 (VPC + Dynamic Blocks):\n  → Создаем изолированную сеть (VPC)\n  → Публичная подсеть для Bastion\n  → Приватные подсети для приложений\n  → Security Groups с динамическими правилами\n\nLab 4 (IAM):\n  → Роли и политики для EC2\n  → Пользователи и группы для команды\n  → EC2 имеет доступ к S3\n\nLab 2 (EC2):\n  → Приватные серверы приложений\n  → Публичный Bastion для SSH доступа\n  → Подключаются к VPC Lab 5\n\nLab 1 (Docker + Jenkins):\n  → Jenkins работает локально в Docker\n  → Может деплоить на EC2 через SSH\n  → Хранит артефакты в S3\n\nLab 3 (Variables):\n  → Все параметры в variables.tf\n  → Гибкая конфигурация через окружения\n  → Outputs для всей информации\n\n═══════════════════════════════════════════════════════════\n   ДОСТУП К РЕСУРСАМ\n═══════════════════════════════════════════════════════════\n\nJenkins UI:        http://localhost:8080\nBastion SSH:       ssh -i ./dev-private-key.pem ubuntu@3.72.45.63\nПриватные серверы: Через Bastion: ssh -J ubuntu@3.72.45.63 ubuntu@\u003cprivate_ip\u003e\nS3 Bucket:         dev-app-bucket-719429929507\n\n═══════════════════════════════════════════════════════════\n",
      "type": "string"
    },
    "s3_bucket": {
      "value": {
        "bucket_arn": "arn:aws:s3:::dev-app-bucket-719429929507",
        "bucket_name": "dev-app-bucket-719429929507"
      },
      "type": [
        "object",
        {
          "bucket_arn": "string",
          "bucket_name": "string"
        }
      ]
    },
    "security_groups_info": {
      "value": {
        "app_sg_id": "sg-05a7b349447566ebd",
        "app_sg_rules": [
          {
            "cidr_blocks": [
              "0.0.0.0/0"
            ],
            "description": "SSH access",
            "port": 22,
            "protocol": "tcp"
          },
          {
            "cidr_blocks": [
              "0.0.0.0/0"
            ],
            "description": "HTTP access for application",
            "port": 80,
            "protocol": "tcp"
          },
          {
            "cidr_blocks": [
              "0.0.0.0/0"
            ],
            "description": "HTTPS access",
            "port": 443,
            "protocol": "tcp"
          },
          {
            "cidr_blocks": [
              "10.0.0.0/16"
            ],
            "description": "Jenkins agent port (inside VPC)",
            "port": 8080,
            "protocol": "tcp"
          }
        ],
        "jenkins_sg_id": "sg-00f3a81c645de6c27"
      },
      "type": [
        "object",
        {
          "app_sg_id": "string",
          "app_sg_rules": [
            "tuple",
            [
              [
                "object",
                {
                  "cidr_blocks": [
                    "list",
                    "string"
                  ],
                  "description": "string",
                  "port": "number",
                  "protocol": "string"
                }
              ],
              [
                "object",
                {
                  "cidr_blocks": [
                    "list",
                    "string"
                  ],
                  "description": "string",
                  "port": "number",
                  "protocol": "string"
                }
              ],
              [
                "object",
                {
                  "cidr_blocks": [
                    "list",
                    "string"
                  ],
                  "description": "string",
                  "port": "number",
                  "protocol": "string"
                }
              ],
              [
                "object",
                {
                  "cidr_blocks": [
                    "list",
                    "string"
                  ],
                  "description": "string",
                  "port": "number",
                  "protocol": "string"
                }
              ]
            ]
          ],
          "jenkins_sg_id": "string"
        }
      ]
    },
    "ssh_commands": {
      "value": "\n================================================================================\n                         SSH ACCESS COMMANDS\n================================================================================\n\nKEY FILE LOCATION:\n  ./dev-private-key.pem\n\nBASTION SSH (run from: terraform/labs/lab-complete):\n  ssh -i dev-private-key.pem ubuntu@3.72.45.63\n\nOR from project root:\n  ssh -i terraform/labs/lab-complete/dev-private-key.pem ubuntu@3.72.45.63\n\nPRIVATE EC2 VIA BASTION:\n  ssh -i dev-private-key.pem -J ubuntu@3.72.45.63 ubuntu@10.0.10.9\n\nPOWERSHELL (Windows):\n  ssh -i .\\dev-private-key.pem ubuntu@3.72.45.63\n\n================================================================================\n",
      "type": "string"
    },
    "ssh_key": {
      "value": {
        "key_name": "dev-key",
        "private_key_file": "./dev-private-key.pem"
      },
      "type": [
        "object",
        {
          "key_name": "string",
          "private_key_file": "string"
        }
      ],
      "sensitive": true
    },
    "subnets_info": {
      "value": {
        "private_subnet_cidrs": [
          "10.0.10.0/24",
          "10.0.11.0/24"
        ],
        "private_subnet_ids": [
          "subnet-0171193d944e7db7c",
          "subnet-028103a4205f34d6d"
        ],
        "public_subnet_cidrs": [
          "10.0.0.0/24",
          "10.0.1.0/24"
        ],
        "public_subnet_ids": [
          "subnet-06a541f9cdc543af4",
          "subnet-01d2bee4bf77b0896"
        ]
      },
      "type": [
        "object",
        {
          "private_subnet_cidrs": [
            "tuple",
            [
              "string",
              "string"
            ]
          ],
          "private_subnet_ids": [
            "tuple",
            [
              "string",
              "string"
            ]
          ],
          "public_subnet_cidrs": [
            "tuple",
            [
              "string",
              "string"
            ]
          ],
          "public_subnet_ids": [
            "tuple",
            [
              "string",
              "string"
            ]
          ]
        }
      ]
    },
    "vpc_info": {
      "value": {
        "internet_gateway_id": "igw-0640a3ed41f9bca5b",
        "nat_gateway_eip": "3.78.54.115",
        "nat_gateway_id": "nat-077d1b5ff7fd9e34c",
        "vpc_cidr": "10.0.0.0/16",
        "vpc_id": "vpc-055d3bd1ab93bfeb4"
      },
      "type": [
        "object",
        {
          "internet_gateway_id": "string",
          "nat_gateway_eip": "string",
          "nat_gateway_id": "string",
          "vpc_cidr": "string",
          "vpc_id": "string"
        }
      ]
    }
  },
  "resources": [
    {
      "mode": "data",
      "type": "aws_ami",
      "name": "ubuntu",
      "provider": "provider[\"registry.terraform.io/hashicorp/aws\"]",
      "instances": [
        {
          "schema_version": 0,
          "attributes": {
            "architecture": "x86_64",
            "arn": "arn:aws:ec2:eu-central-1::image/ami-0b3a21dbff1fffb4c",
            "block_device_mappings": [
              {
                "device_name": "/dev/sda1",
                "ebs": {
                  "delete_on_termination": "true",
                  "encrypted": "false",
                  "iops": "0",
                  "snapshot_id": "snap-0803d2d99400ded00",
                  "throughput": "0",
                  "volume_size": "8",
                  "volume_type": "gp2"
                },
                "no_device": "",
                "virtual_name": ""
              },
              {
                "device_name": "/dev/sdb",
                "ebs": {},
                "no_device": "",
                "virtual_name": "ephemeral0"
              },
              {
                "device_name": "/dev/sdc",
                "ebs": {},
                "no_device": "",
                "virtual_name": "ephemeral1"
              }
            ],
            "boot_mode": "uefi-preferred",
            "creation_date": "2026-04-30T06:54:51.000Z",
            "deprecation_time": "2028-04-30T06:54:51.000Z",
            "description": "Canonical, Ubuntu, 22.04, amd64 jammy image",
            "ena_support": true,
            "executable_users": null,
            "filter": [
              {
                "name": "name",
                "values": [
                  "ubuntu/images/hvm-ssd/ubuntu-jammy-22.04-amd64-server-*"
                ]
              },
              {
                "name": "virtualization-type",
                "values": [
                  "hvm"
                ]
              }
            ],
            "hypervisor": "xen",
            "id": "ami-0b3a21dbff1fffb4c",
            "image_id": "ami-0b3a21dbff1fffb4c",
            "image_location": "amazon/ubuntu/images/hvm-ssd/ubuntu-jammy-22.04-amd64-server-20260430",
            "image_owner_alias": "amazon",
            "image_type": "machine",
            "imds_support": "",
            "include_deprecated": false,
            "kernel_id": "",
            "most_recent": true,
            "name": "ubuntu/images/hvm-ssd/ubuntu-jammy-22.04-amd64-server-20260430",
            "name_regex": null,
            "owner_id": "099720109477",
            "owners": [
              "099720109477"
            ],
            "platform": "",
            "platform_details": "Linux/UNIX",
            "product_codes": [],
            "public": true,
            "ramdisk_id": "",
            "root_device_name": "/dev/sda1",
            "root_device_type": "ebs",
            "root_snapshot_id": "snap-0803d2d99400ded00",
            "sriov_net_support": "simple",
            "state": "available",
            "state_reason": {
              "code": "UNSET",
              "message": "UNSET"
            },
            "tags": {},
            "timeouts": null,
            "tpm_support": "",
            "usage_operation": "RunInstances",
            "virtualization_type": "hvm"
          },
          "sensitive_attributes": [],
          "identity_schema_version": 0
        }
      ]
    },
    {
      "mode": "data",
      "type": "aws_availability_zones",
      "name": "available",
      "provider": "provider[\"registry.terraform.io/hashicorp/aws\"]",
      "instances": [
        {
          "schema_version": 0,
          "attributes": {
            "all_availability_zones": null,
            "exclude_names": null,
            "exclude_zone_ids": null,
            "filter": null,
            "group_names": [
              "eu-central-1-zg-1"
            ],
            "id": "eu-central-1",
            "names": [
              "eu-central-1a",
              "eu-central-1b",
              "eu-central-1c"
            ],
            "state": "available",
            "timeouts": null,
            "zone_ids": [
              "euc1-az2",
              "euc1-az3",
              "euc1-az1"
            ]
          },
          "sensitive_attributes": [],
          "identity_schema_version": 0
        }
      ]
    },
    {
      "mode": "data",
      "type": "aws_caller_identity",
      "name": "current",
      "provider": "provider[\"registry.terraform.io/hashicorp/aws\"]",
      "instances": [
        {
          "schema_version": 0,
          "attributes": {
            "account_id": "719429929507",
            "arn": "arn:aws:iam::719429929507:user/Akira",
            "id": "719429929507",
            "user_id": "AIDA2PAK5RIRZUNYQZCDD"
          },
          "sensitive_attributes": [],
          "identity_schema_version": 0
        }
      ]
    },
    {
      "mode": "data",
      "type": "aws_iam_policy_document",
      "name": "app_policy",
      "provider": "provider[\"registry.terraform.io/hashicorp/aws\"]",
      "instances": [
        {
          "schema_version": 0,
          "attributes": {
            "id": "3471919420",
            "json": "{\n  \"Version\": \"2012-10-17\",\n  \"Statement\": [\n    {\n      \"Sid\": \"S3Access\",\n      \"Effect\": \"Allow\",\n      \"Action\": [\n        \"s3:ListBucket\",\n        \"s3:GetObject\"\n      ],\n      \"Resource\": [\n        \"arn:aws:s3:::dev-app-bucket-*/*\",\n        \"arn:aws:s3:::dev-app-bucket-*\"\n      ]\n    },\n    {\n      \"Sid\": \"CloudWatchLogs\",\n      \"Effect\": \"Allow\",\n      \"Action\": [\n        \"logs:PutLogEvents\",\n        \"logs:CreateLogStream\",\n        \"logs:CreateLogGroup\"\n      ],\n      \"Resource\": \"arn:aws:logs:*:*:*\"\n    }\n  ]\n}",
            "override_json": null,
            "override_policy_documents": null,
            "policy_id": null,
            "source_json": null,
            "source_policy_documents": null,
            "statement": [
              {
                "actions": [
                  "s3:GetObject",
                  "s3:ListBucket"
                ],
                "condition": [],
                "effect": "Allow",
                "not_actions": [],
                "not_principals": [],
                "not_resources": [],
                "principals": [],
                "resources": [
                  "arn:aws:s3:::dev-app-bucket-*",
                  "arn:aws:s3:::dev-app-bucket-*/*"
                ],
                "sid": "S3Access"
              },
              {
                "actions": [
                  "logs:CreateLogGroup",
                  "logs:CreateLogStream",
                  "logs:PutLogEvents"
                ],
                "condition": [],
                "effect": "Allow",
                "not_actions": [],
                "not_principals": [],
                "not_resources": [],
                "principals": [],
                "resources": [
                  "arn:aws:logs:*:*:*"
                ],
                "sid": "CloudWatchLogs"
              }
            ],
            "version": "2012-10-17"
          },
          "sensitive_attributes": [],
          "identity_schema_version": 0
        }
      ]
    },
    {
      "mode": "data",
      "type": "aws_iam_policy_document",
      "name": "ec2_assume_role",
      "provider": "provider[\"registry.terraform.io/hashicorp/aws\"]",
      "instances": [
        {
          "schema_version": 0,
          "attributes": {
            "id": "1903849331",
            "json": "{\n  \"Version\": \"2012-10-17\",\n  \"Statement\": [\n    {\n      \"Sid\": \"\",\n      \"Effect\": \"Allow\",\n      \"Action\": \"sts:AssumeRole\",\n      \"Principal\": {\n        \"Service\": \"ec2.amazonaws.com\"\n      }\n    }\n  ]\n}",
            "override_json": null,
            "override_policy_documents": null,
            "policy_id": null,
            "source_json": null,
            "source_policy_documents": null,
            "statement": [
              {
                "actions": [
                  "sts:AssumeRole"
                ],
                "condition": [],
                "effect": "Allow",
                "not_actions": [],
                "not_principals": [],
                "not_resources": [],
                "principals": [
                  {
                    "identifiers": [
                      "ec2.amazonaws.com"
                    ],
                    "type": "Service"
                  }
                ],
                "resources": [],
                "sid": ""
              }
            ],
            "version": "2012-10-17"
          },
          "sensitive_attributes": [],
          "identity_schema_version": 0
        }
      ]
    },
    {
      "mode": "data",
      "type": "aws_region",
      "name": "current",
      "provider": "provider[\"registry.terraform.io/hashicorp/aws\"]",
      "instances": [
        {
          "schema_version": 0,
          "attributes": {
            "description": "Europe (Frankfurt)",
            "endpoint": "ec2.eu-central-1.amazonaws.com",
            "id": "eu-central-1",
            "name": "eu-central-1"
          },
          "sensitive_attributes": [],
          "identity_schema_version": 0
        }
      ]
    },
    {
      "mode": "managed",
      "type": "aws_eip",
      "name": "nat",
      "provider": "provider[\"registry.terraform.io/hashicorp/aws\"]",
      "instances": [
        {
          "schema_version": 0,
          "attributes": {
            "address": null,
            "allocation_id": "eipalloc-0c8dc80a7638743d9",
            "associate_with_private_ip": null,
            "association_id": "",
            "carrier_ip": "",
            "customer_owned_ip": "",
            "customer_owned_ipv4_pool": "",
            "domain": "vpc",
            "id": "eipalloc-0c8dc80a7638743d9",
            "instance": "",
            "network_border_group": "eu-central-1",
            "network_interface": "",
            "private_dns": null,
            "private_ip": "",
            "public_dns": "ec2-3-78-54-115.eu-central-1.compute.amazonaws.com",
            "public_ip": "3.78.54.115",
            "public_ipv4_pool": "amazon",
            "tags": {
              "Name": "dev-nat-eip"
            },
            "tags_all": {
              "Environment": "dev",
              "Lab": "lab-complete",
              "ManagedBy": "Terraform",
              "Name": "dev-nat-eip",
              "Project": "QazaqAir-Complete-Lab"
            },
            "timeouts": null,
            "vpc": true
          },
          "sensitive_attributes": [],
          "identity_schema_version": 0,
          "private": "eyJlMmJmYjczMC1lY2FhLTExZTYtOGY4OC0zNDM2M2JjN2M0YzAiOnsiZGVsZXRlIjoxODAwMDAwMDAwMDAsInJlYWQiOjkwMDAwMDAwMDAwMCwidXBkYXRlIjozMDAwMDAwMDAwMDB9fQ==",
          "dependencies": [
            "aws_internet_gateway.main",
            "aws_vpc.main"
          ]
        }
      ]
    },
    {
      "mode": "managed",
      "type": "aws_iam_group",
      "name": "developers",
      "provider": "provider[\"registry.terraform.io/hashicorp/aws\"]",
      "instances": [
        {
          "schema_version": 0,
          "attributes": {
            "arn": "arn:aws:iam::719429929507:group/dev/dev-developers",
            "id": "dev-developers",
            "name": "dev-developers",
            "path": "/dev/",
            "unique_id": "AGPA2PAK5RIRZEJ2CW7GO"
          },
          "sensitive_attributes": [],
          "identity_schema_version": 0,
          "private": "bnVsbA=="
        }
      ]
    },
    {
      "mode": "managed",
      "type": "aws_iam_instance_profile",
      "name": "ec2_profile",
      "provider": "provider[\"registry.terraform.io/hashicorp/aws\"]",
      "instances": [
        {
          "schema_version": 0,
          "attributes": {
            "arn": "arn:aws:iam::719429929507:instance-profile/dev-ec2-profile",
            "create_date": "2026-05-02T09:16:48Z",
            "id": "dev-ec2-profile",
            "name": "dev-ec2-profile",
            "name_prefix": "",
            "path": "/",
            "role": "dev-ec2-role",
            "tags": null,
            "tags_all": {
              "Environment": "dev",
              "Lab": "lab-complete",
              "ManagedBy": "Terraform",
              "Project": "QazaqAir-Complete-Lab"
            },
            "unique_id": "AIPA2PAK5RIRXCN7CHN3U"
          },
          "sensitive_attributes": [],
          "identity_schema_version": 0,
          "private": "bnVsbA==",
          "dependencies": [
            "aws_iam_role.ec2_role",
            "data.aws_iam_policy_document.ec2_assume_role"
          ]
        }
      ]
    },
    {
      "mode": "managed",
      "type": "aws_iam_policy",
      "name": "app_policy",
      "provider": "provider[\"registry.terraform.io/hashicorp/aws\"]",
      "instances": [
        {
          "schema_version": 0,
          "attributes": {
            "arn": "arn:aws:iam::719429929507:policy/dev-app-policy",
            "description": "Policy for EC2 applications",
            "id": "arn:aws:iam::719429929507:policy/dev-app-policy",
            "name": "dev-app-policy",
            "name_prefix": "",
            "path": "/",
            "policy": "{\"Statement\":[{\"Action\":[\"s3:ListBucket\",\"s3:GetObject\"],\"Effect\":\"Allow\",\"Resource\":[\"arn:aws:s3:::dev-app-bucket-*/*\",\"arn:aws:s3:::dev-app-bucket-*\"],\"Sid\":\"S3Access\"},{\"Action\":[\"logs:PutLogEvents\",\"logs:CreateLogStream\",\"logs:CreateLogGroup\"],\"Effect\":\"Allow\",\"Resource\":\"arn:aws:logs:*:*:*\",\"Sid\":\"CloudWatchLogs\"}],\"Version\":\"2012-10-17\"}",
            "policy_id": "ANPA2PAK5RIR5MK7MLZCN",
            "tags": null,
            "tags_all": {
              "Environment": "dev",
              "Lab": "lab-complete",
              "ManagedBy": "Terraform",
              "Project": "QazaqAir-Complete-Lab"
            }
          },
          "sensitive_attributes": [],
          "identity_schema_version": 0,
          "private": "bnVsbA==",
          "dependencies": [
            "data.aws_iam_policy_document.app_policy"
          ]
        }
      ]
    },
    {
      "mode": "managed",
      "type": "aws_iam_role",
      "name": "ec2_role",
      "provider": "provider[\"registry.terraform.io/hashicorp/aws\"]",
      "instances": [
        {
          "schema_version": 0,
          "attributes": {
            "arn": "arn:aws:iam::719429929507:role/dev-ec2-role",
            "assume_role_policy": "{\"Statement\":[{\"Action\":\"sts:AssumeRole\",\"Effect\":\"Allow\",\"Principal\":{\"Service\":\"ec2.amazonaws.com\"},\"Sid\":\"\"}],\"Version\":\"2012-10-17\"}",
            "create_date": "2026-05-02T09:16:47Z",
            "description": "",
            "force_detach_policies": false,
            "id": "dev-ec2-role",
            "inline_policy": [],
            "managed_policy_arns": [],
            "max_session_duration": 3600,
            "name": "dev-ec2-role",
            "name_prefix": "",
            "path": "/",
            "permissions_boundary": null,
            "role_last_used": [
              {
                "last_used_date": "",
                "region": ""
              }
            ],
            "tags": {
              "Name": "dev-ec2-role"
            },
            "tags_all": {
              "Environment": "dev",
              "Lab": "lab-complete",
              "ManagedBy": "Terraform",
              "Name": "dev-ec2-role",
              "Project": "QazaqAir-Complete-Lab"
            },
            "unique_id": "AROA2PAK5RIRZR4GTETPG"
          },
          "sensitive_attributes": [],
          "identity_schema_version": 0,
          "private": "bnVsbA==",
          "dependencies": [
            "data.aws_iam_policy_document.ec2_assume_role"
          ]
        }
      ]
    },
    {
      "mode": "managed",
      "type": "aws_iam_role_policy_attachment",
      "name": "app_attach",
      "provider": "provider[\"registry.terraform.io/hashicorp/aws\"]",
      "instances": [
        {
          "schema_version": 0,
          "attributes": {
            "id": "dev-ec2-role-20260502091645628700000004",
            "policy_arn": "arn:aws:iam::719429929507:policy/dev-app-policy",
            "role": "dev-ec2-role"
          },
          "sensitive_attributes": [],
          "identity_schema_version": 0,
          "private": "bnVsbA==",
          "dependencies": [
            "aws_iam_policy.app_policy",
            "aws_iam_role.ec2_role",
            "data.aws_iam_policy_document.app_policy",
            "data.aws_iam_policy_document.ec2_assume_role"
          ]
        }
      ]
    },
    {
      "mode": "managed",
      "type": "aws_iam_user",
      "name": "users",
      "provider": "provider[\"registry.terraform.io/hashicorp/aws\"]",
      "instances": [
        {
          "index_key": 0,
          "schema_version": 0,
          "attributes": {
            "arn": "arn:aws:iam::719429929507:user/dev/dev-jenkins-deployer",
            "force_destroy": false,
            "id": "dev-jenkins-deployer",
            "name": "dev-jenkins-deployer",
            "path": "/dev/",
            "permissions_boundary": null,
            "tags": {
              "Name": "dev-jenkins-deployer"
            },
            "tags_all": {
              "Environment": "dev",
              "Lab": "lab-complete",
              "ManagedBy": "Terraform",
              "Name": "dev-jenkins-deployer",
              "Project": "QazaqAir-Complete-Lab"
            },
            "unique_id": "AIDA2PAK5RIRRJAZ257WK"
          },
          "sensitive_attributes": [],
          "identity_schema_version": 0,
          "private": "bnVsbA=="
        },
        {
          "index_key": 1,
          "schema_version": 0,
          "attributes": {
            "arn": "arn:aws:iam::719429929507:user/dev/dev-developer",
            "force_destroy": false,
            "id": "dev-developer",
            "name": "dev-developer",
            "path": "/dev/",
            "permissions_boundary": null,
            "tags": {
              "Name": "dev-developer"
            },
            "tags_all": {
              "Environment": "dev",
              "Lab": "lab-complete",
              "ManagedBy": "Terraform",
              "Name": "dev-developer",
              "Project": "QazaqAir-Complete-Lab"
            },
            "unique_id": "AIDA2PAK5RIR2P2PZ26PL"
          },
          "sensitive_attributes": [],
          "identity_schema_version": 0,
          "private": "bnVsbA=="
        },
        {
          "index_key": 2,
          "schema_version": 0,
          "attributes": {
            "arn": "arn:aws:iam::719429929507:user/dev/dev-viewer",
            "force_destroy": false,
            "id": "dev-viewer",
            "name": "dev-viewer",
            "path": "/dev/",
            "permissions_boundary": null,
            "tags": {
              "Name": "dev-viewer"
            },
            "tags_all": {
              "Environment": "dev",
              "Lab": "lab-complete",
              "ManagedBy": "Terraform",
              "Name": "dev-viewer",
              "Project": "QazaqAir-Complete-Lab"
            },
            "unique_id": "AIDA2PAK5RIR6P364ACNL"
          },
          "sensitive_attributes": [],
          "identity_schema_version": 0,
          "private": "bnVsbA=="
        }
      ]
    },
    {
      "mode": "managed",
      "type": "aws_iam_user_group_membership",
      "name": "dev_membership",
      "provider": "provider[\"registry.terraform.io/hashicorp/aws\"]",
      "instances": [
        {
          "index_key": 0,
          "schema_version": 0,
          "attributes": {
            "groups": [
              "dev-developers"
            ],
            "id": "terraform-20260502091645178400000002",
            "user": "dev-jenkins-deployer"
          },
          "sensitive_attributes": [],
          "identity_schema_version": 0,
          "private": "bnVsbA==",
          "dependencies": [
            "aws_iam_group.developers",
            "aws_iam_user.users"
          ]
        },
        {
          "index_key": 1,
          "schema_version": 0,
          "attributes": {
            "groups": [
              "dev-developers"
            ],
            "id": "terraform-20260502091645172200000001",
            "user": "dev-developer"
          },
          "sensitive_attributes": [],
          "identity_schema_version": 0,
          "private": "bnVsbA==",
          "dependencies": [
            "aws_iam_group.developers",
            "aws_iam_user.users"
          ]
        },
        {
          "index_key": 2,
          "schema_version": 0,
          "attributes": {
            "groups": [
              "dev-developers"
            ],
            "id": "terraform-20260502091645188100000003",
            "user": "dev-viewer"
          },
          "sensitive_attributes": [],
          "identity_schema_version": 0,
          "private": "bnVsbA==",
          "dependencies": [
            "aws_iam_group.developers",
            "aws_iam_user.users"
          ]
        }
      ]
    },
    {
      "mode": "managed",
      "type": "aws_instance",
      "name": "app",
      "provider": "provider[\"registry.terraform.io/hashicorp/aws\"]",
      "instances": [
        {
          "index_key": 0,
          "schema_version": 1,
          "attributes": {
            "ami": "ami-0d1ddd83282187d18",
            "arn": "arn:aws:ec2:eu-central-1:719429929507:instance/i-02004b638d7628871",
            "associate_public_ip_address": false,
            "availability_zone": "eu-central-1a",
            "capacity_reservation_specification": [
              {
                "capacity_reservation_preference": "open",
                "capacity_reservation_target": []
              }
            ],
            "cpu_core_count": 1,
            "cpu_options": [
              {
                "amd_sev_snp": "",
                "core_count": 1,
                "threads_per_core": 2
              }
            ],
            "cpu_threads_per_core": 2,
            "credit_specification": [
              {
                "cpu_credits": "unlimited"
              }
            ],
            "disable_api_stop": false,
            "disable_api_termination": false,
            "ebs_block_device": [],
            "ebs_optimized": false,
            "enclave_options": [
              {
                "enabled": false
              }
            ],
            "ephemeral_block_device": [],
            "get_password_data": false,
            "hibernation": false,
            "host_id": "",
            "host_resource_group_arn": null,
            "iam_instance_profile": "dev-ec2-profile",
            "id": "i-02004b638d7628871",
            "instance_initiated_shutdown_behavior": "stop",
            "instance_state": "running",
            "instance_type": "t3.micro",
            "ipv6_address_count": 0,
            "ipv6_addresses": [],
            "key_name": "dev-key",
            "launch_template": [],
            "maintenance_options": [
              {
                "auto_recovery": "default"
              }
            ],
            "metadata_options": [
              {
                "http_endpoint": "enabled",
                "http_put_response_hop_limit": 1,
                "http_tokens": "optional",
                "instance_metadata_tags": "disabled"
              }
            ],
            "monitoring": false,
            "network_interface": [],
            "outpost_arn": "",
            "password_data": "",
            "placement_group": "",
            "placement_partition_number": 0,
            "primary_network_interface_id": "eni-051cf962727c5eb74",
            "private_dns": "ip-10-0-10-9.eu-central-1.compute.internal",
            "private_dns_name_options": [
              {
                "enable_resource_name_dns_a_record": false,
                "enable_resource_name_dns_aaaa_record": false,
                "hostname_type": "ip-name"
              }
            ],
            "private_ip": "10.0.10.9",
            "public_dns": "",
            "public_ip": "",
            "root_block_device": [
              {
                "delete_on_termination": true,
                "device_name": "/dev/sda1",
                "encrypted": false,
                "iops": 100,
                "kms_key_id": "",
                "tags": {},
                "throughput": 0,
                "volume_id": "vol-0c491ee0cd02d83cf",
                "volume_size": 8,
                "volume_type": "gp2"
              }
            ],
            "secondary_private_ips": [],
            "security_groups": [],
            "source_dest_check": true,
            "subnet_id": "subnet-0171193d944e7db7c",
            "tags": {
              "Name": "dev-app-1"
            },
            "tags_all": {
              "Environment": "dev",
              "Lab": "lab-complete",
              "ManagedBy": "Terraform",
              "Name": "dev-app-1",
              "Project": "QazaqAir-Complete-Lab"
            },
            "tenancy": "default",
            "timeouts": null,
            "user_data": "c69eda7389b75a184a4841fdd9cf40d015d85822",
            "user_data_base64": null,
            "user_data_replace_on_change": false,
            "volume_tags": null,
            "vpc_security_group_ids": [
              "sg-05a7b349447566ebd"
            ]
          },
          "sensitive_attributes": [],
          "identity_schema_version": 0,
          "private": "eyJlMmJmYjczMC1lY2FhLTExZTYtOGY4OC0zNDM2M2JjN2M0YzAiOnsiY3JlYXRlIjo2MDAwMDAwMDAwMDAsImRlbGV0ZSI6MTIwMDAwMDAwMDAwMCwidXBkYXRlIjo2MDAwMDAwMDAwMDB9LCJzY2hlbWFfdmVyc2lvbiI6IjEifQ==",
          "dependencies": [
            "aws_iam_instance_profile.ec2_profile",
            "aws_iam_role.ec2_role",
            "aws_key_pair.main",
            "aws_security_group.app",
            "aws_subnet.private",
            "aws_vpc.main",
            "data.aws_ami.ubuntu",
            "data.aws_iam_policy_document.ec2_assume_role",
            "tls_private_key.ssh"
          ]
        }
      ]
    },
    {
      "mode": "managed",
      "type": "aws_instance",
      "name": "bastion",
      "provider": "provider[\"registry.terraform.io/hashicorp/aws\"]",
      "instances": [
        {
          "schema_version": 1,
          "attributes": {
            "ami": "ami-0d1ddd83282187d18",
            "arn": "arn:aws:ec2:eu-central-1:719429929507:instance/i-0f4b2f80d93579eed",
            "associate_public_ip_address": true,
            "availability_zone": "eu-central-1a",
            "capacity_reservation_specification": [
              {
                "capacity_reservation_preference": "open",
                "capacity_reservation_target": []
              }
            ],
            "cpu_core_count": 1,
            "cpu_options": [
              {
                "amd_sev_snp": "",
                "core_count": 1,
                "threads_per_core": 2
              }
            ],
            "cpu_threads_per_core": 2,
            "credit_specification": [
              {
                "cpu_credits": "unlimited"
              }
            ],
            "disable_api_stop": false,
            "disable_api_termination": false,
            "ebs_block_device": [],
            "ebs_optimized": false,
            "enclave_options": [
              {
                "enabled": false
              }
            ],
            "ephemeral_block_device": [],
            "get_password_data": false,
            "hibernation": false,
            "host_id": "",
            "host_resource_group_arn": null,
            "iam_instance_profile": "",
            "id": "i-0f4b2f80d93579eed",
            "instance_initiated_shutdown_behavior": "stop",
            "instance_state": "running",
            "instance_type": "t3.micro",
            "ipv6_address_count": 0,
            "ipv6_addresses": [],
            "key_name": "dev-key",
            "launch_template": [],
            "maintenance_options": [
              {
                "auto_recovery": "default"
              }
            ],
            "metadata_options": [
              {
                "http_endpoint": "enabled",
                "http_put_response_hop_limit": 1,
                "http_tokens": "optional",
                "instance_metadata_tags": "disabled"
              }
            ],
            "monitoring": false,
            "network_interface": [],
            "outpost_arn": "",
            "password_data": "",
            "placement_group": "",
            "placement_partition_number": 0,
            "primary_network_interface_id": "eni-02fa112c7028e5f23",
            "private_dns": "ip-10-0-0-238.eu-central-1.compute.internal",
            "private_dns_name_options": [
              {
                "enable_resource_name_dns_a_record": false,
                "enable_resource_name_dns_aaaa_record": false,
                "hostname_type": "ip-name"
              }
            ],
            "private_ip": "10.0.0.238",
            "public_dns": "ec2-3-72-45-63.eu-central-1.compute.amazonaws.com",
            "public_ip": "3.72.45.63",
            "root_block_device": [
              {
                "delete_on_termination": true,
                "device_name": "/dev/sda1",
                "encrypted": false,
                "iops": 100,
                "kms_key_id": "",
                "tags": {},
                "throughput": 0,
                "volume_id": "vol-04fb35f1b0d6b26ff",
                "volume_size": 8,
                "volume_type": "gp2"
              }
            ],
            "secondary_private_ips": [],
            "security_groups": [],
            "source_dest_check": true,
            "subnet_id": "subnet-06a541f9cdc543af4",
            "tags": {
              "Name": "dev-bastion"
            },
            "tags_all": {
              "Environment": "dev",
              "Lab": "lab-complete",
              "ManagedBy": "Terraform",
              "Name": "dev-bastion",
              "Project": "QazaqAir-Complete-Lab"
            },
            "tenancy": "default",
            "timeouts": null,
            "user_data": "66ea7a92bc0e13f19fef2d6a74051c783a1cc825",
            "user_data_base64": null,
            "user_data_replace_on_change": false,
            "volume_tags": null,
            "vpc_security_group_ids": [
              "sg-05a7b349447566ebd"
            ]
          },
          "sensitive_attributes": [],
          "identity_schema_version": 0,
          "private": "eyJlMmJmYjczMC1lY2FhLTExZTYtOGY4OC0zNDM2M2JjN2M0YzAiOnsiY3JlYXRlIjo2MDAwMDAwMDAwMDAsImRlbGV0ZSI6MTIwMDAwMDAwMDAwMCwidXBkYXRlIjo2MDAwMDAwMDAwMDB9LCJzY2hlbWFfdmVyc2lvbiI6IjEifQ==",
          "dependencies": [
            "aws_key_pair.main",
            "aws_security_group.app",
            "aws_subnet.public",
            "aws_vpc.main",
            "data.aws_ami.ubuntu",
            "tls_private_key.ssh"
          ]
        }
      ]
    },
    {
      "mode": "managed",
      "type": "aws_internet_gateway",
      "name": "main",
      "provider": "provider[\"registry.terraform.io/hashicorp/aws\"]",
      "instances": [
        {
          "schema_version": 0,
          "attributes": {
            "arn": "arn:aws:ec2:eu-central-1:719429929507:internet-gateway/igw-0640a3ed41f9bca5b",
            "id": "igw-0640a3ed41f9bca5b",
            "owner_id": "719429929507",
            "tags": {
              "Name": "dev-igw"
            },
            "tags_all": {
              "Environment": "dev",
              "Lab": "lab-complete",
              "ManagedBy": "Terraform",
              "Name": "dev-igw",
              "Project": "QazaqAir-Complete-Lab"
            },
            "timeouts": null,
            "vpc_id": "vpc-055d3bd1ab93bfeb4"
          },
          "sensitive_attributes": [],
          "identity_schema_version": 0,
          "private": "eyJlMmJmYjczMC1lY2FhLTExZTYtOGY4OC0zNDM2M2JjN2M0YzAiOnsiY3JlYXRlIjoxMjAwMDAwMDAwMDAwLCJkZWxldGUiOjEyMDAwMDAwMDAwMDAsInVwZGF0ZSI6MTIwMDAwMDAwMDAwMH19",
          "dependencies": [
            "aws_vpc.main"
          ]
        }
      ]
    },
    {
      "mode": "managed",
      "type": "aws_key_pair",
      "name": "main",
      "provider": "provider[\"registry.terraform.io/hashicorp/aws\"]",
      "instances": [
        {
          "schema_version": 1,
          "attributes": {
            "arn": "arn:aws:ec2:eu-central-1:719429929507:key-pair/dev-key",
            "fingerprint": "2e:5f:e8:12:d0:e2:bb:60:78:5c:15:88:78:92:d6:73",
            "id": "dev-key",
            "key_name": "dev-key",
            "key_name_prefix": "",
            "key_pair_id": "key-00496fd05aee7e866",
            "key_type": "rsa",
            "public_key": "ssh-rsa AAAAB3NzaC1yc2EAAAADAQABAAACAQDGyZkiPS/OxJgLd6sTxWwfGXAJi8hfwKclZObF8qvJXiri6w5P6JOamI5lc+nVSbi3glikT8TbS6DdMWkymCLri6/PmcbhWagocwXo0eZCbQCjLk+IKMgEtiLMgQ0PbhdOu+cuc48gaO7ECvsC2luSDe+/hecjFIIIdvehnDi4QQX55gp6rCcNip1+U1HIIg5v1UkGkhybgvPTurvnbwMeHvAZVrhcYYCg/sHqecBNMZyeQAXs46sRUG61WeBxOBu1B3PrH0Q8+9W/A6iexxP8Js21dmUtT5lRwpBE4ODsBduikwQEjmwjJqeDfCRX6d9ssleIKKjrn6gX8In0hPPeOYE9USaEasOj2z5ShJMuPzH4FXXdWchcM88XZABXwbyRQ5xDWFE30Vnwql/Gk5w4MBKChWcAmAsY+K2jYHHCl8b5C6XE5eJUNuEBKAUepcmq6ZSBWKzPC36hTg5lWdkSz1+Xx3PPD1wQGHMTGq2sL0J72/2HlRfar2KrwNhD0r6aEqHZAQqgDkXS3t4S4Iauj3NnCC7UL4oJgtU968dqcPT9RSVCgKzU78Z6LelKuZoj98S3rZOPf8qwpWjuTTw/Rmu5Jb+NSgbKmHZM4WJt2v1/ThFAKLK184xGs8mqkG6bJA36R0jitdQ3Lbq8ROtkOwRTT2FoWG95EYWHzneqnw==",
            "tags": null,
            "tags_all": {
              "Environment": "dev",
              "Lab": "lab-complete",
              "ManagedBy": "Terraform",
              "Project": "QazaqAir-Complete-Lab"
            }
          },
          "sensitive_attributes": [],
          "identity_schema_version": 0,
          "private": "eyJzY2hlbWFfdmVyc2lvbiI6IjEifQ==",
          "dependencies": [
            "tls_private_key.ssh"
          ]
        }
      ]
    },
    {
      "mode": "managed",
      "type": "aws_nat_gateway",
      "name": "main",
      "provider": "provider[\"registry.terraform.io/hashicorp/aws\"]",
      "instances": [
        {
          "schema_version": 0,
          "attributes": {
            "allocation_id": "eipalloc-0c8dc80a7638743d9",
            "association_id": "eipassoc-047d4738cefc49b1d",
            "connectivity_type": "public",
            "id": "nat-077d1b5ff7fd9e34c",
            "network_interface_id": "eni-019039ad55ecaf548",
            "private_ip": "10.0.0.65",
            "public_ip": "3.78.54.115",
            "subnet_id": "subnet-06a541f9cdc543af4",
            "tags": {
              "Name": "dev-nat"
            },
            "tags_all": {
              "Environment": "dev",
              "Lab": "lab-complete",
              "ManagedBy": "Terraform",
              "Name": "dev-nat",
              "Project": "QazaqAir-Complete-Lab"
            }
          },
          "sensitive_attributes": [],
          "identity_schema_version": 0,
          "private": "bnVsbA==",
          "dependencies": [
            "aws_eip.nat",
            "aws_internet_gateway.main",
            "aws_subnet.public",
            "aws_vpc.main"
          ]
        }
      ]
    },
    {
      "mode": "managed",
      "type": "aws_route_table",
      "name": "private",
      "provider": "provider[\"registry.terraform.io/hashicorp/aws\"]",
      "instances": [
        {
          "schema_version": 0,
          "attributes": {
            "arn": "arn:aws:ec2:eu-central-1:719429929507:route-table/rtb-0a9a9f18ae8abf0d9",
            "id": "rtb-0a9a9f18ae8abf0d9",
            "owner_id": "719429929507",
            "propagating_vgws": [],
            "route": [
              {
                "carrier_gateway_id": "",
                "cidr_block": "0.0.0.0/0",
                "core_network_arn": "",
                "destination_prefix_list_id": "",
                "egress_only_gateway_id": "",
                "gateway_id": "",
                "instance_id": "",
                "ipv6_cidr_block": "",
                "local_gateway_id": "",
                "nat_gateway_id": "nat-077d1b5ff7fd9e34c",
                "network_interface_id": "",
                "transit_gateway_id": "",
                "vpc_endpoint_id": "",
                "vpc_peering_connection_id": ""
              }
            ],
            "tags": {
              "Name": "dev-private-rt"
            },
            "tags_all": {
              "Environment": "dev",
              "Lab": "lab-complete",
              "ManagedBy": "Terraform",
              "Name": "dev-private-rt",
              "Project": "QazaqAir-Complete-Lab"
            },
            "timeouts": null,
            "vpc_id": "vpc-055d3bd1ab93bfeb4"
          },
          "sensitive_attributes": [],
          "identity_schema_version": 0,
          "private": "eyJlMmJmYjczMC1lY2FhLTExZTYtOGY4OC0zNDM2M2JjN2M0YzAiOnsiY3JlYXRlIjozMDAwMDAwMDAwMDAsImRlbGV0ZSI6MzAwMDAwMDAwMDAwLCJ1cGRhdGUiOjEyMDAwMDAwMDAwMH19",
          "dependencies": [
            "aws_eip.nat",
            "aws_internet_gateway.main",
            "aws_nat_gateway.main",
            "aws_subnet.public",
            "aws_vpc.main"
          ]
        }
      ]
    },
    {
      "mode": "managed",
      "type": "aws_route_table",
      "name": "public",
      "provider": "provider[\"registry.terraform.io/hashicorp/aws\"]",
      "instances": [
        {
          "schema_version": 0,
          "attributes": {
            "arn": "arn:aws:ec2:eu-central-1:719429929507:route-table/rtb-044f06cbce540cc16",
            "id": "rtb-044f06cbce540cc16",
            "owner_id": "719429929507",
            "propagating_vgws": [],
            "route": [
              {
                "carrier_gateway_id": "",
                "cidr_block": "0.0.0.0/0",
                "core_network_arn": "",
                "destination_prefix_list_id": "",
                "egress_only_gateway_id": "",
                "gateway_id": "igw-0640a3ed41f9bca5b",
                "instance_id": "",
                "ipv6_cidr_block": "",
                "local_gateway_id": "",
                "nat_gateway_id": "",
                "network_interface_id": "",
                "transit_gateway_id": "",
                "vpc_endpoint_id": "",
                "vpc_peering_connection_id": ""
              }
            ],
            "tags": {
              "Name": "dev-public-rt"
            },
            "tags_all": {
              "Environment": "dev",
              "Lab": "lab-complete",
              "ManagedBy": "Terraform",
              "Name": "dev-public-rt",
              "Project": "QazaqAir-Complete-Lab"
            },
            "timeouts": null,
            "vpc_id": "vpc-055d3bd1ab93bfeb4"
          },
          "sensitive_attributes": [],
          "identity_schema_version": 0,
          "private": "eyJlMmJmYjczMC1lY2FhLTExZTYtOGY4OC0zNDM2M2JjN2M0YzAiOnsiY3JlYXRlIjozMDAwMDAwMDAwMDAsImRlbGV0ZSI6MzAwMDAwMDAwMDAwLCJ1cGRhdGUiOjEyMDAwMDAwMDAwMH19",
          "dependencies": [
            "aws_internet_gateway.main",
            "aws_vpc.main"
          ]
        }
      ]
    },
    {
      "mode": "managed",
      "type": "aws_route_table_association",
      "name": "private",
      "provider": "provider[\"registry.terraform.io/hashicorp/aws\"]",
      "instances": [
        {
          "index_key": 0,
          "schema_version": 0,
          "attributes": {
            "gateway_id": "",
            "id": "rtbassoc-08d1576102f998967",
            "route_table_id": "rtb-0a9a9f18ae8abf0d9",
            "subnet_id": "subnet-0171193d944e7db7c",
            "timeouts": null
          },
          "sensitive_attributes": [],
          "identity_schema_version": 0,
          "private": "eyJlMmJmYjczMC1lY2FhLTExZTYtOGY4OC0zNDM2M2JjN2M0YzAiOnsiY3JlYXRlIjozMDAwMDAwMDAwMDAsImRlbGV0ZSI6MzAwMDAwMDAwMDAwLCJ1cGRhdGUiOjEyMDAwMDAwMDAwMH19",
          "dependencies": [
            "aws_eip.nat",
            "aws_internet_gateway.main",
            "aws_nat_gateway.main",
            "aws_route_table.private",
            "aws_subnet.private",
            "aws_subnet.public",
            "aws_vpc.main"
          ]
        },
        {
          "index_key": 1,
          "schema_version": 0,
          "attributes": {
            "gateway_id": "",
            "id": "rtbassoc-073e50cb2ffedfcab",
            "route_table_id": "rtb-0a9a9f18ae8abf0d9",
            "subnet_id": "subnet-028103a4205f34d6d",
            "timeouts": null
          },
          "sensitive_attributes": [],
          "identity_schema_version": 0,
          "private": "eyJlMmJmYjczMC1lY2FhLTExZTYtOGY4OC0zNDM2M2JjN2M0YzAiOnsiY3JlYXRlIjozMDAwMDAwMDAwMDAsImRlbGV0ZSI6MzAwMDAwMDAwMDAwLCJ1cGRhdGUiOjEyMDAwMDAwMDAwMH19",
          "dependencies": [
            "aws_eip.nat",
            "aws_internet_gateway.main",
            "aws_nat_gateway.main",
            "aws_route_table.private",
            "aws_subnet.private",
            "aws_subnet.public",
            "aws_vpc.main"
          ]
        }
      ]
    },
    {
      "mode": "managed",
      "type": "aws_route_table_association",
      "name": "public",
      "provider": "provider[\"registry.terraform.io/hashicorp/aws\"]",
      "instances": [
        {
          "index_key": 0,
          "schema_version": 0,
          "attributes": {
            "gateway_id": "",
            "id": "rtbassoc-04692fd65a2e09077",
            "route_table_id": "rtb-044f06cbce540cc16",
            "subnet_id": "subnet-06a541f9cdc543af4",
            "timeouts": null
          },
          "sensitive_attributes": [],
          "identity_schema_version": 0,
          "private": "eyJlMmJmYjczMC1lY2FhLTExZTYtOGY4OC0zNDM2M2JjN2M0YzAiOnsiY3JlYXRlIjozMDAwMDAwMDAwMDAsImRlbGV0ZSI6MzAwMDAwMDAwMDAwLCJ1cGRhdGUiOjEyMDAwMDAwMDAwMH19",
          "dependencies": [
            "aws_internet_gateway.main",
            "aws_route_table.public",
            "aws_subnet.public",
            "aws_vpc.main"
          ]
        },
        {
          "index_key": 1,
          "schema_version": 0,
          "attributes": {
            "gateway_id": "",
            "id": "rtbassoc-0f8ddc4759a4642f5",
            "route_table_id": "rtb-044f06cbce540cc16",
            "subnet_id": "subnet-01d2bee4bf77b0896",
            "timeouts": null
          },
          "sensitive_attributes": [],
          "identity_schema_version": 0,
          "private": "eyJlMmJmYjczMC1lY2FhLTExZTYtOGY4OC0zNDM2M2JjN2M0YzAiOnsiY3JlYXRlIjozMDAwMDAwMDAwMDAsImRlbGV0ZSI6MzAwMDAwMDAwMDAwLCJ1cGRhdGUiOjEyMDAwMDAwMDAwMH19",
          "dependencies": [
            "aws_internet_gateway.main",
            "aws_route_table.public",
            "aws_subnet.public",
            "aws_vpc.main"
          ]
        }
      ]
    },
    {
      "mode": "managed",
      "type": "aws_s3_bucket",
      "name": "artifacts",
      "provider": "provider[\"registry.terraform.io/hashicorp/aws\"]",
      "instances": [
        {
          "schema_version": 0,
          "attributes": {
            "acceleration_status": "",
            "acl": null,
            "arn": "arn:aws:s3:::dev-app-bucket-719429929507",
            "bucket": "dev-app-bucket-719429929507",
            "bucket_domain_name": "dev-app-bucket-719429929507.s3.amazonaws.com",
            "bucket_prefix": "",
            "bucket_regional_domain_name": "dev-app-bucket-719429929507.s3.eu-central-1.amazonaws.com",
            "cors_rule": [],
            "force_destroy": false,
            "grant": [
              {
                "id": "b55b8356e718cdb0843f16bda2c582183fa4b57a53dd30c86d354a3073661876",
                "permissions": [
                  "FULL_CONTROL"
                ],
                "type": "CanonicalUser",
                "uri": ""
              }
            ],
            "hosted_zone_id": "Z21DNDUVLTQW6Q",
            "id": "dev-app-bucket-719429929507",
            "lifecycle_rule": [],
            "logging": [],
            "object_lock_configuration": [],
            "object_lock_enabled": false,
            "policy": "",
            "region": "eu-central-1",
            "replication_configuration": [],
            "request_payer": "BucketOwner",
            "server_side_encryption_configuration": [
              {
                "rule": [
                  {
                    "apply_server_side_encryption_by_default": [
                      {
                        "kms_master_key_id": "",
                        "sse_algorithm": "AES256"
                      }
                    ],
                    "bucket_key_enabled": false
                  }
                ]
              }
            ],
            "tags": {
              "Name": "dev-artifacts"
            },
            "tags_all": {
              "Environment": "dev",
              "Lab": "lab-complete",
              "ManagedBy": "Terraform",
              "Name": "dev-artifacts",
              "Project": "QazaqAir-Complete-Lab"
            },
            "timeouts": null,
            "versioning": [
              {
                "enabled": false,
                "mfa_delete": false
              }
            ],
            "website": [],
            "website_domain": null,
            "website_endpoint": null
          },
          "sensitive_attributes": [],
          "identity_schema_version": 0,
          "private": "eyJlMmJmYjczMC1lY2FhLTExZTYtOGY4OC0zNDM2M2JjN2M0YzAiOnsiY3JlYXRlIjoxMjAwMDAwMDAwMDAwLCJkZWxldGUiOjM2MDAwMDAwMDAwMDAsInJlYWQiOjEyMDAwMDAwMDAwMDAsInVwZGF0ZSI6MTIwMDAwMDAwMDAwMH19",
          "dependencies": [
            "data.aws_caller_identity.current"
          ]
        }
      ]
    },
    {
      "mode": "managed",
      "type": "aws_s3_bucket_versioning",
      "name": "artifacts",
      "provider": "provider[\"registry.terraform.io/hashicorp/aws\"]",
      "instances": [
        {
          "schema_version": 0,
          "attributes": {
            "bucket": "dev-app-bucket-719429929507",
            "expected_bucket_owner": "",
            "id": "dev-app-bucket-719429929507",
            "mfa": null,
            "versioning_configuration": [
              {
                "mfa_delete": "",
                "status": "Enabled"
              }
            ]
          },
          "sensitive_attributes": [],
          "identity_schema_version": 0,
          "private": "bnVsbA==",
          "dependencies": [
            "aws_s3_bucket.artifacts",
            "data.aws_caller_identity.current"
          ]
        }
      ]
    },
    {
      "mode": "managed",
      "type": "aws_security_group",
      "name": "app",
      "provider": "provider[\"registry.terraform.io/hashicorp/aws\"]",
      "instances": [
        {
          "schema_version": 1,
          "attributes": {
            "arn": "arn:aws:ec2:eu-central-1:719429929507:security-group/sg-05a7b349447566ebd",
            "description": "Security Group for applications (Lab 5 Dynamic Block)",
            "egress": [
              {
                "cidr_blocks": [
                  "0.0.0.0/0"
                ],
                "description": "",
                "from_port": 0,
                "ipv6_cidr_blocks": [],
                "prefix_list_ids": [],
                "protocol": "-1",
                "security_groups": [],
                "self": false,
                "to_port": 0
              }
            ],
            "id": "sg-05a7b349447566ebd",
            "ingress": [
              {
                "cidr_blocks": [
                  "0.0.0.0/0"
                ],
                "description": "HTTP access for application",
                "from_port": 80,
                "ipv6_cidr_blocks": [],
                "prefix_list_ids": [],
                "protocol": "tcp",
                "security_groups": [],
                "self": false,
                "to_port": 80
              },
              {
                "cidr_blocks": [
                  "0.0.0.0/0"
                ],
                "description": "HTTPS access",
                "from_port": 443,
                "ipv6_cidr_blocks": [],
                "prefix_list_ids": [],
                "protocol": "tcp",
                "security_groups": [],
                "self": false,
                "to_port": 443
              },
              {
                "cidr_blocks": [
                  "0.0.0.0/0"
                ],
                "description": "SSH access",
                "from_port": 22,
                "ipv6_cidr_blocks": [],
                "prefix_list_ids": [],
                "protocol": "tcp",
                "security_groups": [],
                "self": false,
                "to_port": 22
              },
              {
                "cidr_blocks": [
                  "10.0.0.0/16"
                ],
                "description": "Jenkins agent port (inside VPC)",
                "from_port": 8080,
                "ipv6_cidr_blocks": [],
                "prefix_list_ids": [],
                "protocol": "tcp",
                "security_groups": [],
                "self": false,
                "to_port": 8080
              }
            ],
            "name": "dev-app-sg",
            "name_prefix": "",
            "owner_id": "719429929507",
            "revoke_rules_on_delete": false,
            "tags": {
              "Name": "dev-app-sg"
            },
            "tags_all": {
              "Environment": "dev",
              "Lab": "lab-complete",
              "ManagedBy": "Terraform",
              "Name": "dev-app-sg",
              "Project": "QazaqAir-Complete-Lab"
            },
            "timeouts": null,
            "vpc_id": "vpc-055d3bd1ab93bfeb4"
          },
          "sensitive_attributes": [],
          "identity_schema_version": 0,
          "private": "eyJlMmJmYjczMC1lY2FhLTExZTYtOGY4OC0zNDM2M2JjN2M0YzAiOnsiY3JlYXRlIjo2MDAwMDAwMDAwMDAsImRlbGV0ZSI6OTAwMDAwMDAwMDAwfSwic2NoZW1hX3ZlcnNpb24iOiIxIn0=",
          "dependencies": [
            "aws_vpc.main"
          ]
        }
      ]
    },
    {
      "mode": "managed",
      "type": "aws_security_group",
      "name": "jenkins",
      "provider": "provider[\"registry.terraform.io/hashicorp/aws\"]",
      "instances": [
        {
          "schema_version": 1,
          "attributes": {
            "arn": "arn:aws:ec2:eu-central-1:719429929507:security-group/sg-00f3a81c645de6c27",
            "description": "Security Group for Jenkins server",
            "egress": [
              {
                "cidr_blocks": [
                  "0.0.0.0/0"
                ],
                "description": "",
                "from_port": 0,
                "ipv6_cidr_blocks": [],
                "prefix_list_ids": [],
                "protocol": "-1",
                "security_groups": [],
                "self": false,
                "to_port": 0
              }
            ],
            "id": "sg-00f3a81c645de6c27",
            "ingress": [
              {
                "cidr_blocks": [
                  "0.0.0.0/0"
                ],
                "description": "Jenkins Web UI",
                "from_port": 8080,
                "ipv6_cidr_blocks": [],
                "prefix_list_ids": [],
                "protocol": "tcp",
                "security_groups": [],
                "self": false,
                "to_port": 8080
              },
              {
                "cidr_blocks": [
                  "10.0.0.0/16"
                ],
                "description": "Jenkins Agent",
                "from_port": 50000,
                "ipv6_cidr_blocks": [],
                "prefix_list_ids": [],
                "protocol": "tcp",
                "security_groups": [],
                "self": false,
                "to_port": 50000
              }
            ],
            "name": "dev-jenkins-sg",
            "name_prefix": "",
            "owner_id": "719429929507",
            "revoke_rules_on_delete": false,
            "tags": {
              "Name": "dev-jenkins-sg"
            },
            "tags_all": {
              "Environment": "dev",
              "Lab": "lab-complete",
              "ManagedBy": "Terraform",
              "Name": "dev-jenkins-sg",
              "Project": "QazaqAir-Complete-Lab"
            },
            "timeouts": null,
            "vpc_id": "vpc-055d3bd1ab93bfeb4"
          },
          "sensitive_attributes": [],
          "identity_schema_version": 0,
          "private": "eyJlMmJmYjczMC1lY2FhLTExZTYtOGY4OC0zNDM2M2JjN2M0YzAiOnsiY3JlYXRlIjo2MDAwMDAwMDAwMDAsImRlbGV0ZSI6OTAwMDAwMDAwMDAwfSwic2NoZW1hX3ZlcnNpb24iOiIxIn0=",
          "dependencies": [
            "aws_vpc.main"
          ]
        }
      ]
    },
    {
      "mode": "managed",
      "type": "aws_subnet",
      "name": "private",
      "provider": "provider[\"registry.terraform.io/hashicorp/aws\"]",
      "instances": [
        {
          "index_key": 0,
          "schema_version": 1,
          "attributes": {
            "arn": "arn:aws:ec2:eu-central-1:719429929507:subnet/subnet-0171193d944e7db7c",
            "assign_ipv6_address_on_creation": false,
            "availability_zone": "eu-central-1a",
            "availability_zone_id": "euc1-az2",
            "cidr_block": "10.0.10.0/24",
            "customer_owned_ipv4_pool": "",
            "enable_dns64": false,
            "enable_lni_at_device_index": 0,
            "enable_resource_name_dns_a_record_on_launch": false,
            "enable_resource_name_dns_aaaa_record_on_launch": false,
            "id": "subnet-0171193d944e7db7c",
            "ipv6_cidr_block": "",
            "ipv6_cidr_block_association_id": "",
            "ipv6_native": false,
            "map_customer_owned_ip_on_launch": false,
            "map_public_ip_on_launch": false,
            "outpost_arn": "",
            "owner_id": "719429929507",
            "private_dns_hostname_type_on_launch": "ip-name",
            "tags": {
              "Name": "dev-private-1",
              "Type": "private"
            },
            "tags_all": {
              "Environment": "dev",
              "Lab": "lab-complete",
              "ManagedBy": "Terraform",
              "Name": "dev-private-1",
              "Project": "QazaqAir-Complete-Lab",
              "Type": "private"
            },
            "timeouts": null,
            "vpc_id": "vpc-055d3bd1ab93bfeb4"
          },
          "sensitive_attributes": [],
          "identity_schema_version": 0,
          "private": "eyJlMmJmYjczMC1lY2FhLTExZTYtOGY4OC0zNDM2M2JjN2M0YzAiOnsiY3JlYXRlIjo2MDAwMDAwMDAwMDAsImRlbGV0ZSI6MTIwMDAwMDAwMDAwMH0sInNjaGVtYV92ZXJzaW9uIjoiMSJ9",
          "dependencies": [
            "aws_vpc.main"
          ]
        },
        {
          "index_key": 1,
          "schema_version": 1,
          "attributes": {
            "arn": "arn:aws:ec2:eu-central-1:719429929507:subnet/subnet-028103a4205f34d6d",
            "assign_ipv6_address_on_creation": false,
            "availability_zone": "eu-central-1b",
            "availability_zone_id": "euc1-az3",
            "cidr_block": "10.0.11.0/24",
            "customer_owned_ipv4_pool": "",
            "enable_dns64": false,
            "enable_lni_at_device_index": 0,
            "enable_resource_name_dns_a_record_on_launch": false,
            "enable_resource_name_dns_aaaa_record_on_launch": false,
            "id": "subnet-028103a4205f34d6d",
            "ipv6_cidr_block": "",
            "ipv6_cidr_block_association_id": "",
            "ipv6_native": false,
            "map_customer_owned_ip_on_launch": false,
            "map_public_ip_on_launch": false,
            "outpost_arn": "",
            "owner_id": "719429929507",
            "private_dns_hostname_type_on_launch": "ip-name",
            "tags": {
              "Name": "dev-private-2",
              "Type": "private"
            },
            "tags_all": {
              "Environment": "dev",
              "Lab": "lab-complete",
              "ManagedBy": "Terraform",
              "Name": "dev-private-2",
              "Project": "QazaqAir-Complete-Lab",
              "Type": "private"
            },
            "timeouts": null,
            "vpc_id": "vpc-055d3bd1ab93bfeb4"
          },
          "sensitive_attributes": [],
          "identity_schema_version": 0,
          "private": "eyJlMmJmYjczMC1lY2FhLTExZTYtOGY4OC0zNDM2M2JjN2M0YzAiOnsiY3JlYXRlIjo2MDAwMDAwMDAwMDAsImRlbGV0ZSI6MTIwMDAwMDAwMDAwMH0sInNjaGVtYV92ZXJzaW9uIjoiMSJ9",
          "dependencies": [
            "aws_vpc.main"
          ]
        }
      ]
    },
    {
      "mode": "managed",
      "type": "aws_subnet",
      "name": "public",
      "provider": "provider[\"registry.terraform.io/hashicorp/aws\"]",
      "instances": [
        {
          "index_key": 0,
          "schema_version": 1,
          "attributes": {
            "arn": "arn:aws:ec2:eu-central-1:719429929507:subnet/subnet-06a541f9cdc543af4",
            "assign_ipv6_address_on_creation": false,
            "availability_zone": "eu-central-1a",
            "availability_zone_id": "euc1-az2",
            "cidr_block": "10.0.0.0/24",
            "customer_owned_ipv4_pool": "",
            "enable_dns64": false,
            "enable_lni_at_device_index": 0,
            "enable_resource_name_dns_a_record_on_launch": false,
            "enable_resource_name_dns_aaaa_record_on_launch": false,
            "id": "subnet-06a541f9cdc543af4",
            "ipv6_cidr_block": "",
            "ipv6_cidr_block_association_id": "",
            "ipv6_native": false,
            "map_customer_owned_ip_on_launch": false,
            "map_public_ip_on_launch": true,
            "outpost_arn": "",
            "owner_id": "719429929507",
            "private_dns_hostname_type_on_launch": "ip-name",
            "tags": {
              "Name": "dev-public-1",
              "Type": "public"
            },
            "tags_all": {
              "Environment": "dev",
              "Lab": "lab-complete",
              "ManagedBy": "Terraform",
              "Name": "dev-public-1",
              "Project": "QazaqAir-Complete-Lab",
              "Type": "public"
            },
            "timeouts": null,
            "vpc_id": "vpc-055d3bd1ab93bfeb4"
          },
          "sensitive_attributes": [],
          "identity_schema_version": 0,
          "private": "eyJlMmJmYjczMC1lY2FhLTExZTYtOGY4OC0zNDM2M2JjN2M0YzAiOnsiY3JlYXRlIjo2MDAwMDAwMDAwMDAsImRlbGV0ZSI6MTIwMDAwMDAwMDAwMH0sInNjaGVtYV92ZXJzaW9uIjoiMSJ9",
          "dependencies": [
            "aws_vpc.main"
          ]
        },
        {
          "index_key": 1,
          "schema_version": 1,
          "attributes": {
            "arn": "arn:aws:ec2:eu-central-1:719429929507:subnet/subnet-01d2bee4bf77b0896",
            "assign_ipv6_address_on_creation": false,
            "availability_zone": "eu-central-1b",
            "availability_zone_id": "euc1-az3",
            "cidr_block": "10.0.1.0/24",
            "customer_owned_ipv4_pool": "",
            "enable_dns64": false,
            "enable_lni_at_device_index": 0,
            "enable_resource_name_dns_a_record_on_launch": false,
            "enable_resource_name_dns_aaaa_record_on_launch": false,
            "id": "subnet-01d2bee4bf77b0896",
            "ipv6_cidr_block": "",
            "ipv6_cidr_block_association_id": "",
            "ipv6_native": false,
            "map_customer_owned_ip_on_launch": false,
            "map_public_ip_on_launch": true,
            "outpost_arn": "",
            "owner_id": "719429929507",
            "private_dns_hostname_type_on_launch": "ip-name",
            "tags": {
              "Name": "dev-public-2",
              "Type": "public"
            },
            "tags_all": {
              "Environment": "dev",
              "Lab": "lab-complete",
              "ManagedBy": "Terraform",
              "Name": "dev-public-2",
              "Project": "QazaqAir-Complete-Lab",
              "Type": "public"
            },
            "timeouts": null,
            "vpc_id": "vpc-055d3bd1ab93bfeb4"
          },
          "sensitive_attributes": [],
          "identity_schema_version": 0,
          "private": "eyJlMmJmYjczMC1lY2FhLTExZTYtOGY4OC0zNDM2M2JjN2M0YzAiOnsiY3JlYXRlIjo2MDAwMDAwMDAwMDAsImRlbGV0ZSI6MTIwMDAwMDAwMDAwMH0sInNjaGVtYV92ZXJzaW9uIjoiMSJ9",
          "dependencies": [
            "aws_vpc.main"
          ]
        }
      ]
    },
    {
      "mode": "managed",
      "type": "aws_vpc",
      "name": "main",
      "provider": "provider[\"registry.terraform.io/hashicorp/aws\"]",
      "instances": [
        {
          "schema_version": 1,
          "attributes": {
            "arn": "arn:aws:ec2:eu-central-1:719429929507:vpc/vpc-055d3bd1ab93bfeb4",
            "assign_generated_ipv6_cidr_block": false,
            "cidr_block": "10.0.0.0/16",
            "default_network_acl_id": "acl-05f14f5debb558b7e",
            "default_route_table_id": "rtb-001433c7b29d58e74",
            "default_security_group_id": "sg-05bde20a479fc8eea",
            "dhcp_options_id": "dopt-0cfe291d91f8ad9d7",
            "enable_classiclink": false,
            "enable_classiclink_dns_support": false,
            "enable_dns_hostnames": true,
            "enable_dns_support": true,
            "enable_network_address_usage_metrics": false,
            "id": "vpc-055d3bd1ab93bfeb4",
            "instance_tenancy": "default",
            "ipv4_ipam_pool_id": null,
            "ipv4_netmask_length": null,
            "ipv6_association_id": "",
            "ipv6_cidr_block": "",
            "ipv6_cidr_block_network_border_group": "",
            "ipv6_ipam_pool_id": "",
            "ipv6_netmask_length": 0,
            "main_route_table_id": "rtb-001433c7b29d58e74",
            "owner_id": "719429929507",
            "tags": {
              "Name": "dev-vpc"
            },
            "tags_all": {
              "Environment": "dev",
              "Lab": "lab-complete",
              "ManagedBy": "Terraform",
              "Name": "dev-vpc",
              "Project": "QazaqAir-Complete-Lab"
            }
          },
          "sensitive_attributes": [],
          "identity_schema_version": 0,
          "private": "eyJzY2hlbWFfdmVyc2lvbiI6IjEifQ=="
        }
      ]
    },
    {
      "mode": "managed",
      "type": "docker_container",
      "name": "jenkins",
      "provider": "provider[\"registry.terraform.io/kreuzwerker/docker\"]",
      "instances": [
        {
          "schema_version": 2,
          "attributes": {
            "attach": false,
            "bridge": "",
            "capabilities": [],
            "cgroup_parent": null,
            "cgroupns_mode": null,
            "command": [],
            "container_logs": null,
            "container_read_refresh_timeout_milliseconds": 15000,
            "cpu_period": null,
            "cpu_quota": null,
            "cpu_set": "",
            "cpu_shares": 0,
            "cpus": null,
            "destroy_grace_seconds": null,
            "devices": [],
            "dns": null,
            "dns_opts": null,
            "dns_search": null,
            "domainname": "",
            "entrypoint": [
              "/usr/bin/tini",
              "--",
              "/usr/local/bin/jenkins.sh"
            ],
            "env": [
              "JAVA_OPTS=-Djenkins.install.runSetupWizard=false",
              "JENKINS_OPTS=--argumentsRealm.roles.user=admin --argumentsRealm.roles.password=admin123"
            ],
            "exit_code": null,
            "gpus": null,
            "group_add": null,
            "healthcheck": null,
            "host": [],
            "hostname": "5a87db06a563",
            "id": "5a87db06a5639f7a31b98cdf0acf3dd280da510f61843fce6cac39655a5b2b9d",
            "image": "jenkins/jenkins:lts-jdk17",
            "init": false,
            "ipc_mode": "private",
            "labels": [
              {
                "label": "environment",
                "value": "dev"
              },
              {
                "label": "lab",
                "value": "lab-complete"
              },
              {
                "label": "service",
                "value": "jenkins"
              }
            ],
            "log_driver": "json-file",
            "log_opts": null,
            "logs": false,
            "max_retry_count": 0,
            "memory": 0,
            "memory_reservation": 0,
            "memory_swap": 0,
            "mounts": [],
            "must_run": true,
            "name": "dev-jenkins",
            "network_data": [
              {
                "gateway": "172.21.0.1",
                "global_ipv6_address": "",
                "global_ipv6_prefix_length": 0,
                "ip_address": "172.21.0.2",
                "ip_prefix_length": 16,
                "ipv6_gateway": "",
                "mac_address": "fa:b8:08:24:4b:a1",
                "network_name": "dev-jenkins-network"
              }
            ],
            "network_mode": "bridge",
            "networks_advanced": [
              {
                "aliases": [],
                "ipv4_address": "",
                "ipv6_address": "",
                "mac_address": "",
                "name": "dev-jenkins-network"
              }
            ],
            "pid_mode": "",
            "ports": [
              {
                "external": 8080,
                "internal": 8080,
                "ip": "0.0.0.0",
                "protocol": "tcp"
              },
              {
                "external": 50000,
                "internal": 50000,
                "ip": "0.0.0.0",
                "protocol": "tcp"
              }
            ],
            "privileged": false,
            "publish_all_ports": false,
            "read_only": false,
            "remove_volumes": true,
            "restart": "always",
            "rm": false,
            "runtime": "runc",
            "security_opts": [],
            "shm_size": 64,
            "start": true,
            "stdin_open": false,
            "stop_signal": "",
            "stop_timeout": 1,
            "storage_opts": null,
            "sysctls": null,
            "tmpfs": null,
            "tty": false,
            "ulimit": [],
            "upload": [],
            "user": "root",
            "userns_mode": "",
            "volumes": [
              {
                "container_path": "/var/jenkins_home",
                "from_container": "",
                "host_path": "",
                "read_only": null,
                "volume_name": "dev-jenkins-data"
              },
              {
                "container_path": "/var/jenkins_home/.ssh/id_rsa",
                "from_container": "",
                "host_path": "C:/Users/anura/MyProjects/IdeaProjects/QazaqAir/terraform/labs/lab-complete/dev-private-key.pem",
                "read_only": true,
                "volume_name": ""
              },
              {
                "container_path": "/var/run/docker.sock",
                "from_container": "",
                "host_path": "/var/run/docker.sock",
                "read_only": null,
                "volume_name": ""
              }
            ],
            "wait": false,
            "wait_timeout": 60,
            "working_dir": ""
          },
          "sensitive_attributes": [
            [
              {
                "type": "get_attr",
                "value": "env"
              }
            ]
          ],
          "identity_schema_version": 0,
          "private": "eyJzY2hlbWFfdmVyc2lvbiI6IjIifQ==",
          "dependencies": [
            "docker_network.jenkins",
            "docker_volume.jenkins_data",
            "local_file.private_key",
            "tls_private_key.ssh"
          ]
        }
      ]
    },
    {
      "mode": "managed",
      "type": "docker_network",
      "name": "jenkins",
      "provider": "provider[\"registry.terraform.io/kreuzwerker/docker\"]",
      "instances": [
        {
          "schema_version": 1,
          "attributes": {
            "attachable": false,
            "check_duplicate": null,
            "driver": "bridge",
            "id": "62191b7f74dd58a814c758ce8eda9620d157b23183d32dcad439b98aae950030",
            "ingress": false,
            "internal": false,
            "ipam_config": [
              {
                "aux_address": {},
                "gateway": "172.21.0.1",
                "ip_range": "",
                "subnet": "172.21.0.0/16"
              }
            ],
            "ipam_driver": "default",
            "ipam_options": null,
            "ipv6": false,
            "labels": [
              {
                "label": "environment",
                "value": "dev"
              }
            ],
            "name": "dev-jenkins-network",
            "options": {
              "com.docker.network.enable_ipv4": "true",
              "com.docker.network.enable_ipv6": "false"
            },
            "scope": "local"
          },
          "sensitive_attributes": [],
          "identity_schema_version": 0,
          "private": "eyJzY2hlbWFfdmVyc2lvbiI6IjEifQ=="
        }
      ]
    },
    {
      "mode": "managed",
      "type": "docker_volume",
      "name": "jenkins_data",
      "provider": "provider[\"registry.terraform.io/kreuzwerker/docker\"]",
      "instances": [
        {
          "schema_version": 1,
          "attributes": {
            "cluster": [],
            "driver": "local",
            "driver_opts": null,
            "id": "dev-jenkins-data",
            "labels": [
              {
                "label": "environment",
                "value": "dev"
              }
            ],
            "mountpoint": "/var/lib/docker/volumes/dev-jenkins-data/_data",
            "name": "dev-jenkins-data"
          },
          "sensitive_attributes": [],
          "identity_schema_version": 0,
          "private": "eyJzY2hlbWFfdmVyc2lvbiI6IjEifQ=="
        }
      ]
    },
    {
      "mode": "managed",
      "type": "local_file",
      "name": "private_key",
      "provider": "provider[\"registry.terraform.io/hashicorp/local\"]",
      "instances": [
        {
          "schema_version": 0,
          "attributes": {
            "content": "-----BEGIN RSA PRIVATE KEY-----\nMIIJKAIBAAKCAgEAxsmZIj0vzsSYC3erE8VsHxlwCYvIX8CnJWTmxfKryV4q4usO\nT+iTmpiOZXPp1Um4t4JYpE/E20ug3TFpMpgi64uvz5nG4VmoKHMF6NHmQm0Aoy5P\niCjIBLYizIEND24XTrvnLnOPIGjuxAr7Atpbkg3vv4XnIxSCCHb3oZw4uEEF+eYK\neqwnDYqdflNRyCIOb9VJBpIcm4Lz07q7528DHh7wGVa4XGGAoP7B6nnATTGcnkAF\n7OOrEVButVngcTgbtQdz6x9EPPvVvwOonscT/CbNtXZlLU+ZUcKQRODg7AXbopME\nBI5sIyang3wkV+nfbLJXiCio65+oF/CJ9ITz3jmBPVEmhGrDo9s+UoSTLj8x+BV1\n3VnIXDPPF2QAV8G8kUOcQ1hRN9FZ8KpfxpOcODASgoVnAJgLGPito2BxwpfG+Qul\nxOXiVDbhASgFHqXJqumUgViszwt+oU4OZVnZEs9fl8dzzw9cEBhzExqtrC9Ce9v9\nh5UX2q9iq8DYQ9K+mhKh2QEKoA5F0t7eEuCGro9zZwgu1C+KCYLVPevHanD0/UUl\nQoCs1O/Gei3pSrmaI/fEt62Tj3/KsKVo7k08P0ZruSW/jUoGyph2TOFibdr9f04R\nQCiytfOMRrPJqpBumyQN+kdI4rXUNy26vETrZDsEU09haFhveRGFh853qp8CAwEA\nAQKCAgAl2Gm0EAwTBHCh9kV2vSZJgXFID/m06RupTd11oC6+ZpQpoXCXHANF8ndh\nr0C8X42wOjugBKPI0Ewu8GJDxJ0ZVP3Cu1cWvhf6o3NjkNqSmOf/KSjxFjqGUxqq\n7oLLBj2furxXpp6AIBoc7q49K881LjwPrXGExzm+XM/mT7Sot5BotDgYhL/mnxY+\n36P5QyqWdfeyLY0Ouk6rZ6iwdf0U9fTmDhGJXPK9M+M9PbKzv5c+tZerMuj1oeeB\n1TuasoDr5SBXihtWtOdLt2mZ2PLgFY8iVgkLKFVbMHyA8INBzBe1iuG/8FF8G7bW\nnILazebAbe+mN395ZGr/K8dH6yv2M6yNfDjWErMK9DQCdeWPMD7AbIt157PWseub\nHmHt3II0xT50laCkTHNa19WdHDQxqIJgarNU5IDvNk1yQLcEzsHFCW59eDGk/9SE\nYPDl6sxur8FUEKDgb8UOQdKLlMJEms+BlCmdZA7g2OnlzfRwzFKaekYi1K7wfsbO\nSmEvBGQVyNQG/FxO/qgoEweqwMXyja1Z/fDloaKAG8b1H7S6dAeJvN0PBVaNZ1X0\nUjy39c/t5UY8Uy/ehTKBKzsuoa8pMg3ICTmHFbCqd0QP+f13SE91QmzK33KOFlqX\nbVNe6EH7QNIWmAUgeP0egVN7WdW2R473d8KiIvpV2V8zsdVrMQKCAQEAzxiytU96\nkVrHWvsWxWaD/ObvQ+rSoYfM6qgAL6R8AkKbENcP0sO/0XBy43hyJa6ylv8Prxww\n6QIPO1+M23pbC26YrnDWvkW/Rm8aYFXcGUpD/W6zKfY7gIYUq4vK0YRzGC4Qg1fG\n3kzvx7PtLMTE7F/bH0yvHw3D7nA8NdpbhUNBY8ROvZJgrMkrVUp1CNkjRVNjDTN3\n/rnBYpQZiK37SJhQrLzKKuVqK0HRxVPlpK7HADsE4cXr+RngRA7k6hJZTYaWau9P\nK5Bsb8xwD1rU4lV9jrgFCUlT129er9F9kgg8YTV3h71iHIYzjfubs8M7SmLKTBV0\n3bX55a7gnt/lKQKCAQEA9bqb82x2lRVHdHx23D9qoy3dcBtQQEUGQKw1gm2KKQ8z\nvgpJvZ98HzAwgNN9gnr5XX3gLLKZMSRVHejczLYgdXTBt3lb6SH7+Dsn5NrstXGl\nK2IR2dUa/OAXdd4awyM1raFClFR3CQX/bgKdxsxEAaFtMvFKJ1aIzBT8eb9Hc8QO\nx6eaTOwf4wMsodq8TWT3Ur6VYjq/jBgpI3QxPPW65MbWe/7D1Q8xhoGWVBXku3bZ\nTOOYTIxWNsDE79Hc+Bs1yCp2my8cQp6pVliBNSRRGirGeVyHN9bqowYTFX7pOzI+\nnSXK6C0CCwCCKxp6l6jizgMy/M+dmZ1Zlrbj5a+ChwKCAQBGLvaRX4gILp2VBbbn\n2yAr2w+HEtOjDmSxuZGmk7W7BluKz3d7U/9zuQoWcMEuaA/6ACKOk503ugzzcCRK\nVSL5stdndrIv9W8nLYvgzfgzUenMv3FUbTApFEd5A30OmDZxIVtTR7ILsEMqiJ1+\nKIkcGjgmWVSXz5BxA/RDw+Z0OSC18NdGg47jv6FB3GPhRcUgP2w4ExM9bjJNeCdX\nHK8mIQhmIezZsLnUQxAWMaKHtvuV5mp3IR4hY1WPewS1FtbQ4SWkw8ku2FkHYl8v\ntPakZZiRf2eliAYz4nhSWUqW7NeZkgcaJ2JSjGB4Y6aWuzkismwgcL0UThGMd0GE\nVhhRAoIBAA+b6fodgq7XqjFREq/M63YwHKfZZFCg0dPb3I5LbQJMr+m7d5GvBtBo\nXDxiss9OBncU3t+X/LktaKa8uwHZ89fiMcf40ojNmtba0x7rdSvVazuFQEMJEWzM\nw1C+ag7JNsivvK31a5ZMJjyTt/f/07YSzf/1adNz4L6t+pe1OdG1u4adM+T8/s2J\nzxT88wcribZc2tphhvdcNYjGAbawmU2c/9TiiwgGrguwQZ9XwK7TztvefTcnlvZl\nal0dhJ7SA6mSYPRcmrv0nicY+iQpCWnTG8ZrxT8bzM3MPfwYkrIq7+VFmE0FRuLy\nBlK8nNrzZGzXsS5z9bvjTeSP+4wEiRMCggEBALfZCrK3zjxC3kn/exl8jouqLxks\n20BilLLdUG5NlmOxPM6R3Lcu1jQxnKz6hfzjvFeQ0o7omzMeYCLDZv3zPWkL4OdY\npammHJxzR1zYatOe6wKH7ilBeoV/T6J8v4A6JXvW9CBAE5vtGsX/cA9mY3XzZjbY\nUb9Wk1EAScUCfvkit1n+L40Ucp5QaHmbhT2tiXiii0R8bLfKDVNGp3ZZPd/7ZxRR\npPE7bIeElJCb0ExvHf1Sfyc91r32AqiYzR0M+KNv6BdhFBXGuR2kDmRhDuNv9Nw6\ng+45KUOCxDmJeXTUyi0E8oLkoK6ehPAF6IgPuziB2pYkIoy+5NYXF3qm0iE=\n-----END RSA PRIVATE KEY-----\n",
            "content_base64": null,
            "content_base64sha256": "vYjGwyx9+WpHBoIQPbOL20WkaxLOT39IzyuS4kVq3pY=",
            "content_base64sha512": "sH0qRLFu9is6Uu01vSt8qNdawlGE+AmKo5/OfRVRcL7vvDVm+cCjomNu5bt+7U+FjG6HwRRZzVEymNMY+gc49A==",
            "content_md5": "c863ad4d585138594012b358db9ae5c8",
            "content_sha1": "cf59387779a0bff953baf2be10cd12cc01d7909a",
            "content_sha256": "bd88c6c32c7df96a470682103db38bdb45a46b12ce4f7f48cf2b92e2456ade96",
            "content_sha512": "b07d2a44b16ef62b3a52ed35bd2b7ca8d75ac25184f8098aa39fce7d155170beefbc3566f9c0a3a2636ee5bb7eed4f858c6e87c11459cd513298d318fa0738f4",
            "directory_permission": "0777",
            "file_permission": "0400",
            "filename": "./dev-private-key.pem",
            "id": "cf59387779a0bff953baf2be10cd12cc01d7909a",
            "sensitive_content": null,
            "source": null
          },
          "sensitive_attributes": [
            [
              {
                "type": "get_attr",
                "value": "content"
              }
            ],
            [
              {
                "type": "get_attr",
                "value": "sensitive_content"
              }
            ]
          ],
          "identity_schema_version": 0,
          "dependencies": [
            "tls_private_key.ssh"
          ]
        }
      ]
    },
    {
      "mode": "managed",
      "type": "tls_private_key",
      "name": "ssh",
      "provider": "provider[\"registry.terraform.io/hashicorp/tls\"]",
      "instances": [
        {
          "schema_version": 1,
          "attributes": {
            "algorithm": "RSA",
            "ecdsa_curve": "P224",
            "id": "872ef252737dd1da819b4f68e3d27e06664ca43a",
            "private_key_openssh": "-----BEGIN OPENSSH PRIVATE KEY-----\nb3BlbnNzaC1rZXktdjEAAAAABG5vbmUAAAAEbm9uZQAAAAAAAAABAAACFwAAAAdz\nc2gtcnNhAAAAAwEAAQAAAgEAxsmZIj0vzsSYC3erE8VsHxlwCYvIX8CnJWTmxfKr\nyV4q4usOT+iTmpiOZXPp1Um4t4JYpE/E20ug3TFpMpgi64uvz5nG4VmoKHMF6NHm\nQm0Aoy5PiCjIBLYizIEND24XTrvnLnOPIGjuxAr7Atpbkg3vv4XnIxSCCHb3oZw4\nuEEF+eYKeqwnDYqdflNRyCIOb9VJBpIcm4Lz07q7528DHh7wGVa4XGGAoP7B6nnA\nTTGcnkAF7OOrEVButVngcTgbtQdz6x9EPPvVvwOonscT/CbNtXZlLU+ZUcKQRODg\n7AXbopMEBI5sIyang3wkV+nfbLJXiCio65+oF/CJ9ITz3jmBPVEmhGrDo9s+UoST\nLj8x+BV13VnIXDPPF2QAV8G8kUOcQ1hRN9FZ8KpfxpOcODASgoVnAJgLGPito2Bx\nwpfG+QulxOXiVDbhASgFHqXJqumUgViszwt+oU4OZVnZEs9fl8dzzw9cEBhzExqt\nrC9Ce9v9h5UX2q9iq8DYQ9K+mhKh2QEKoA5F0t7eEuCGro9zZwgu1C+KCYLVPevH\nanD0/UUlQoCs1O/Gei3pSrmaI/fEt62Tj3/KsKVo7k08P0ZruSW/jUoGyph2TOFi\nbdr9f04RQCiytfOMRrPJqpBumyQN+kdI4rXUNy26vETrZDsEU09haFhveRGFh853\nqp8AAAc4Rn47/kZ+O/4AAAAHc3NoLXJzYQAAAgEAxsmZIj0vzsSYC3erE8VsHxlw\nCYvIX8CnJWTmxfKryV4q4usOT+iTmpiOZXPp1Um4t4JYpE/E20ug3TFpMpgi64uv\nz5nG4VmoKHMF6NHmQm0Aoy5PiCjIBLYizIEND24XTrvnLnOPIGjuxAr7Atpbkg3v\nv4XnIxSCCHb3oZw4uEEF+eYKeqwnDYqdflNRyCIOb9VJBpIcm4Lz07q7528DHh7w\nGVa4XGGAoP7B6nnATTGcnkAF7OOrEVButVngcTgbtQdz6x9EPPvVvwOonscT/CbN\ntXZlLU+ZUcKQRODg7AXbopMEBI5sIyang3wkV+nfbLJXiCio65+oF/CJ9ITz3jmB\nPVEmhGrDo9s+UoSTLj8x+BV13VnIXDPPF2QAV8G8kUOcQ1hRN9FZ8KpfxpOcODAS\ngoVnAJgLGPito2BxwpfG+QulxOXiVDbhASgFHqXJqumUgViszwt+oU4OZVnZEs9f\nl8dzzw9cEBhzExqtrC9Ce9v9h5UX2q9iq8DYQ9K+mhKh2QEKoA5F0t7eEuCGro9z\nZwgu1C+KCYLVPevHanD0/UUlQoCs1O/Gei3pSrmaI/fEt62Tj3/KsKVo7k08P0Zr\nuSW/jUoGyph2TOFibdr9f04RQCiytfOMRrPJqpBumyQN+kdI4rXUNy26vETrZDsE\nU09haFhveRGFh853qp8AAAADAQABAAACACXYabQQDBMEcKH2RXa9JkmBcUgP+bTp\nG6lN3XWgLr5mlCmhcJccA0Xyd2GvQLxfjbA6O6AEo8jQTC7wYkPEnRlU/cK7Vxa+\nF/qjc2OQ2pKY5/8pKPEWOoZTGqrugssGPZ+6vFemnoAgGhzurj0rzzUuPA+tcYTH\nOb5cz+ZPtKi3kGi0OBiEv+afFj7fo/lDKpZ197ItjQ66TqtnqLB1/RT19OYOEYlc\n8r0z4z09srO/lz61l6sy6PWh54HVO5qygOvlIFeKG1a050u3aZnY8uAVjyJWCQso\nVVswfIDwg0HMF7WK4b/wUXwbttacgtrN5sBt76Y3f3lkav8rx0frK/YzrI18ONYS\nswr0NAJ15Y8wPsBsi3Xns9ax65seYe3cgjTFPnSVoKRMc1rX1Z0cNDGogmBqs1Tk\ngO82TXJAtwTOwcUJbn14MaT/1IRg8OXqzG6vwVQQoOBvxQ5B0ouUwkSaz4GUKZ1k\nDuDY6eXN9HDMUpp6RiLUrvB+xs5KYS8EZBXI1Ab8XE7+qCgTB6rAxfKNrVn98OWh\nooAbxvUftLp0B4m83Q8FVo1nVfRSPLf1z+3lRjxTL96FMoErOy6hrykyDcgJOYcV\nsKp3RA/5/XdIT3VCbMrfco4WWpdtU17oQftA0haYBSB4/R6BU3tZ1bZHjvd3wqIi\n+lXZXzOx1WsxAAABAQC32Qqyt848Qt5J/3sZfI6Lqi8ZLNtAYpSy3VBuTZZjsTzO\nkdy3LtY0MZys+oX847xXkNKO6JszHmAiw2b98z1pC+DnWKWpphycc0dc2GrTnusC\nh+4pQXqFf0+ifL+AOiV71vQgQBOb7RrF/3APZmN182Y22FG/VpNRAEnFAn75IrdZ\n/i+NFHKeUGh5m4U9rYl4ootEfGy3yg1TRqd2WT3f+2cUUaTxO2yHhJSQm9BMbx39\nUn8nPda99gKomM0dDPijb+gXYRQVxrkdpA5kYQ7jb/TcOoPuOSlDgsQ5iXl01Mot\nBPKC5KCunoTwBeiID7s4gdqWJCKMvuTWFxd6ptIhAAABAQDPGLK1T3qRWsda+xbF\nZoP85u9D6tKhh8zqqAAvpHwCQpsQ1w/Sw7/RcHLjeHIlrrKW/w+vHDDpAg87X4zb\nelsLbpiucNa+Rb9GbxpgVdwZSkP9brMp9juAhhSri8rRhHMYLhCDV8beTO/Hs+0s\nxMTsX9sfTK8fDcPucDw12luFQ0FjxE69kmCsyStVSnUI2SNFU2MNM3f+ucFilBmI\nrftImFCsvMoq5WorQdHFU+WkrscAOwThxev5GeBEDuTqEllNhpZq708rkGxvzHAP\nWtTiVX2OuAUJSVPXb16v0X2SCDxhNXeHvWIchjON+5uzwztKYspMFXTdtfnlruCe\n3+UpAAABAQD1upvzbHaVFUd0fHbcP2qjLd1wG1BARQZArDWCbYopDzO+Ckm9n3wf\nMDCA032CevldfeAsspkxJFUd6NzMtiB1dMG3eVvpIfv4Oyfk2uy1caUrYhHZ1Rr8\n4Bd13hrDIzWtoUKUVHcJBf9uAp3GzEQBoW0y8UonVojMFPx5v0dzxA7Hp5pM7B/j\nAyyh2rxNZPdSvpViOr+MGCkjdDE89brkxtZ7/sPVDzGGgZZUFeS7dtlM45hMjFY2\nwMTv0dz4GzXIKnabLxxCnqlWWIE1JFEaKsZ5XIc31uqjBhMVfuk7Mj6dJcroLQIL\nAIIrGnqXqOLOAzL8z52ZnVmWtuPlr4KHAAAAAAEC\n-----END OPENSSH PRIVATE KEY-----\n",
            "private_key_pem": "-----BEGIN RSA PRIVATE KEY-----\nMIIJKAIBAAKCAgEAxsmZIj0vzsSYC3erE8VsHxlwCYvIX8CnJWTmxfKryV4q4usO\nT+iTmpiOZXPp1Um4t4JYpE/E20ug3TFpMpgi64uvz5nG4VmoKHMF6NHmQm0Aoy5P\niCjIBLYizIEND24XTrvnLnOPIGjuxAr7Atpbkg3vv4XnIxSCCHb3oZw4uEEF+eYK\neqwnDYqdflNRyCIOb9VJBpIcm4Lz07q7528DHh7wGVa4XGGAoP7B6nnATTGcnkAF\n7OOrEVButVngcTgbtQdz6x9EPPvVvwOonscT/CbNtXZlLU+ZUcKQRODg7AXbopME\nBI5sIyang3wkV+nfbLJXiCio65+oF/CJ9ITz3jmBPVEmhGrDo9s+UoSTLj8x+BV1\n3VnIXDPPF2QAV8G8kUOcQ1hRN9FZ8KpfxpOcODASgoVnAJgLGPito2BxwpfG+Qul\nxOXiVDbhASgFHqXJqumUgViszwt+oU4OZVnZEs9fl8dzzw9cEBhzExqtrC9Ce9v9\nh5UX2q9iq8DYQ9K+mhKh2QEKoA5F0t7eEuCGro9zZwgu1C+KCYLVPevHanD0/UUl\nQoCs1O/Gei3pSrmaI/fEt62Tj3/KsKVo7k08P0ZruSW/jUoGyph2TOFibdr9f04R\nQCiytfOMRrPJqpBumyQN+kdI4rXUNy26vETrZDsEU09haFhveRGFh853qp8CAwEA\nAQKCAgAl2Gm0EAwTBHCh9kV2vSZJgXFID/m06RupTd11oC6+ZpQpoXCXHANF8ndh\nr0C8X42wOjugBKPI0Ewu8GJDxJ0ZVP3Cu1cWvhf6o3NjkNqSmOf/KSjxFjqGUxqq\n7oLLBj2furxXpp6AIBoc7q49K881LjwPrXGExzm+XM/mT7Sot5BotDgYhL/mnxY+\n36P5QyqWdfeyLY0Ouk6rZ6iwdf0U9fTmDhGJXPK9M+M9PbKzv5c+tZerMuj1oeeB\n1TuasoDr5SBXihtWtOdLt2mZ2PLgFY8iVgkLKFVbMHyA8INBzBe1iuG/8FF8G7bW\nnILazebAbe+mN395ZGr/K8dH6yv2M6yNfDjWErMK9DQCdeWPMD7AbIt157PWseub\nHmHt3II0xT50laCkTHNa19WdHDQxqIJgarNU5IDvNk1yQLcEzsHFCW59eDGk/9SE\nYPDl6sxur8FUEKDgb8UOQdKLlMJEms+BlCmdZA7g2OnlzfRwzFKaekYi1K7wfsbO\nSmEvBGQVyNQG/FxO/qgoEweqwMXyja1Z/fDloaKAG8b1H7S6dAeJvN0PBVaNZ1X0\nUjy39c/t5UY8Uy/ehTKBKzsuoa8pMg3ICTmHFbCqd0QP+f13SE91QmzK33KOFlqX\nbVNe6EH7QNIWmAUgeP0egVN7WdW2R473d8KiIvpV2V8zsdVrMQKCAQEAzxiytU96\nkVrHWvsWxWaD/ObvQ+rSoYfM6qgAL6R8AkKbENcP0sO/0XBy43hyJa6ylv8Prxww\n6QIPO1+M23pbC26YrnDWvkW/Rm8aYFXcGUpD/W6zKfY7gIYUq4vK0YRzGC4Qg1fG\n3kzvx7PtLMTE7F/bH0yvHw3D7nA8NdpbhUNBY8ROvZJgrMkrVUp1CNkjRVNjDTN3\n/rnBYpQZiK37SJhQrLzKKuVqK0HRxVPlpK7HADsE4cXr+RngRA7k6hJZTYaWau9P\nK5Bsb8xwD1rU4lV9jrgFCUlT129er9F9kgg8YTV3h71iHIYzjfubs8M7SmLKTBV0\n3bX55a7gnt/lKQKCAQEA9bqb82x2lRVHdHx23D9qoy3dcBtQQEUGQKw1gm2KKQ8z\nvgpJvZ98HzAwgNN9gnr5XX3gLLKZMSRVHejczLYgdXTBt3lb6SH7+Dsn5NrstXGl\nK2IR2dUa/OAXdd4awyM1raFClFR3CQX/bgKdxsxEAaFtMvFKJ1aIzBT8eb9Hc8QO\nx6eaTOwf4wMsodq8TWT3Ur6VYjq/jBgpI3QxPPW65MbWe/7D1Q8xhoGWVBXku3bZ\nTOOYTIxWNsDE79Hc+Bs1yCp2my8cQp6pVliBNSRRGirGeVyHN9bqowYTFX7pOzI+\nnSXK6C0CCwCCKxp6l6jizgMy/M+dmZ1Zlrbj5a+ChwKCAQBGLvaRX4gILp2VBbbn\n2yAr2w+HEtOjDmSxuZGmk7W7BluKz3d7U/9zuQoWcMEuaA/6ACKOk503ugzzcCRK\nVSL5stdndrIv9W8nLYvgzfgzUenMv3FUbTApFEd5A30OmDZxIVtTR7ILsEMqiJ1+\nKIkcGjgmWVSXz5BxA/RDw+Z0OSC18NdGg47jv6FB3GPhRcUgP2w4ExM9bjJNeCdX\nHK8mIQhmIezZsLnUQxAWMaKHtvuV5mp3IR4hY1WPewS1FtbQ4SWkw8ku2FkHYl8v\ntPakZZiRf2eliAYz4nhSWUqW7NeZkgcaJ2JSjGB4Y6aWuzkismwgcL0UThGMd0GE\nVhhRAoIBAA+b6fodgq7XqjFREq/M63YwHKfZZFCg0dPb3I5LbQJMr+m7d5GvBtBo\nXDxiss9OBncU3t+X/LktaKa8uwHZ89fiMcf40ojNmtba0x7rdSvVazuFQEMJEWzM\nw1C+ag7JNsivvK31a5ZMJjyTt/f/07YSzf/1adNz4L6t+pe1OdG1u4adM+T8/s2J\nzxT88wcribZc2tphhvdcNYjGAbawmU2c/9TiiwgGrguwQZ9XwK7TztvefTcnlvZl\nal0dhJ7SA6mSYPRcmrv0nicY+iQpCWnTG8ZrxT8bzM3MPfwYkrIq7+VFmE0FRuLy\nBlK8nNrzZGzXsS5z9bvjTeSP+4wEiRMCggEBALfZCrK3zjxC3kn/exl8jouqLxks\n20BilLLdUG5NlmOxPM6R3Lcu1jQxnKz6hfzjvFeQ0o7omzMeYCLDZv3zPWkL4OdY\npammHJxzR1zYatOe6wKH7ilBeoV/T6J8v4A6JXvW9CBAE5vtGsX/cA9mY3XzZjbY\nUb9Wk1EAScUCfvkit1n+L40Ucp5QaHmbhT2tiXiii0R8bLfKDVNGp3ZZPd/7ZxRR\npPE7bIeElJCb0ExvHf1Sfyc91r32AqiYzR0M+KNv6BdhFBXGuR2kDmRhDuNv9Nw6\ng+45KUOCxDmJeXTUyi0E8oLkoK6ehPAF6IgPuziB2pYkIoy+5NYXF3qm0iE=\n-----END RSA PRIVATE KEY-----\n",
            "private_key_pem_pkcs8": "-----BEGIN PRIVATE KEY-----\nMIIJQgIBADANBgkqhkiG9w0BAQEFAASCCSwwggkoAgEAAoICAQDGyZkiPS/OxJgL\nd6sTxWwfGXAJi8hfwKclZObF8qvJXiri6w5P6JOamI5lc+nVSbi3glikT8TbS6Dd\nMWkymCLri6/PmcbhWagocwXo0eZCbQCjLk+IKMgEtiLMgQ0PbhdOu+cuc48gaO7E\nCvsC2luSDe+/hecjFIIIdvehnDi4QQX55gp6rCcNip1+U1HIIg5v1UkGkhybgvPT\nurvnbwMeHvAZVrhcYYCg/sHqecBNMZyeQAXs46sRUG61WeBxOBu1B3PrH0Q8+9W/\nA6iexxP8Js21dmUtT5lRwpBE4ODsBduikwQEjmwjJqeDfCRX6d9ssleIKKjrn6gX\n8In0hPPeOYE9USaEasOj2z5ShJMuPzH4FXXdWchcM88XZABXwbyRQ5xDWFE30Vnw\nql/Gk5w4MBKChWcAmAsY+K2jYHHCl8b5C6XE5eJUNuEBKAUepcmq6ZSBWKzPC36h\nTg5lWdkSz1+Xx3PPD1wQGHMTGq2sL0J72/2HlRfar2KrwNhD0r6aEqHZAQqgDkXS\n3t4S4Iauj3NnCC7UL4oJgtU968dqcPT9RSVCgKzU78Z6LelKuZoj98S3rZOPf8qw\npWjuTTw/Rmu5Jb+NSgbKmHZM4WJt2v1/ThFAKLK184xGs8mqkG6bJA36R0jitdQ3\nLbq8ROtkOwRTT2FoWG95EYWHzneqnwIDAQABAoICACXYabQQDBMEcKH2RXa9JkmB\ncUgP+bTpG6lN3XWgLr5mlCmhcJccA0Xyd2GvQLxfjbA6O6AEo8jQTC7wYkPEnRlU\n/cK7Vxa+F/qjc2OQ2pKY5/8pKPEWOoZTGqrugssGPZ+6vFemnoAgGhzurj0rzzUu\nPA+tcYTHOb5cz+ZPtKi3kGi0OBiEv+afFj7fo/lDKpZ197ItjQ66TqtnqLB1/RT1\n9OYOEYlc8r0z4z09srO/lz61l6sy6PWh54HVO5qygOvlIFeKG1a050u3aZnY8uAV\njyJWCQsoVVswfIDwg0HMF7WK4b/wUXwbttacgtrN5sBt76Y3f3lkav8rx0frK/Yz\nrI18ONYSswr0NAJ15Y8wPsBsi3Xns9ax65seYe3cgjTFPnSVoKRMc1rX1Z0cNDGo\ngmBqs1TkgO82TXJAtwTOwcUJbn14MaT/1IRg8OXqzG6vwVQQoOBvxQ5B0ouUwkSa\nz4GUKZ1kDuDY6eXN9HDMUpp6RiLUrvB+xs5KYS8EZBXI1Ab8XE7+qCgTB6rAxfKN\nrVn98OWhooAbxvUftLp0B4m83Q8FVo1nVfRSPLf1z+3lRjxTL96FMoErOy6hryky\nDcgJOYcVsKp3RA/5/XdIT3VCbMrfco4WWpdtU17oQftA0haYBSB4/R6BU3tZ1bZH\njvd3wqIi+lXZXzOx1WsxAoIBAQDPGLK1T3qRWsda+xbFZoP85u9D6tKhh8zqqAAv\npHwCQpsQ1w/Sw7/RcHLjeHIlrrKW/w+vHDDpAg87X4zbelsLbpiucNa+Rb9Gbxpg\nVdwZSkP9brMp9juAhhSri8rRhHMYLhCDV8beTO/Hs+0sxMTsX9sfTK8fDcPucDw1\n2luFQ0FjxE69kmCsyStVSnUI2SNFU2MNM3f+ucFilBmIrftImFCsvMoq5WorQdHF\nU+WkrscAOwThxev5GeBEDuTqEllNhpZq708rkGxvzHAPWtTiVX2OuAUJSVPXb16v\n0X2SCDxhNXeHvWIchjON+5uzwztKYspMFXTdtfnlruCe3+UpAoIBAQD1upvzbHaV\nFUd0fHbcP2qjLd1wG1BARQZArDWCbYopDzO+Ckm9n3wfMDCA032CevldfeAsspkx\nJFUd6NzMtiB1dMG3eVvpIfv4Oyfk2uy1caUrYhHZ1Rr84Bd13hrDIzWtoUKUVHcJ\nBf9uAp3GzEQBoW0y8UonVojMFPx5v0dzxA7Hp5pM7B/jAyyh2rxNZPdSvpViOr+M\nGCkjdDE89brkxtZ7/sPVDzGGgZZUFeS7dtlM45hMjFY2wMTv0dz4GzXIKnabLxxC\nnqlWWIE1JFEaKsZ5XIc31uqjBhMVfuk7Mj6dJcroLQILAIIrGnqXqOLOAzL8z52Z\nnVmWtuPlr4KHAoIBAEYu9pFfiAgunZUFtufbICvbD4cS06MOZLG5kaaTtbsGW4rP\nd3tT/3O5ChZwwS5oD/oAIo6TnTe6DPNwJEpVIvmy12d2si/1bycti+DN+DNR6cy/\ncVRtMCkUR3kDfQ6YNnEhW1NHsguwQyqInX4oiRwaOCZZVJfPkHED9EPD5nQ5ILXw\n10aDjuO/oUHcY+FFxSA/bDgTEz1uMk14J1ccryYhCGYh7NmwudRDEBYxooe2+5Xm\nanchHiFjVY97BLUW1tDhJaTDyS7YWQdiXy+09qRlmJF/Z6WIBjPieFJZSpbs15mS\nBxonYlKMYHhjppa7OSKybCBwvRROEYx3QYRWGFECggEAD5vp+h2CrteqMVESr8zr\ndjAcp9lkUKDR09vcjkttAkyv6bt3ka8G0GhcPGKyz04GdxTe35f8uS1opry7Adnz\n1+Ixx/jSiM2a1trTHut1K9VrO4VAQwkRbMzDUL5qDsk2yK+8rfVrlkwmPJO39//T\nthLN//Vp03Pgvq36l7U50bW7hp0z5Pz+zYnPFPzzByuJtlza2mGG91w1iMYBtrCZ\nTZz/1OKLCAauC7BBn1fArtPO2959NyeW9mVqXR2EntIDqZJg9Fyau/SeJxj6JCkJ\nadMbxmvFPxvMzcw9/BiSsirv5UWYTQVG4vIGUryc2vNkbNexLnP1u+NN5I/7jASJ\nEwKCAQEAt9kKsrfOPELeSf97GXyOi6ovGSzbQGKUst1Qbk2WY7E8zpHcty7WNDGc\nrPqF/OO8V5DSjuibMx5gIsNm/fM9aQvg51ilqaYcnHNHXNhq057rAofuKUF6hX9P\nony/gDole9b0IEATm+0axf9wD2ZjdfNmNthRv1aTUQBJxQJ++SK3Wf4vjRRynlBo\neZuFPa2JeKKLRHxst8oNU0andlk93/tnFFGk8Ttsh4SUkJvQTG8d/VJ/Jz3WvfYC\nqJjNHQz4o2/oF2EUFca5HaQOZGEO42/03DqD7jkpQ4LEOYl5dNTKLQTyguSgrp6E\n8AXoiA+7OIHaliQijL7k1hcXeqbSIQ==\n-----END PRIVATE KEY-----\n",
            "public_key_fingerprint_md5": "31:19:af:de:72:95:f2:16:11:0e:20:c7:93:85:75:cf",
            "public_key_fingerprint_sha256": "SHA256:j7OjwICI7h9XSYle3asA1HX0N8vKYiDj/X7aIozdjA8",
            "public_key_openssh": "ssh-rsa AAAAB3NzaC1yc2EAAAADAQABAAACAQDGyZkiPS/OxJgLd6sTxWwfGXAJi8hfwKclZObF8qvJXiri6w5P6JOamI5lc+nVSbi3glikT8TbS6DdMWkymCLri6/PmcbhWagocwXo0eZCbQCjLk+IKMgEtiLMgQ0PbhdOu+cuc48gaO7ECvsC2luSDe+/hecjFIIIdvehnDi4QQX55gp6rCcNip1+U1HIIg5v1UkGkhybgvPTurvnbwMeHvAZVrhcYYCg/sHqecBNMZyeQAXs46sRUG61WeBxOBu1B3PrH0Q8+9W/A6iexxP8Js21dmUtT5lRwpBE4ODsBduikwQEjmwjJqeDfCRX6d9ssleIKKjrn6gX8In0hPPeOYE9USaEasOj2z5ShJMuPzH4FXXdWchcM88XZABXwbyRQ5xDWFE30Vnwql/Gk5w4MBKChWcAmAsY+K2jYHHCl8b5C6XE5eJUNuEBKAUepcmq6ZSBWKzPC36hTg5lWdkSz1+Xx3PPD1wQGHMTGq2sL0J72/2HlRfar2KrwNhD0r6aEqHZAQqgDkXS3t4S4Iauj3NnCC7UL4oJgtU968dqcPT9RSVCgKzU78Z6LelKuZoj98S3rZOPf8qwpWjuTTw/Rmu5Jb+NSgbKmHZM4WJt2v1/ThFAKLK184xGs8mqkG6bJA36R0jitdQ3Lbq8ROtkOwRTT2FoWG95EYWHzneqnw==\n",
            "public_key_pem": "-----BEGIN PUBLIC KEY-----\nMIICIjANBgkqhkiG9w0BAQEFAAOCAg8AMIICCgKCAgEAxsmZIj0vzsSYC3erE8Vs\nHxlwCYvIX8CnJWTmxfKryV4q4usOT+iTmpiOZXPp1Um4t4JYpE/E20ug3TFpMpgi\n64uvz5nG4VmoKHMF6NHmQm0Aoy5PiCjIBLYizIEND24XTrvnLnOPIGjuxAr7Atpb\nkg3vv4XnIxSCCHb3oZw4uEEF+eYKeqwnDYqdflNRyCIOb9VJBpIcm4Lz07q7528D\nHh7wGVa4XGGAoP7B6nnATTGcnkAF7OOrEVButVngcTgbtQdz6x9EPPvVvwOonscT\n/CbNtXZlLU+ZUcKQRODg7AXbopMEBI5sIyang3wkV+nfbLJXiCio65+oF/CJ9ITz\n3jmBPVEmhGrDo9s+UoSTLj8x+BV13VnIXDPPF2QAV8G8kUOcQ1hRN9FZ8KpfxpOc\nODASgoVnAJgLGPito2BxwpfG+QulxOXiVDbhASgFHqXJqumUgViszwt+oU4OZVnZ\nEs9fl8dzzw9cEBhzExqtrC9Ce9v9h5UX2q9iq8DYQ9K+mhKh2QEKoA5F0t7eEuCG\nro9zZwgu1C+KCYLVPevHanD0/UUlQoCs1O/Gei3pSrmaI/fEt62Tj3/KsKVo7k08\nP0ZruSW/jUoGyph2TOFibdr9f04RQCiytfOMRrPJqpBumyQN+kdI4rXUNy26vETr\nZDsEU09haFhveRGFh853qp8CAwEAAQ==\n-----END PUBLIC KEY-----\n",
            "rsa_bits": 4096
          },
          "sensitive_attributes": [
            [
              {
                "type": "get_attr",
                "value": "private_key_openssh"
              }
            ],
            [
              {
                "type": "get_attr",
                "value": "private_key_pem"
              }
            ],
            [
              {
                "type": "get_attr",
                "value": "private_key_pem_pkcs8"
              }
            ]
          ],
          "identity_schema_version": 0
        }
      ]
    }
  ],
  "check_results": [
    {
      "object_kind": "var",
      "config_addr": "var.environment",
      "status": "pass",
      "objects": [
        {
          "object_addr": "var.environment",
          "status": "pass"
        }
      ]
    }
  ]
}
