{
  "version": 4,
  "terraform_version": "1.14.9",
  "serial": 160,
  "lineage": "7b541531-4968-40fc-3061-60538bb0985d",
  "outputs": {
    "bastion_server": {
      "value": {
        "id": "i-015c09554086ad6ff",
        "private_ip": "10.0.0.195",
        "public_ip": "52.59.203.244"
      },
      "type": [
        "object",
        {
          "id": "string",
          "private_ip": "string",
          "public_ip": "string"
        }
      ]
    },
    "configuration_summary": {
      "value": {
        "aws_region": "eu-central-1",
        "docker_host": "unix:///var/run/docker.sock",
        "environment": "dev",
        "instance_count": 1,
        "instance_type": "t3.micro",
        "jenkins_port": 8080,
        "vpc_cidr": "10.0.0.0/16"
      },
      "type": [
        "object",
        {
          "aws_region": "string",
          "docker_host": "string",
          "environment": "string",
          "instance_count": "number",
          "instance_type": "string",
          "jenkins_port": "number",
          "vpc_cidr": "string"
        }
      ]
    },
    "data_sources_info": {
      "value": {
        "account_id": "719429929507",
        "available_azs": [
          "eu-central-1a",
          "eu-central-1b",
          "eu-central-1c"
        ],
        "region": "eu-central-1",
        "ubuntu_ami_id": "ami-0b3a21dbff1fffb4c",
        "ubuntu_ami_name": "ubuntu/images/hvm-ssd/ubuntu-jammy-22.04-amd64-server-20260430"
      },
      "type": [
        "object",
        {
          "account_id": "string",
          "available_azs": [
            "list",
            "string"
          ],
          "region": "string",
          "ubuntu_ami_id": "string",
          "ubuntu_ami_name": "string"
        }
      ]
    },
    "ec2_instances": {
      "value": {
        "count": 1,
        "instance_type": "t3.micro",
        "instances": [
          {
            "az": "eu-central-1a",
            "id": "i-0f9267a299c96e949",
            "index": 1,
            "private_ip": "10.0.10.18",
            "subnet": "subnet-0554613450802fa9f"
          }
        ]
      },
      "type": [
        "object",
        {
          "count": "number",
          "instance_type": "string",
          "instances": [
            "tuple",
            [
              [
                "object",
                {
                  "az": "string",
                  "id": "string",
                  "index": "number",
                  "private_ip": "string",
                  "subnet": "string"
                }
              ]
            ]
          ]
        }
      ]
    },
    "iam_info": {
      "value": {
        "developers_group": "dev-developers",
        "instance_profile": "dev-ec2-profile",
        "policy_arn": "arn:aws:iam::719429929507:policy/dev-app-policy",
        "role_arn": "arn:aws:iam::719429929507:role/dev-ec2-role",
        "role_name": "dev-ec2-role",
        "users": [
          "dev-jenkins-deployer",
          "dev-developer",
          "dev-viewer"
        ]
      },
      "type": [
        "object",
        {
          "developers_group": "string",
          "instance_profile": "string",
          "policy_arn": "string",
          "role_arn": "string",
          "role_name": "string",
          "users": [
            "tuple",
            [
              "string",
              "string",
              "string"
            ]
          ]
        }
      ]
    },
    "jenkins_info": {
      "value": {
        "container_id": "5b4beaf8d323a3e44b39409de40b001b52575673d9d446b1442a00881fc9d008",
        "container_name": "dev-jenkins",
        "network": "dev-jenkins-network",
        "url": "http://localhost:8080",
        "volume": "dev-jenkins-data"
      },
      "type": [
        "object",
        {
          "container_id": "string",
          "container_name": "string",
          "network": "string",
          "url": "string",
          "volume": "string"
        }
      ]
    },
    "lab_integration_guide": {
      "value": "\n═══════════════════════════════════════════════════════════\n   КАК ВСЕ 6 ЛАБ РАБОТАЮТ ВМЕСТЕ\n═══════════════════════════════════════════════════════════\n\nLab 6 (Data Sources):\n  → Получаем AMI Ubuntu и информацию о регионе\n  → Используется для создания EC2 инстансов\n\nLab 5 (VPC + Dynamic Blocks):\n  → Создаем изолированную сеть (VPC)\n  → Публичная подсеть для Bastion\n  → Приватные подсети для приложений\n  → Security Groups с динамическими правилами\n\nLab 4 (IAM):\n  → Роли и политики для EC2\n  → Пользователи и группы для команды\n  → EC2 имеет доступ к S3\n\nLab 2 (EC2):\n  → Приватные серверы приложений\n  → Публичный Bastion для SSH доступа\n  → Подключаются к VPC Lab 5\n\nLab 1 (Docker + Jenkins):\n  → Jenkins работает локально в Docker\n  → Может деплоить на EC2 через SSH\n  → Хранит артефакты в S3\n\nLab 3 (Variables):\n  → Все параметры в variables.tf\n  → Гибкая конфигурация через окружения\n  → Outputs для всей информации\n\n═══════════════════════════════════════════════════════════\n   ДОСТУП К РЕСУРСАМ\n═══════════════════════════════════════════════════════════\n\nJenkins UI:        http://localhost:8080\nBastion SSH:       ssh -i ./dev-private-key.pem ubuntu@52.59.203.244\nПриватные серверы: Через Bastion: ssh -J ubuntu@52.59.203.244 ubuntu@\u003cprivate_ip\u003e\nS3 Bucket:         dev-app-bucket-719429929507\n\n═══════════════════════════════════════════════════════════\n",
      "type": "string"
    },
    "s3_bucket": {
      "value": {
        "bucket_arn": "arn:aws:s3:::dev-app-bucket-719429929507",
        "bucket_name": "dev-app-bucket-719429929507"
      },
      "type": [
        "object",
        {
          "bucket_arn": "string",
          "bucket_name": "string"
        }
      ]
    },
    "security_groups_info": {
      "value": {
        "app_sg_id": "sg-09160a445cd0390d8",
        "app_sg_rules": [
          {
            "cidr_blocks": [
              "0.0.0.0/0"
            ],
            "description": "SSH access",
            "port": 22,
            "protocol": "tcp"
          },
          {
            "cidr_blocks": [
              "0.0.0.0/0"
            ],
            "description": "HTTP access for application",
            "port": 80,
            "protocol": "tcp"
          },
          {
            "cidr_blocks": [
              "0.0.0.0/0"
            ],
            "description": "HTTPS access",
            "port": 443,
            "protocol": "tcp"
          },
          {
            "cidr_blocks": [
              "10.0.0.0/16"
            ],
            "description": "Jenkins agent port (inside VPC)",
            "port": 8080,
            "protocol": "tcp"
          }
        ],
        "jenkins_sg_id": "sg-01941a4ed1fa672f8"
      },
      "type": [
        "object",
        {
          "app_sg_id": "string",
          "app_sg_rules": [
            "tuple",
            [
              [
                "object",
                {
                  "cidr_blocks": [
                    "list",
                    "string"
                  ],
                  "description": "string",
                  "port": "number",
                  "protocol": "string"
                }
              ],
              [
                "object",
                {
                  "cidr_blocks": [
                    "list",
                    "string"
                  ],
                  "description": "string",
                  "port": "number",
                  "protocol": "string"
                }
              ],
              [
                "object",
                {
                  "cidr_blocks": [
                    "list",
                    "string"
                  ],
                  "description": "string",
                  "port": "number",
                  "protocol": "string"
                }
              ],
              [
                "object",
                {
                  "cidr_blocks": [
                    "list",
                    "string"
                  ],
                  "description": "string",
                  "port": "number",
                  "protocol": "string"
                }
              ]
            ]
          ],
          "jenkins_sg_id": "string"
        }
      ]
    },
    "ssh_commands": {
      "value": "\n================================================================================\n                         SSH ACCESS COMMANDS\n================================================================================\n\nKEY FILE LOCATION:\n  ./dev-private-key.pem\n\nBASTION SSH (run from: terraform/labs/lab-complete):\n  ssh -i dev-private-key.pem ubuntu@52.59.203.244\n\nOR from project root:\n  ssh -i terraform/labs/lab-complete/dev-private-key.pem ubuntu@52.59.203.244\n\nPRIVATE EC2 VIA BASTION:\n  ssh -i dev-private-key.pem -J ubuntu@52.59.203.244 ubuntu@10.0.10.18\n\nPOWERSHELL (Windows):\n  ssh -i .\\dev-private-key.pem ubuntu@52.59.203.244\n\n================================================================================\n",
      "type": "string"
    },
    "ssh_key": {
      "value": {
        "key_name": "dev-key",
        "private_key_file": "./dev-private-key.pem"
      },
      "type": [
        "object",
        {
          "key_name": "string",
          "private_key_file": "string"
        }
      ],
      "sensitive": true
    },
    "subnets_info": {
      "value": {
        "private_subnet_cidrs": [
          "10.0.10.0/24",
          "10.0.11.0/24"
        ],
        "private_subnet_ids": [
          "subnet-0554613450802fa9f",
          "subnet-0a100cf885a1a9c68"
        ],
        "public_subnet_cidrs": [
          "10.0.0.0/24",
          "10.0.1.0/24"
        ],
        "public_subnet_ids": [
          "subnet-0a940826ad06151c1",
          "subnet-01b5d7102d1974588"
        ]
      },
      "type": [
        "object",
        {
          "private_subnet_cidrs": [
            "tuple",
            [
              "string",
              "string"
            ]
          ],
          "private_subnet_ids": [
            "tuple",
            [
              "string",
              "string"
            ]
          ],
          "public_subnet_cidrs": [
            "tuple",
            [
              "string",
              "string"
            ]
          ],
          "public_subnet_ids": [
            "tuple",
            [
              "string",
              "string"
            ]
          ]
        }
      ]
    },
    "vpc_info": {
      "value": {
        "internet_gateway_id": "igw-030937192a94fb136",
        "nat_gateway_eip": "3.65.85.190",
        "nat_gateway_id": "nat-0c9dd1094ab8f7bd9",
        "vpc_cidr": "10.0.0.0/16",
        "vpc_id": "vpc-061e597c83a826059"
      },
      "type": [
        "object",
        {
          "internet_gateway_id": "string",
          "nat_gateway_eip": "string",
          "nat_gateway_id": "string",
          "vpc_cidr": "string",
          "vpc_id": "string"
        }
      ]
    }
  },
  "resources": [
    {
      "mode": "data",
      "type": "aws_ami",
      "name": "ubuntu",
      "provider": "provider[\"registry.terraform.io/hashicorp/aws\"]",
      "instances": [
        {
          "schema_version": 0,
          "attributes": {
            "architecture": "x86_64",
            "arn": "arn:aws:ec2:eu-central-1::image/ami-0b3a21dbff1fffb4c",
            "block_device_mappings": [
              {
                "device_name": "/dev/sda1",
                "ebs": {
                  "delete_on_termination": "true",
                  "encrypted": "false",
                  "iops": "0",
                  "snapshot_id": "snap-0803d2d99400ded00",
                  "throughput": "0",
                  "volume_size": "8",
                  "volume_type": "gp2"
                },
                "no_device": "",
                "virtual_name": ""
              },
              {
                "device_name": "/dev/sdb",
                "ebs": {},
                "no_device": "",
                "virtual_name": "ephemeral0"
              },
              {
                "device_name": "/dev/sdc",
                "ebs": {},
                "no_device": "",
                "virtual_name": "ephemeral1"
              }
            ],
            "boot_mode": "uefi-preferred",
            "creation_date": "2026-04-30T06:54:51.000Z",
            "deprecation_time": "2028-04-30T06:54:51.000Z",
            "description": "Canonical, Ubuntu, 22.04, amd64 jammy image",
            "ena_support": true,
            "executable_users": null,
            "filter": [
              {
                "name": "name",
                "values": [
                  "ubuntu/images/hvm-ssd/ubuntu-jammy-22.04-amd64-server-*"
                ]
              },
              {
                "name": "virtualization-type",
                "values": [
                  "hvm"
                ]
              }
            ],
            "hypervisor": "xen",
            "id": "ami-0b3a21dbff1fffb4c",
            "image_id": "ami-0b3a21dbff1fffb4c",
            "image_location": "amazon/ubuntu/images/hvm-ssd/ubuntu-jammy-22.04-amd64-server-20260430",
            "image_owner_alias": "amazon",
            "image_type": "machine",
            "imds_support": "",
            "include_deprecated": false,
            "kernel_id": "",
            "most_recent": true,
            "name": "ubuntu/images/hvm-ssd/ubuntu-jammy-22.04-amd64-server-20260430",
            "name_regex": null,
            "owner_id": "099720109477",
            "owners": [
              "099720109477"
            ],
            "platform": "",
            "platform_details": "Linux/UNIX",
            "product_codes": [],
            "public": true,
            "ramdisk_id": "",
            "root_device_name": "/dev/sda1",
            "root_device_type": "ebs",
            "root_snapshot_id": "snap-0803d2d99400ded00",
            "sriov_net_support": "simple",
            "state": "available",
            "state_reason": {
              "code": "UNSET",
              "message": "UNSET"
            },
            "tags": {},
            "timeouts": null,
            "tpm_support": "",
            "usage_operation": "RunInstances",
            "virtualization_type": "hvm"
          },
          "sensitive_attributes": [],
          "identity_schema_version": 0
        }
      ]
    },
    {
      "mode": "data",
      "type": "aws_availability_zones",
      "name": "available",
      "provider": "provider[\"registry.terraform.io/hashicorp/aws\"]",
      "instances": [
        {
          "schema_version": 0,
          "attributes": {
            "all_availability_zones": null,
            "exclude_names": null,
            "exclude_zone_ids": null,
            "filter": null,
            "group_names": [
              "eu-central-1-zg-1"
            ],
            "id": "eu-central-1",
            "names": [
              "eu-central-1a",
              "eu-central-1b",
              "eu-central-1c"
            ],
            "state": "available",
            "timeouts": null,
            "zone_ids": [
              "euc1-az2",
              "euc1-az3",
              "euc1-az1"
            ]
          },
          "sensitive_attributes": [],
          "identity_schema_version": 0
        }
      ]
    },
    {
      "mode": "data",
      "type": "aws_caller_identity",
      "name": "current",
      "provider": "provider[\"registry.terraform.io/hashicorp/aws\"]",
      "instances": [
        {
          "schema_version": 0,
          "attributes": {
            "account_id": "719429929507",
            "arn": "arn:aws:iam::719429929507:user/Akira",
            "id": "719429929507",
            "user_id": "AIDA2PAK5RIRZUNYQZCDD"
          },
          "sensitive_attributes": [],
          "identity_schema_version": 0
        }
      ]
    },
    {
      "mode": "data",
      "type": "aws_iam_policy_document",
      "name": "app_policy",
      "provider": "provider[\"registry.terraform.io/hashicorp/aws\"]",
      "instances": [
        {
          "schema_version": 0,
          "attributes": {
            "id": "3471919420",
            "json": "{\n  \"Version\": \"2012-10-17\",\n  \"Statement\": [\n    {\n      \"Sid\": \"S3Access\",\n      \"Effect\": \"Allow\",\n      \"Action\": [\n        \"s3:ListBucket\",\n        \"s3:GetObject\"\n      ],\n      \"Resource\": [\n        \"arn:aws:s3:::dev-app-bucket-*/*\",\n        \"arn:aws:s3:::dev-app-bucket-*\"\n      ]\n    },\n    {\n      \"Sid\": \"CloudWatchLogs\",\n      \"Effect\": \"Allow\",\n      \"Action\": [\n        \"logs:PutLogEvents\",\n        \"logs:CreateLogStream\",\n        \"logs:CreateLogGroup\"\n      ],\n      \"Resource\": \"arn:aws:logs:*:*:*\"\n    }\n  ]\n}",
            "override_json": null,
            "override_policy_documents": null,
            "policy_id": null,
            "source_json": null,
            "source_policy_documents": null,
            "statement": [
              {
                "actions": [
                  "s3:GetObject",
                  "s3:ListBucket"
                ],
                "condition": [],
                "effect": "Allow",
                "not_actions": [],
                "not_principals": [],
                "not_resources": [],
                "principals": [],
                "resources": [
                  "arn:aws:s3:::dev-app-bucket-*",
                  "arn:aws:s3:::dev-app-bucket-*/*"
                ],
                "sid": "S3Access"
              },
              {
                "actions": [
                  "logs:CreateLogGroup",
                  "logs:CreateLogStream",
                  "logs:PutLogEvents"
                ],
                "condition": [],
                "effect": "Allow",
                "not_actions": [],
                "not_principals": [],
                "not_resources": [],
                "principals": [],
                "resources": [
                  "arn:aws:logs:*:*:*"
                ],
                "sid": "CloudWatchLogs"
              }
            ],
            "version": "2012-10-17"
          },
          "sensitive_attributes": [],
          "identity_schema_version": 0
        }
      ]
    },
    {
      "mode": "data",
      "type": "aws_iam_policy_document",
      "name": "ec2_assume_role",
      "provider": "provider[\"registry.terraform.io/hashicorp/aws\"]",
      "instances": [
        {
          "schema_version": 0,
          "attributes": {
            "id": "1903849331",
            "json": "{\n  \"Version\": \"2012-10-17\",\n  \"Statement\": [\n    {\n      \"Sid\": \"\",\n      \"Effect\": \"Allow\",\n      \"Action\": \"sts:AssumeRole\",\n      \"Principal\": {\n        \"Service\": \"ec2.amazonaws.com\"\n      }\n    }\n  ]\n}",
            "override_json": null,
            "override_policy_documents": null,
            "policy_id": null,
            "source_json": null,
            "source_policy_documents": null,
            "statement": [
              {
                "actions": [
                  "sts:AssumeRole"
                ],
                "condition": [],
                "effect": "Allow",
                "not_actions": [],
                "not_principals": [],
                "not_resources": [],
                "principals": [
                  {
                    "identifiers": [
                      "ec2.amazonaws.com"
                    ],
                    "type": "Service"
                  }
                ],
                "resources": [],
                "sid": ""
              }
            ],
            "version": "2012-10-17"
          },
          "sensitive_attributes": [],
          "identity_schema_version": 0
        }
      ]
    },
    {
      "mode": "data",
      "type": "aws_region",
      "name": "current",
      "provider": "provider[\"registry.terraform.io/hashicorp/aws\"]",
      "instances": [
        {
          "schema_version": 0,
          "attributes": {
            "description": "Europe (Frankfurt)",
            "endpoint": "ec2.eu-central-1.amazonaws.com",
            "id": "eu-central-1",
            "name": "eu-central-1"
          },
          "sensitive_attributes": [],
          "identity_schema_version": 0
        }
      ]
    },
    {
      "mode": "managed",
      "type": "aws_eip",
      "name": "nat",
      "provider": "provider[\"registry.terraform.io/hashicorp/aws\"]",
      "instances": [
        {
          "schema_version": 0,
          "attributes": {
            "address": null,
            "allocation_id": "eipalloc-0ead51b698fc9da6a",
            "associate_with_private_ip": null,
            "association_id": "eipassoc-0104e7574005a7e5b",
            "carrier_ip": "",
            "customer_owned_ip": "",
            "customer_owned_ipv4_pool": "",
            "domain": "vpc",
            "id": "eipalloc-0ead51b698fc9da6a",
            "instance": "",
            "network_border_group": "eu-central-1",
            "network_interface": "eni-0793dc37e6793523b",
            "private_dns": "ip-10-0-0-176.eu-central-1.compute.internal",
            "private_ip": "10.0.0.176",
            "public_dns": "ec2-3-65-85-190.eu-central-1.compute.amazonaws.com",
            "public_ip": "3.65.85.190",
            "public_ipv4_pool": "amazon",
            "tags": {
              "Name": "dev-nat-eip"
            },
            "tags_all": {
              "Environment": "dev",
              "Lab": "lab-complete",
              "ManagedBy": "Terraform",
              "Name": "dev-nat-eip",
              "Project": "QazaqAir-Complete-Lab"
            },
            "timeouts": null,
            "vpc": true
          },
          "sensitive_attributes": [],
          "identity_schema_version": 0,
          "private": "eyJlMmJmYjczMC1lY2FhLTExZTYtOGY4OC0zNDM2M2JjN2M0YzAiOnsiZGVsZXRlIjoxODAwMDAwMDAwMDAsInJlYWQiOjkwMDAwMDAwMDAwMCwidXBkYXRlIjozMDAwMDAwMDAwMDB9fQ==",
          "dependencies": [
            "aws_internet_gateway.main",
            "aws_vpc.main"
          ]
        }
      ]
    },
    {
      "mode": "managed",
      "type": "aws_iam_group",
      "name": "developers",
      "provider": "provider[\"registry.terraform.io/hashicorp/aws\"]",
      "instances": [
        {
          "schema_version": 0,
          "attributes": {
            "arn": "arn:aws:iam::719429929507:group/dev/dev-developers",
            "id": "dev-developers",
            "name": "dev-developers",
            "path": "/dev/",
            "unique_id": "AGPA2PAK5RIRQJOMVUNJZ"
          },
          "sensitive_attributes": [],
          "identity_schema_version": 0,
          "private": "bnVsbA=="
        }
      ]
    },
    {
      "mode": "managed",
      "type": "aws_iam_instance_profile",
      "name": "ec2_profile",
      "provider": "provider[\"registry.terraform.io/hashicorp/aws\"]",
      "instances": [
        {
          "schema_version": 0,
          "attributes": {
            "arn": "arn:aws:iam::719429929507:instance-profile/dev-ec2-profile",
            "create_date": "2026-05-01T19:47:30Z",
            "id": "dev-ec2-profile",
            "name": "dev-ec2-profile",
            "name_prefix": "",
            "path": "/",
            "role": "dev-ec2-role",
            "tags": {},
            "tags_all": {
              "Environment": "dev",
              "Lab": "lab-complete",
              "ManagedBy": "Terraform",
              "Project": "QazaqAir-Complete-Lab"
            },
            "unique_id": "AIPA2PAK5RIRWSG3RIQHL"
          },
          "sensitive_attributes": [],
          "identity_schema_version": 0,
          "private": "bnVsbA==",
          "dependencies": [
            "aws_iam_role.ec2_role",
            "data.aws_iam_policy_document.ec2_assume_role"
          ]
        }
      ]
    },
    {
      "mode": "managed",
      "type": "aws_iam_policy",
      "name": "app_policy",
      "provider": "provider[\"registry.terraform.io/hashicorp/aws\"]",
      "instances": [
        {
          "schema_version": 0,
          "attributes": {
            "arn": "arn:aws:iam::719429929507:policy/dev-app-policy",
            "description": "Policy for EC2 applications",
            "id": "arn:aws:iam::719429929507:policy/dev-app-policy",
            "name": "dev-app-policy",
            "name_prefix": "",
            "path": "/",
            "policy": "{\"Statement\":[{\"Action\":[\"s3:ListBucket\",\"s3:GetObject\"],\"Effect\":\"Allow\",\"Resource\":[\"arn:aws:s3:::dev-app-bucket-*/*\",\"arn:aws:s3:::dev-app-bucket-*\"],\"Sid\":\"S3Access\"},{\"Action\":[\"logs:PutLogEvents\",\"logs:CreateLogStream\",\"logs:CreateLogGroup\"],\"Effect\":\"Allow\",\"Resource\":\"arn:aws:logs:*:*:*\",\"Sid\":\"CloudWatchLogs\"}],\"Version\":\"2012-10-17\"}",
            "policy_id": "ANPA2PAK5RIRXEF3CFQTX",
            "tags": {},
            "tags_all": {
              "Environment": "dev",
              "Lab": "lab-complete",
              "ManagedBy": "Terraform",
              "Project": "QazaqAir-Complete-Lab"
            }
          },
          "sensitive_attributes": [],
          "identity_schema_version": 0,
          "private": "bnVsbA==",
          "dependencies": [
            "data.aws_iam_policy_document.app_policy"
          ]
        }
      ]
    },
    {
      "mode": "managed",
      "type": "aws_iam_role",
      "name": "ec2_role",
      "provider": "provider[\"registry.terraform.io/hashicorp/aws\"]",
      "instances": [
        {
          "schema_version": 0,
          "attributes": {
            "arn": "arn:aws:iam::719429929507:role/dev-ec2-role",
            "assume_role_policy": "{\"Statement\":[{\"Action\":\"sts:AssumeRole\",\"Effect\":\"Allow\",\"Principal\":{\"Service\":\"ec2.amazonaws.com\"},\"Sid\":\"\"}],\"Version\":\"2012-10-17\"}",
            "create_date": "2026-05-01T19:47:29Z",
            "description": "",
            "force_detach_policies": false,
            "id": "dev-ec2-role",
            "inline_policy": [],
            "managed_policy_arns": [
              "arn:aws:iam::719429929507:policy/dev-app-policy"
            ],
            "max_session_duration": 3600,
            "name": "dev-ec2-role",
            "name_prefix": "",
            "path": "/",
            "permissions_boundary": null,
            "role_last_used": [
              {
                "last_used_date": "2026-05-01T19:50:16Z",
                "region": "eu-central-1"
              }
            ],
            "tags": {
              "Name": "dev-ec2-role"
            },
            "tags_all": {
              "Environment": "dev",
              "Lab": "lab-complete",
              "ManagedBy": "Terraform",
              "Name": "dev-ec2-role",
              "Project": "QazaqAir-Complete-Lab"
            },
            "unique_id": "AROA2PAK5RIRQPOWP3HAO"
          },
          "sensitive_attributes": [],
          "identity_schema_version": 0,
          "private": "bnVsbA==",
          "dependencies": [
            "data.aws_iam_policy_document.ec2_assume_role"
          ]
        }
      ]
    },
    {
      "mode": "managed",
      "type": "aws_iam_role_policy_attachment",
      "name": "app_attach",
      "provider": "provider[\"registry.terraform.io/hashicorp/aws\"]",
      "instances": [
        {
          "schema_version": 0,
          "attributes": {
            "id": "dev-ec2-role-20260501194727758600000004",
            "policy_arn": "arn:aws:iam::719429929507:policy/dev-app-policy",
            "role": "dev-ec2-role"
          },
          "sensitive_attributes": [],
          "identity_schema_version": 0,
          "private": "bnVsbA==",
          "dependencies": [
            "aws_iam_policy.app_policy",
            "aws_iam_role.ec2_role",
            "data.aws_iam_policy_document.app_policy",
            "data.aws_iam_policy_document.ec2_assume_role"
          ]
        }
      ]
    },
    {
      "mode": "managed",
      "type": "aws_iam_user",
      "name": "users",
      "provider": "provider[\"registry.terraform.io/hashicorp/aws\"]",
      "instances": [
        {
          "index_key": 0,
          "schema_version": 0,
          "attributes": {
            "arn": "arn:aws:iam::719429929507:user/dev/dev-jenkins-deployer",
            "force_destroy": false,
            "id": "dev-jenkins-deployer",
            "name": "dev-jenkins-deployer",
            "path": "/dev/",
            "permissions_boundary": null,
            "tags": {
              "Name": "dev-jenkins-deployer"
            },
            "tags_all": {
              "Environment": "dev",
              "Lab": "lab-complete",
              "ManagedBy": "Terraform",
              "Name": "dev-jenkins-deployer",
              "Project": "QazaqAir-Complete-Lab"
            },
            "unique_id": "AIDA2PAK5RIRUX64L65ZC"
          },
          "sensitive_attributes": [],
          "identity_schema_version": 0,
          "private": "bnVsbA=="
        },
        {
          "index_key": 1,
          "schema_version": 0,
          "attributes": {
            "arn": "arn:aws:iam::719429929507:user/dev/dev-developer",
            "force_destroy": false,
            "id": "dev-developer",
            "name": "dev-developer",
            "path": "/dev/",
            "permissions_boundary": null,
            "tags": {
              "Name": "dev-developer"
            },
            "tags_all": {
              "Environment": "dev",
              "Lab": "lab-complete",
              "ManagedBy": "Terraform",
              "Name": "dev-developer",
              "Project": "QazaqAir-Complete-Lab"
            },
            "unique_id": "AIDA2PAK5RIR4BFQDL4PL"
          },
          "sensitive_attributes": [],
          "identity_schema_version": 0,
          "private": "bnVsbA=="
        },
        {
          "index_key": 2,
          "schema_version": 0,
          "attributes": {
            "arn": "arn:aws:iam::719429929507:user/dev/dev-viewer",
            "force_destroy": false,
            "id": "dev-viewer",
            "name": "dev-viewer",
            "path": "/dev/",
            "permissions_boundary": null,
            "tags": {
              "Name": "dev-viewer"
            },
            "tags_all": {
              "Environment": "dev",
              "Lab": "lab-complete",
              "ManagedBy": "Terraform",
              "Name": "dev-viewer",
              "Project": "QazaqAir-Complete-Lab"
            },
            "unique_id": "AIDA2PAK5RIRVXPSVFOPZ"
          },
          "sensitive_attributes": [],
          "identity_schema_version": 0,
          "private": "bnVsbA=="
        }
      ]
    },
    {
      "mode": "managed",
      "type": "aws_iam_user_group_membership",
      "name": "dev_membership",
      "provider": "provider[\"registry.terraform.io/hashicorp/aws\"]",
      "instances": [
        {
          "index_key": 0,
          "schema_version": 0,
          "attributes": {
            "groups": [
              "dev-developers"
            ],
            "id": "terraform-20260501194727665400000001",
            "user": "dev-jenkins-deployer"
          },
          "sensitive_attributes": [],
          "identity_schema_version": 0,
          "private": "bnVsbA==",
          "dependencies": [
            "aws_iam_group.developers",
            "aws_iam_user.users"
          ]
        },
        {
          "index_key": 1,
          "schema_version": 0,
          "attributes": {
            "groups": [
              "dev-developers"
            ],
            "id": "terraform-20260501194727677900000002",
            "user": "dev-developer"
          },
          "sensitive_attributes": [],
          "identity_schema_version": 0,
          "private": "bnVsbA==",
          "dependencies": [
            "aws_iam_group.developers",
            "aws_iam_user.users"
          ]
        },
        {
          "index_key": 2,
          "schema_version": 0,
          "attributes": {
            "groups": [
              "dev-developers"
            ],
            "id": "terraform-20260501194727722400000003",
            "user": "dev-viewer"
          },
          "sensitive_attributes": [],
          "identity_schema_version": 0,
          "private": "bnVsbA==",
          "dependencies": [
            "aws_iam_group.developers",
            "aws_iam_user.users"
          ]
        }
      ]
    },
    {
      "mode": "managed",
      "type": "aws_instance",
      "name": "app",
      "provider": "provider[\"registry.terraform.io/hashicorp/aws\"]",
      "instances": [
        {
          "index_key": 0,
          "schema_version": 1,
          "attributes": {
            "ami": "ami-0d1ddd83282187d18",
            "arn": "arn:aws:ec2:eu-central-1:719429929507:instance/i-0f9267a299c96e949",
            "associate_public_ip_address": false,
            "availability_zone": "eu-central-1a",
            "capacity_reservation_specification": [
              {
                "capacity_reservation_preference": "open",
                "capacity_reservation_target": []
              }
            ],
            "cpu_core_count": 1,
            "cpu_options": [
              {
                "amd_sev_snp": "",
                "core_count": 1,
                "threads_per_core": 2
              }
            ],
            "cpu_threads_per_core": 2,
            "credit_specification": [
              {
                "cpu_credits": "unlimited"
              }
            ],
            "disable_api_stop": false,
            "disable_api_termination": false,
            "ebs_block_device": [],
            "ebs_optimized": false,
            "enclave_options": [
              {
                "enabled": false
              }
            ],
            "ephemeral_block_device": [],
            "get_password_data": false,
            "hibernation": false,
            "host_id": "",
            "host_resource_group_arn": null,
            "iam_instance_profile": "dev-ec2-profile",
            "id": "i-0f9267a299c96e949",
            "instance_initiated_shutdown_behavior": "stop",
            "instance_state": "running",
            "instance_type": "t3.micro",
            "ipv6_address_count": 0,
            "ipv6_addresses": [],
            "key_name": "dev-key",
            "launch_template": [],
            "maintenance_options": [
              {
                "auto_recovery": "default"
              }
            ],
            "metadata_options": [
              {
                "http_endpoint": "enabled",
                "http_put_response_hop_limit": 1,
                "http_tokens": "optional",
                "instance_metadata_tags": "disabled"
              }
            ],
            "monitoring": false,
            "network_interface": [],
            "outpost_arn": "",
            "password_data": "",
            "placement_group": "",
            "placement_partition_number": 0,
            "primary_network_interface_id": "eni-0ac8054cebfaba593",
            "private_dns": "ip-10-0-10-18.eu-central-1.compute.internal",
            "private_dns_name_options": [
              {
                "enable_resource_name_dns_a_record": false,
                "enable_resource_name_dns_aaaa_record": false,
                "hostname_type": "ip-name"
              }
            ],
            "private_ip": "10.0.10.18",
            "public_dns": "",
            "public_ip": "",
            "root_block_device": [
              {
                "delete_on_termination": true,
                "device_name": "/dev/sda1",
                "encrypted": false,
                "iops": 100,
                "kms_key_id": "",
                "tags": {},
                "throughput": 0,
                "volume_id": "vol-0fb17d36638713817",
                "volume_size": 8,
                "volume_type": "gp2"
              }
            ],
            "secondary_private_ips": [],
            "security_groups": [],
            "source_dest_check": true,
            "subnet_id": "subnet-0554613450802fa9f",
            "tags": {
              "Name": "dev-app-1"
            },
            "tags_all": {
              "Environment": "dev",
              "Lab": "lab-complete",
              "ManagedBy": "Terraform",
              "Name": "dev-app-1",
              "Project": "QazaqAir-Complete-Lab"
            },
            "tenancy": "default",
            "timeouts": null,
            "user_data": "c69eda7389b75a184a4841fdd9cf40d015d85822",
            "user_data_base64": null,
            "user_data_replace_on_change": false,
            "volume_tags": null,
            "vpc_security_group_ids": [
              "sg-09160a445cd0390d8"
            ]
          },
          "sensitive_attributes": [],
          "identity_schema_version": 0,
          "private": "eyJlMmJmYjczMC1lY2FhLTExZTYtOGY4OC0zNDM2M2JjN2M0YzAiOnsiY3JlYXRlIjo2MDAwMDAwMDAwMDAsImRlbGV0ZSI6MTIwMDAwMDAwMDAwMCwidXBkYXRlIjo2MDAwMDAwMDAwMDB9LCJzY2hlbWFfdmVyc2lvbiI6IjEifQ==",
          "dependencies": [
            "aws_iam_instance_profile.ec2_profile",
            "aws_iam_role.ec2_role",
            "aws_key_pair.main",
            "aws_security_group.app",
            "aws_subnet.private",
            "aws_vpc.main",
            "data.aws_ami.ubuntu",
            "data.aws_iam_policy_document.ec2_assume_role",
            "tls_private_key.ssh"
          ]
        }
      ]
    },
    {
      "mode": "managed",
      "type": "aws_instance",
      "name": "bastion",
      "provider": "provider[\"registry.terraform.io/hashicorp/aws\"]",
      "instances": [
        {
          "schema_version": 1,
          "attributes": {
            "ami": "ami-0d1ddd83282187d18",
            "arn": "arn:aws:ec2:eu-central-1:719429929507:instance/i-015c09554086ad6ff",
            "associate_public_ip_address": true,
            "availability_zone": "eu-central-1a",
            "capacity_reservation_specification": [
              {
                "capacity_reservation_preference": "open",
                "capacity_reservation_target": []
              }
            ],
            "cpu_core_count": 1,
            "cpu_options": [
              {
                "amd_sev_snp": "",
                "core_count": 1,
                "threads_per_core": 2
              }
            ],
            "cpu_threads_per_core": 2,
            "credit_specification": [
              {
                "cpu_credits": "unlimited"
              }
            ],
            "disable_api_stop": false,
            "disable_api_termination": false,
            "ebs_block_device": [],
            "ebs_optimized": false,
            "enclave_options": [
              {
                "enabled": false
              }
            ],
            "ephemeral_block_device": [],
            "get_password_data": false,
            "hibernation": false,
            "host_id": "",
            "host_resource_group_arn": null,
            "iam_instance_profile": "",
            "id": "i-015c09554086ad6ff",
            "instance_initiated_shutdown_behavior": "stop",
            "instance_state": "running",
            "instance_type": "t3.micro",
            "ipv6_address_count": 0,
            "ipv6_addresses": [],
            "key_name": "dev-key",
            "launch_template": [],
            "maintenance_options": [
              {
                "auto_recovery": "default"
              }
            ],
            "metadata_options": [
              {
                "http_endpoint": "enabled",
                "http_put_response_hop_limit": 1,
                "http_tokens": "optional",
                "instance_metadata_tags": "disabled"
              }
            ],
            "monitoring": false,
            "network_interface": [],
            "outpost_arn": "",
            "password_data": "",
            "placement_group": "",
            "placement_partition_number": 0,
            "primary_network_interface_id": "eni-01af5fdf5458c9d94",
            "private_dns": "ip-10-0-0-195.eu-central-1.compute.internal",
            "private_dns_name_options": [
              {
                "enable_resource_name_dns_a_record": false,
                "enable_resource_name_dns_aaaa_record": false,
                "hostname_type": "ip-name"
              }
            ],
            "private_ip": "10.0.0.195",
            "public_dns": "ec2-52-59-203-244.eu-central-1.compute.amazonaws.com",
            "public_ip": "52.59.203.244",
            "root_block_device": [
              {
                "delete_on_termination": true,
                "device_name": "/dev/sda1",
                "encrypted": false,
                "iops": 100,
                "kms_key_id": "",
                "tags": {},
                "throughput": 0,
                "volume_id": "vol-0f6923ef4f0cdcd75",
                "volume_size": 8,
                "volume_type": "gp2"
              }
            ],
            "secondary_private_ips": [],
            "security_groups": [],
            "source_dest_check": true,
            "subnet_id": "subnet-0a940826ad06151c1",
            "tags": {
              "Name": "dev-bastion"
            },
            "tags_all": {
              "Environment": "dev",
              "Lab": "lab-complete",
              "ManagedBy": "Terraform",
              "Name": "dev-bastion",
              "Project": "QazaqAir-Complete-Lab"
            },
            "tenancy": "default",
            "timeouts": null,
            "user_data": "66ea7a92bc0e13f19fef2d6a74051c783a1cc825",
            "user_data_base64": null,
            "user_data_replace_on_change": false,
            "volume_tags": null,
            "vpc_security_group_ids": [
              "sg-09160a445cd0390d8"
            ]
          },
          "sensitive_attributes": [],
          "identity_schema_version": 0,
          "private": "eyJlMmJmYjczMC1lY2FhLTExZTYtOGY4OC0zNDM2M2JjN2M0YzAiOnsiY3JlYXRlIjo2MDAwMDAwMDAwMDAsImRlbGV0ZSI6MTIwMDAwMDAwMDAwMCwidXBkYXRlIjo2MDAwMDAwMDAwMDB9LCJzY2hlbWFfdmVyc2lvbiI6IjEifQ==",
          "dependencies": [
            "aws_key_pair.main",
            "aws_security_group.app",
            "aws_subnet.public",
            "aws_vpc.main",
            "data.aws_ami.ubuntu",
            "tls_private_key.ssh"
          ]
        }
      ]
    },
    {
      "mode": "managed",
      "type": "aws_internet_gateway",
      "name": "main",
      "provider": "provider[\"registry.terraform.io/hashicorp/aws\"]",
      "instances": [
        {
          "schema_version": 0,
          "attributes": {
            "arn": "arn:aws:ec2:eu-central-1:719429929507:internet-gateway/igw-030937192a94fb136",
            "id": "igw-030937192a94fb136",
            "owner_id": "719429929507",
            "tags": {
              "Name": "dev-igw"
            },
            "tags_all": {
              "Environment": "dev",
              "Lab": "lab-complete",
              "ManagedBy": "Terraform",
              "Name": "dev-igw",
              "Project": "QazaqAir-Complete-Lab"
            },
            "timeouts": null,
            "vpc_id": "vpc-061e597c83a826059"
          },
          "sensitive_attributes": [],
          "identity_schema_version": 0,
          "private": "eyJlMmJmYjczMC1lY2FhLTExZTYtOGY4OC0zNDM2M2JjN2M0YzAiOnsiY3JlYXRlIjoxMjAwMDAwMDAwMDAwLCJkZWxldGUiOjEyMDAwMDAwMDAwMDAsInVwZGF0ZSI6MTIwMDAwMDAwMDAwMH19",
          "dependencies": [
            "aws_vpc.main"
          ]
        }
      ]
    },
    {
      "mode": "managed",
      "type": "aws_key_pair",
      "name": "main",
      "provider": "provider[\"registry.terraform.io/hashicorp/aws\"]",
      "instances": [
        {
          "schema_version": 1,
          "attributes": {
            "arn": "arn:aws:ec2:eu-central-1:719429929507:key-pair/dev-key",
            "fingerprint": "d8:d6:50:d8:2f:cc:f6:ea:75:be:e7:04:8b:da:93:9b",
            "id": "dev-key",
            "key_name": "dev-key",
            "key_name_prefix": "",
            "key_pair_id": "key-02b9431ebb7e0b4c6",
            "key_type": "rsa",
            "public_key": "ssh-rsa AAAAB3NzaC1yc2EAAAADAQABAAACAQC/B3WBGh3j0RiRtjMENTNLeM846SMzpR1lGf/svFF/nYZihcxdZpVhnvN2W7D2aGm+97GmxobzfaHcP2BFEFdegRsKRvzkmmXs7kMutJUkTciREtbe+ov4+Wovtu6BsgRU11lwKYSswGNx13TcwQIIwIhToL+u3KtYqsDa3UXC6Z6wsqhvRYXaUecBqmevylAK7JdJyWbaAD80JcYpG6dMNjJJzGn6L5ptfySA/+1utfrT3YRKaw09UaC1As5KZJhbJSo469sjnV1wGVH1aCJB4yCZ30ENGRUm6DyUkqdSzsqcw8G683Wi/jPYqimgCN0kUzFNn++UHHx+Sa8+XfE6nGUN2Wx9VHRZw2FUCBLN2bvCgCpl/p1uuiVSMKq19hJuiut2iXiinH66hPDjKNMhQjPVaNqkTYwDzQ6NSllmShTXUaCsDEeSf3hjiw9Ws2KCP88/uQqF7TCzLWZRW3mx1Q6+hdRB44ME14kyqhYcjRdbei1L/saDKsAx2hkiXU+LysIF51ut6TUlyQDpFS68yI/GJK9ZBNgyjNQwIcQhPsVSCXCVh8mnQQjsL0ShoVU1FEzC3/4Vt4+W2+ohjnZXEtW0nbyMrOvueE0mcjW7VZ2Oi6aK0W0ivAn7VYOH66Kv63rMXMetZZnjc8KDKDdkURztMupOTNM/RBerm3nsmQ==",
            "tags": null,
            "tags_all": {
              "Environment": "dev",
              "Lab": "lab-complete",
              "ManagedBy": "Terraform",
              "Project": "QazaqAir-Complete-Lab"
            }
          },
          "sensitive_attributes": [],
          "identity_schema_version": 0,
          "private": "eyJzY2hlbWFfdmVyc2lvbiI6IjEifQ==",
          "dependencies": [
            "tls_private_key.ssh"
          ]
        }
      ]
    },
    {
      "mode": "managed",
      "type": "aws_nat_gateway",
      "name": "main",
      "provider": "provider[\"registry.terraform.io/hashicorp/aws\"]",
      "instances": [
        {
          "schema_version": 0,
          "attributes": {
            "allocation_id": "eipalloc-0ead51b698fc9da6a",
            "association_id": "eipassoc-0104e7574005a7e5b",
            "connectivity_type": "public",
            "id": "nat-0c9dd1094ab8f7bd9",
            "network_interface_id": "eni-0793dc37e6793523b",
            "private_ip": "10.0.0.176",
            "public_ip": "3.65.85.190",
            "subnet_id": "subnet-0a940826ad06151c1",
            "tags": {
              "Name": "dev-nat"
            },
            "tags_all": {
              "Environment": "dev",
              "Lab": "lab-complete",
              "ManagedBy": "Terraform",
              "Name": "dev-nat",
              "Project": "QazaqAir-Complete-Lab"
            }
          },
          "sensitive_attributes": [],
          "identity_schema_version": 0,
          "private": "bnVsbA==",
          "dependencies": [
            "aws_eip.nat",
            "aws_internet_gateway.main",
            "aws_subnet.public",
            "aws_vpc.main"
          ]
        }
      ]
    },
    {
      "mode": "managed",
      "type": "aws_route_table",
      "name": "private",
      "provider": "provider[\"registry.terraform.io/hashicorp/aws\"]",
      "instances": [
        {
          "schema_version": 0,
          "attributes": {
            "arn": "arn:aws:ec2:eu-central-1:719429929507:route-table/rtb-0be7fdd0488042f75",
            "id": "rtb-0be7fdd0488042f75",
            "owner_id": "719429929507",
            "propagating_vgws": [],
            "route": [
              {
                "carrier_gateway_id": "",
                "cidr_block": "0.0.0.0/0",
                "core_network_arn": "",
                "destination_prefix_list_id": "",
                "egress_only_gateway_id": "",
                "gateway_id": "",
                "instance_id": "",
                "ipv6_cidr_block": "",
                "local_gateway_id": "",
                "nat_gateway_id": "nat-0c9dd1094ab8f7bd9",
                "network_interface_id": "",
                "transit_gateway_id": "",
                "vpc_endpoint_id": "",
                "vpc_peering_connection_id": ""
              }
            ],
            "tags": {
              "Name": "dev-private-rt"
            },
            "tags_all": {
              "Environment": "dev",
              "Lab": "lab-complete",
              "ManagedBy": "Terraform",
              "Name": "dev-private-rt",
              "Project": "QazaqAir-Complete-Lab"
            },
            "timeouts": null,
            "vpc_id": "vpc-061e597c83a826059"
          },
          "sensitive_attributes": [],
          "identity_schema_version": 0,
          "private": "eyJlMmJmYjczMC1lY2FhLTExZTYtOGY4OC0zNDM2M2JjN2M0YzAiOnsiY3JlYXRlIjozMDAwMDAwMDAwMDAsImRlbGV0ZSI6MzAwMDAwMDAwMDAwLCJ1cGRhdGUiOjEyMDAwMDAwMDAwMH19",
          "dependencies": [
            "aws_eip.nat",
            "aws_internet_gateway.main",
            "aws_nat_gateway.main",
            "aws_subnet.public",
            "aws_vpc.main"
          ]
        }
      ]
    },
    {
      "mode": "managed",
      "type": "aws_route_table",
      "name": "public",
      "provider": "provider[\"registry.terraform.io/hashicorp/aws\"]",
      "instances": [
        {
          "schema_version": 0,
          "attributes": {
            "arn": "arn:aws:ec2:eu-central-1:719429929507:route-table/rtb-0d38c713d1a5f71b4",
            "id": "rtb-0d38c713d1a5f71b4",
            "owner_id": "719429929507",
            "propagating_vgws": [],
            "route": [
              {
                "carrier_gateway_id": "",
                "cidr_block": "0.0.0.0/0",
                "core_network_arn": "",
                "destination_prefix_list_id": "",
                "egress_only_gateway_id": "",
                "gateway_id": "igw-030937192a94fb136",
                "instance_id": "",
                "ipv6_cidr_block": "",
                "local_gateway_id": "",
                "nat_gateway_id": "",
                "network_interface_id": "",
                "transit_gateway_id": "",
                "vpc_endpoint_id": "",
                "vpc_peering_connection_id": ""
              }
            ],
            "tags": {
              "Name": "dev-public-rt"
            },
            "tags_all": {
              "Environment": "dev",
              "Lab": "lab-complete",
              "ManagedBy": "Terraform",
              "Name": "dev-public-rt",
              "Project": "QazaqAir-Complete-Lab"
            },
            "timeouts": null,
            "vpc_id": "vpc-061e597c83a826059"
          },
          "sensitive_attributes": [],
          "identity_schema_version": 0,
          "private": "eyJlMmJmYjczMC1lY2FhLTExZTYtOGY4OC0zNDM2M2JjN2M0YzAiOnsiY3JlYXRlIjozMDAwMDAwMDAwMDAsImRlbGV0ZSI6MzAwMDAwMDAwMDAwLCJ1cGRhdGUiOjEyMDAwMDAwMDAwMH19",
          "dependencies": [
            "aws_internet_gateway.main",
            "aws_vpc.main"
          ]
        }
      ]
    },
    {
      "mode": "managed",
      "type": "aws_route_table_association",
      "name": "private",
      "provider": "provider[\"registry.terraform.io/hashicorp/aws\"]",
      "instances": [
        {
          "index_key": 0,
          "schema_version": 0,
          "attributes": {
            "gateway_id": "",
            "id": "rtbassoc-08898dd5839920762",
            "route_table_id": "rtb-0be7fdd0488042f75",
            "subnet_id": "subnet-0554613450802fa9f",
            "timeouts": null
          },
          "sensitive_attributes": [],
          "identity_schema_version": 0,
          "private": "eyJlMmJmYjczMC1lY2FhLTExZTYtOGY4OC0zNDM2M2JjN2M0YzAiOnsiY3JlYXRlIjozMDAwMDAwMDAwMDAsImRlbGV0ZSI6MzAwMDAwMDAwMDAwLCJ1cGRhdGUiOjEyMDAwMDAwMDAwMH19",
          "dependencies": [
            "aws_eip.nat",
            "aws_internet_gateway.main",
            "aws_nat_gateway.main",
            "aws_route_table.private",
            "aws_subnet.private",
            "aws_subnet.public",
            "aws_vpc.main"
          ]
        },
        {
          "index_key": 1,
          "schema_version": 0,
          "attributes": {
            "gateway_id": "",
            "id": "rtbassoc-01c29db8be0456218",
            "route_table_id": "rtb-0be7fdd0488042f75",
            "subnet_id": "subnet-0a100cf885a1a9c68",
            "timeouts": null
          },
          "sensitive_attributes": [],
          "identity_schema_version": 0,
          "private": "eyJlMmJmYjczMC1lY2FhLTExZTYtOGY4OC0zNDM2M2JjN2M0YzAiOnsiY3JlYXRlIjozMDAwMDAwMDAwMDAsImRlbGV0ZSI6MzAwMDAwMDAwMDAwLCJ1cGRhdGUiOjEyMDAwMDAwMDAwMH19",
          "dependencies": [
            "aws_eip.nat",
            "aws_internet_gateway.main",
            "aws_nat_gateway.main",
            "aws_route_table.private",
            "aws_subnet.private",
            "aws_subnet.public",
            "aws_vpc.main"
          ]
        }
      ]
    },
    {
      "mode": "managed",
      "type": "aws_route_table_association",
      "name": "public",
      "provider": "provider[\"registry.terraform.io/hashicorp/aws\"]",
      "instances": [
        {
          "index_key": 0,
          "schema_version": 0,
          "attributes": {
            "gateway_id": "",
            "id": "rtbassoc-0eb48d5458d3536dc",
            "route_table_id": "rtb-0d38c713d1a5f71b4",
            "subnet_id": "subnet-0a940826ad06151c1",
            "timeouts": null
          },
          "sensitive_attributes": [],
          "identity_schema_version": 0,
          "private": "eyJlMmJmYjczMC1lY2FhLTExZTYtOGY4OC0zNDM2M2JjN2M0YzAiOnsiY3JlYXRlIjozMDAwMDAwMDAwMDAsImRlbGV0ZSI6MzAwMDAwMDAwMDAwLCJ1cGRhdGUiOjEyMDAwMDAwMDAwMH19",
          "dependencies": [
            "aws_internet_gateway.main",
            "aws_route_table.public",
            "aws_subnet.public",
            "aws_vpc.main"
          ]
        },
        {
          "index_key": 1,
          "schema_version": 0,
          "attributes": {
            "gateway_id": "",
            "id": "rtbassoc-086829c582d453730",
            "route_table_id": "rtb-0d38c713d1a5f71b4",
            "subnet_id": "subnet-01b5d7102d1974588",
            "timeouts": null
          },
          "sensitive_attributes": [],
          "identity_schema_version": 0,
          "private": "eyJlMmJmYjczMC1lY2FhLTExZTYtOGY4OC0zNDM2M2JjN2M0YzAiOnsiY3JlYXRlIjozMDAwMDAwMDAwMDAsImRlbGV0ZSI6MzAwMDAwMDAwMDAwLCJ1cGRhdGUiOjEyMDAwMDAwMDAwMH19",
          "dependencies": [
            "aws_internet_gateway.main",
            "aws_route_table.public",
            "aws_subnet.public",
            "aws_vpc.main"
          ]
        }
      ]
    },
    {
      "mode": "managed",
      "type": "aws_s3_bucket",
      "name": "artifacts",
      "provider": "provider[\"registry.terraform.io/hashicorp/aws\"]",
      "instances": [
        {
          "schema_version": 0,
          "attributes": {
            "acceleration_status": "",
            "acl": null,
            "arn": "arn:aws:s3:::dev-app-bucket-719429929507",
            "bucket": "dev-app-bucket-719429929507",
            "bucket_domain_name": "dev-app-bucket-719429929507.s3.amazonaws.com",
            "bucket_prefix": "",
            "bucket_regional_domain_name": "dev-app-bucket-719429929507.s3.eu-central-1.amazonaws.com",
            "cors_rule": [],
            "force_destroy": false,
            "grant": [
              {
                "id": "b55b8356e718cdb0843f16bda2c582183fa4b57a53dd30c86d354a3073661876",
                "permissions": [
                  "FULL_CONTROL"
                ],
                "type": "CanonicalUser",
                "uri": ""
              }
            ],
            "hosted_zone_id": "Z21DNDUVLTQW6Q",
            "id": "dev-app-bucket-719429929507",
            "lifecycle_rule": [],
            "logging": [],
            "object_lock_configuration": [],
            "object_lock_enabled": false,
            "policy": "",
            "region": "eu-central-1",
            "replication_configuration": [],
            "request_payer": "BucketOwner",
            "server_side_encryption_configuration": [
              {
                "rule": [
                  {
                    "apply_server_side_encryption_by_default": [
                      {
                        "kms_master_key_id": "",
                        "sse_algorithm": "AES256"
                      }
                    ],
                    "bucket_key_enabled": false
                  }
                ]
              }
            ],
            "tags": {
              "Name": "dev-artifacts"
            },
            "tags_all": {
              "Environment": "dev",
              "Lab": "lab-complete",
              "ManagedBy": "Terraform",
              "Name": "dev-artifacts",
              "Project": "QazaqAir-Complete-Lab"
            },
            "timeouts": null,
            "versioning": [
              {
                "enabled": true,
                "mfa_delete": false
              }
            ],
            "website": [],
            "website_domain": null,
            "website_endpoint": null
          },
          "sensitive_attributes": [],
          "identity_schema_version": 0,
          "private": "eyJlMmJmYjczMC1lY2FhLTExZTYtOGY4OC0zNDM2M2JjN2M0YzAiOnsiY3JlYXRlIjoxMjAwMDAwMDAwMDAwLCJkZWxldGUiOjM2MDAwMDAwMDAwMDAsInJlYWQiOjEyMDAwMDAwMDAwMDAsInVwZGF0ZSI6MTIwMDAwMDAwMDAwMH19",
          "dependencies": [
            "data.aws_caller_identity.current"
          ]
        }
      ]
    },
    {
      "mode": "managed",
      "type": "aws_s3_bucket_versioning",
      "name": "artifacts",
      "provider": "provider[\"registry.terraform.io/hashicorp/aws\"]",
      "instances": [
        {
          "schema_version": 0,
          "attributes": {
            "bucket": "dev-app-bucket-719429929507",
            "expected_bucket_owner": "",
            "id": "dev-app-bucket-719429929507",
            "mfa": null,
            "versioning_configuration": [
              {
                "mfa_delete": "",
                "status": "Enabled"
              }
            ]
          },
          "sensitive_attributes": [],
          "identity_schema_version": 0,
          "private": "bnVsbA==",
          "dependencies": [
            "aws_s3_bucket.artifacts",
            "data.aws_caller_identity.current"
          ]
        }
      ]
    },
    {
      "mode": "managed",
      "type": "aws_security_group",
      "name": "app",
      "provider": "provider[\"registry.terraform.io/hashicorp/aws\"]",
      "instances": [
        {
          "schema_version": 1,
          "attributes": {
            "arn": "arn:aws:ec2:eu-central-1:719429929507:security-group/sg-09160a445cd0390d8",
            "description": "Security Group for applications (Lab 5 Dynamic Block)",
            "egress": [
              {
                "cidr_blocks": [
                  "0.0.0.0/0"
                ],
                "description": "",
                "from_port": 0,
                "ipv6_cidr_blocks": [],
                "prefix_list_ids": [],
                "protocol": "-1",
                "security_groups": [],
                "self": false,
                "to_port": 0
              }
            ],
            "id": "sg-09160a445cd0390d8",
            "ingress": [
              {
                "cidr_blocks": [
                  "0.0.0.0/0"
                ],
                "description": "HTTP access for application",
                "from_port": 80,
                "ipv6_cidr_blocks": [],
                "prefix_list_ids": [],
                "protocol": "tcp",
                "security_groups": [],
                "self": false,
                "to_port": 80
              },
              {
                "cidr_blocks": [
                  "0.0.0.0/0"
                ],
                "description": "HTTPS access",
                "from_port": 443,
                "ipv6_cidr_blocks": [],
                "prefix_list_ids": [],
                "protocol": "tcp",
                "security_groups": [],
                "self": false,
                "to_port": 443
              },
              {
                "cidr_blocks": [
                  "0.0.0.0/0"
                ],
                "description": "SSH access",
                "from_port": 22,
                "ipv6_cidr_blocks": [],
                "prefix_list_ids": [],
                "protocol": "tcp",
                "security_groups": [],
                "self": false,
                "to_port": 22
              },
              {
                "cidr_blocks": [
                  "10.0.0.0/16"
                ],
                "description": "Jenkins agent port (inside VPC)",
                "from_port": 8080,
                "ipv6_cidr_blocks": [],
                "prefix_list_ids": [],
                "protocol": "tcp",
                "security_groups": [],
                "self": false,
                "to_port": 8080
              }
            ],
            "name": "dev-app-sg",
            "name_prefix": "",
            "owner_id": "719429929507",
            "revoke_rules_on_delete": false,
            "tags": {
              "Name": "dev-app-sg"
            },
            "tags_all": {
              "Environment": "dev",
              "Lab": "lab-complete",
              "ManagedBy": "Terraform",
              "Name": "dev-app-sg",
              "Project": "QazaqAir-Complete-Lab"
            },
            "timeouts": null,
            "vpc_id": "vpc-061e597c83a826059"
          },
          "sensitive_attributes": [],
          "identity_schema_version": 0,
          "private": "eyJlMmJmYjczMC1lY2FhLTExZTYtOGY4OC0zNDM2M2JjN2M0YzAiOnsiY3JlYXRlIjo2MDAwMDAwMDAwMDAsImRlbGV0ZSI6OTAwMDAwMDAwMDAwfSwic2NoZW1hX3ZlcnNpb24iOiIxIn0=",
          "dependencies": [
            "aws_vpc.main"
          ]
        }
      ]
    },
    {
      "mode": "managed",
      "type": "aws_security_group",
      "name": "jenkins",
      "provider": "provider[\"registry.terraform.io/hashicorp/aws\"]",
      "instances": [
        {
          "schema_version": 1,
          "attributes": {
            "arn": "arn:aws:ec2:eu-central-1:719429929507:security-group/sg-01941a4ed1fa672f8",
            "description": "Security Group for Jenkins server",
            "egress": [
              {
                "cidr_blocks": [
                  "0.0.0.0/0"
                ],
                "description": "",
                "from_port": 0,
                "ipv6_cidr_blocks": [],
                "prefix_list_ids": [],
                "protocol": "-1",
                "security_groups": [],
                "self": false,
                "to_port": 0
              }
            ],
            "id": "sg-01941a4ed1fa672f8",
            "ingress": [
              {
                "cidr_blocks": [
                  "0.0.0.0/0"
                ],
                "description": "Jenkins Web UI",
                "from_port": 8080,
                "ipv6_cidr_blocks": [],
                "prefix_list_ids": [],
                "protocol": "tcp",
                "security_groups": [],
                "self": false,
                "to_port": 8080
              },
              {
                "cidr_blocks": [
                  "10.0.0.0/16"
                ],
                "description": "Jenkins Agent",
                "from_port": 50000,
                "ipv6_cidr_blocks": [],
                "prefix_list_ids": [],
                "protocol": "tcp",
                "security_groups": [],
                "self": false,
                "to_port": 50000
              }
            ],
            "name": "dev-jenkins-sg",
            "name_prefix": "",
            "owner_id": "719429929507",
            "revoke_rules_on_delete": false,
            "tags": {
              "Name": "dev-jenkins-sg"
            },
            "tags_all": {
              "Environment": "dev",
              "Lab": "lab-complete",
              "ManagedBy": "Terraform",
              "Name": "dev-jenkins-sg",
              "Project": "QazaqAir-Complete-Lab"
            },
            "timeouts": null,
            "vpc_id": "vpc-061e597c83a826059"
          },
          "sensitive_attributes": [],
          "identity_schema_version": 0,
          "private": "eyJlMmJmYjczMC1lY2FhLTExZTYtOGY4OC0zNDM2M2JjN2M0YzAiOnsiY3JlYXRlIjo2MDAwMDAwMDAwMDAsImRlbGV0ZSI6OTAwMDAwMDAwMDAwfSwic2NoZW1hX3ZlcnNpb24iOiIxIn0=",
          "dependencies": [
            "aws_vpc.main"
          ]
        }
      ]
    },
    {
      "mode": "managed",
      "type": "aws_subnet",
      "name": "private",
      "provider": "provider[\"registry.terraform.io/hashicorp/aws\"]",
      "instances": [
        {
          "index_key": 0,
          "schema_version": 1,
          "attributes": {
            "arn": "arn:aws:ec2:eu-central-1:719429929507:subnet/subnet-0554613450802fa9f",
            "assign_ipv6_address_on_creation": false,
            "availability_zone": "eu-central-1a",
            "availability_zone_id": "euc1-az2",
            "cidr_block": "10.0.10.0/24",
            "customer_owned_ipv4_pool": "",
            "enable_dns64": false,
            "enable_lni_at_device_index": 0,
            "enable_resource_name_dns_a_record_on_launch": false,
            "enable_resource_name_dns_aaaa_record_on_launch": false,
            "id": "subnet-0554613450802fa9f",
            "ipv6_cidr_block": "",
            "ipv6_cidr_block_association_id": "",
            "ipv6_native": false,
            "map_customer_owned_ip_on_launch": false,
            "map_public_ip_on_launch": false,
            "outpost_arn": "",
            "owner_id": "719429929507",
            "private_dns_hostname_type_on_launch": "ip-name",
            "tags": {
              "Name": "dev-private-1",
              "Type": "private"
            },
            "tags_all": {
              "Environment": "dev",
              "Lab": "lab-complete",
              "ManagedBy": "Terraform",
              "Name": "dev-private-1",
              "Project": "QazaqAir-Complete-Lab",
              "Type": "private"
            },
            "timeouts": null,
            "vpc_id": "vpc-061e597c83a826059"
          },
          "sensitive_attributes": [],
          "identity_schema_version": 0,
          "private": "eyJlMmJmYjczMC1lY2FhLTExZTYtOGY4OC0zNDM2M2JjN2M0YzAiOnsiY3JlYXRlIjo2MDAwMDAwMDAwMDAsImRlbGV0ZSI6MTIwMDAwMDAwMDAwMH0sInNjaGVtYV92ZXJzaW9uIjoiMSJ9",
          "dependencies": [
            "aws_vpc.main"
          ]
        },
        {
          "index_key": 1,
          "schema_version": 1,
          "attributes": {
            "arn": "arn:aws:ec2:eu-central-1:719429929507:subnet/subnet-0a100cf885a1a9c68",
            "assign_ipv6_address_on_creation": false,
            "availability_zone": "eu-central-1b",
            "availability_zone_id": "euc1-az3",
            "cidr_block": "10.0.11.0/24",
            "customer_owned_ipv4_pool": "",
            "enable_dns64": false,
            "enable_lni_at_device_index": 0,
            "enable_resource_name_dns_a_record_on_launch": false,
            "enable_resource_name_dns_aaaa_record_on_launch": false,
            "id": "subnet-0a100cf885a1a9c68",
            "ipv6_cidr_block": "",
            "ipv6_cidr_block_association_id": "",
            "ipv6_native": false,
            "map_customer_owned_ip_on_launch": false,
            "map_public_ip_on_launch": false,
            "outpost_arn": "",
            "owner_id": "719429929507",
            "private_dns_hostname_type_on_launch": "ip-name",
            "tags": {
              "Name": "dev-private-2",
              "Type": "private"
            },
            "tags_all": {
              "Environment": "dev",
              "Lab": "lab-complete",
              "ManagedBy": "Terraform",
              "Name": "dev-private-2",
              "Project": "QazaqAir-Complete-Lab",
              "Type": "private"
            },
            "timeouts": null,
            "vpc_id": "vpc-061e597c83a826059"
          },
          "sensitive_attributes": [],
          "identity_schema_version": 0,
          "private": "eyJlMmJmYjczMC1lY2FhLTExZTYtOGY4OC0zNDM2M2JjN2M0YzAiOnsiY3JlYXRlIjo2MDAwMDAwMDAwMDAsImRlbGV0ZSI6MTIwMDAwMDAwMDAwMH0sInNjaGVtYV92ZXJzaW9uIjoiMSJ9",
          "dependencies": [
            "aws_vpc.main"
          ]
        }
      ]
    },
    {
      "mode": "managed",
      "type": "aws_subnet",
      "name": "public",
      "provider": "provider[\"registry.terraform.io/hashicorp/aws\"]",
      "instances": [
        {
          "index_key": 0,
          "schema_version": 1,
          "attributes": {
            "arn": "arn:aws:ec2:eu-central-1:719429929507:subnet/subnet-0a940826ad06151c1",
            "assign_ipv6_address_on_creation": false,
            "availability_zone": "eu-central-1a",
            "availability_zone_id": "euc1-az2",
            "cidr_block": "10.0.0.0/24",
            "customer_owned_ipv4_pool": "",
            "enable_dns64": false,
            "enable_lni_at_device_index": 0,
            "enable_resource_name_dns_a_record_on_launch": false,
            "enable_resource_name_dns_aaaa_record_on_launch": false,
            "id": "subnet-0a940826ad06151c1",
            "ipv6_cidr_block": "",
            "ipv6_cidr_block_association_id": "",
            "ipv6_native": false,
            "map_customer_owned_ip_on_launch": false,
            "map_public_ip_on_launch": true,
            "outpost_arn": "",
            "owner_id": "719429929507",
            "private_dns_hostname_type_on_launch": "ip-name",
            "tags": {
              "Name": "dev-public-1",
              "Type": "public"
            },
            "tags_all": {
              "Environment": "dev",
              "Lab": "lab-complete",
              "ManagedBy": "Terraform",
              "Name": "dev-public-1",
              "Project": "QazaqAir-Complete-Lab",
              "Type": "public"
            },
            "timeouts": null,
            "vpc_id": "vpc-061e597c83a826059"
          },
          "sensitive_attributes": [],
          "identity_schema_version": 0,
          "private": "eyJlMmJmYjczMC1lY2FhLTExZTYtOGY4OC0zNDM2M2JjN2M0YzAiOnsiY3JlYXRlIjo2MDAwMDAwMDAwMDAsImRlbGV0ZSI6MTIwMDAwMDAwMDAwMH0sInNjaGVtYV92ZXJzaW9uIjoiMSJ9",
          "dependencies": [
            "aws_vpc.main"
          ]
        },
        {
          "index_key": 1,
          "schema_version": 1,
          "attributes": {
            "arn": "arn:aws:ec2:eu-central-1:719429929507:subnet/subnet-01b5d7102d1974588",
            "assign_ipv6_address_on_creation": false,
            "availability_zone": "eu-central-1b",
            "availability_zone_id": "euc1-az3",
            "cidr_block": "10.0.1.0/24",
            "customer_owned_ipv4_pool": "",
            "enable_dns64": false,
            "enable_lni_at_device_index": 0,
            "enable_resource_name_dns_a_record_on_launch": false,
            "enable_resource_name_dns_aaaa_record_on_launch": false,
            "id": "subnet-01b5d7102d1974588",
            "ipv6_cidr_block": "",
            "ipv6_cidr_block_association_id": "",
            "ipv6_native": false,
            "map_customer_owned_ip_on_launch": false,
            "map_public_ip_on_launch": true,
            "outpost_arn": "",
            "owner_id": "719429929507",
            "private_dns_hostname_type_on_launch": "ip-name",
            "tags": {
              "Name": "dev-public-2",
              "Type": "public"
            },
            "tags_all": {
              "Environment": "dev",
              "Lab": "lab-complete",
              "ManagedBy": "Terraform",
              "Name": "dev-public-2",
              "Project": "QazaqAir-Complete-Lab",
              "Type": "public"
            },
            "timeouts": null,
            "vpc_id": "vpc-061e597c83a826059"
          },
          "sensitive_attributes": [],
          "identity_schema_version": 0,
          "private": "eyJlMmJmYjczMC1lY2FhLTExZTYtOGY4OC0zNDM2M2JjN2M0YzAiOnsiY3JlYXRlIjo2MDAwMDAwMDAwMDAsImRlbGV0ZSI6MTIwMDAwMDAwMDAwMH0sInNjaGVtYV92ZXJzaW9uIjoiMSJ9",
          "dependencies": [
            "aws_vpc.main"
          ]
        }
      ]
    },
    {
      "mode": "managed",
      "type": "aws_vpc",
      "name": "main",
      "provider": "provider[\"registry.terraform.io/hashicorp/aws\"]",
      "instances": [
        {
          "schema_version": 1,
          "attributes": {
            "arn": "arn:aws:ec2:eu-central-1:719429929507:vpc/vpc-061e597c83a826059",
            "assign_generated_ipv6_cidr_block": false,
            "cidr_block": "10.0.0.0/16",
            "default_network_acl_id": "acl-0061da12b9f90b042",
            "default_route_table_id": "rtb-08d64aa53db15a673",
            "default_security_group_id": "sg-0e5055e2aa9a904d6",
            "dhcp_options_id": "dopt-0cfe291d91f8ad9d7",
            "enable_classiclink": false,
            "enable_classiclink_dns_support": false,
            "enable_dns_hostnames": true,
            "enable_dns_support": true,
            "enable_network_address_usage_metrics": false,
            "id": "vpc-061e597c83a826059",
            "instance_tenancy": "default",
            "ipv4_ipam_pool_id": null,
            "ipv4_netmask_length": null,
            "ipv6_association_id": "",
            "ipv6_cidr_block": "",
            "ipv6_cidr_block_network_border_group": "",
            "ipv6_ipam_pool_id": "",
            "ipv6_netmask_length": 0,
            "main_route_table_id": "rtb-08d64aa53db15a673",
            "owner_id": "719429929507",
            "tags": {
              "Name": "dev-vpc"
            },
            "tags_all": {
              "Environment": "dev",
              "Lab": "lab-complete",
              "ManagedBy": "Terraform",
              "Name": "dev-vpc",
              "Project": "QazaqAir-Complete-Lab"
            }
          },
          "sensitive_attributes": [],
          "identity_schema_version": 0,
          "private": "eyJzY2hlbWFfdmVyc2lvbiI6IjEifQ=="
        }
      ]
    },
    {
      "mode": "managed",
      "type": "docker_container",
      "name": "jenkins",
      "provider": "provider[\"registry.terraform.io/kreuzwerker/docker\"]",
      "instances": [
        {
          "schema_version": 2,
          "attributes": {
            "attach": false,
            "bridge": "",
            "capabilities": [],
            "cgroup_parent": null,
            "cgroupns_mode": null,
            "command": [],
            "container_logs": null,
            "container_read_refresh_timeout_milliseconds": 15000,
            "cpu_period": null,
            "cpu_quota": null,
            "cpu_set": "",
            "cpu_shares": 0,
            "cpus": null,
            "destroy_grace_seconds": null,
            "devices": [],
            "dns": null,
            "dns_opts": null,
            "dns_search": null,
            "domainname": "",
            "entrypoint": [
              "/usr/bin/tini",
              "--",
              "/usr/local/bin/jenkins.sh"
            ],
            "env": [
              "JAVA_OPTS=-Djenkins.install.runSetupWizard=false",
              "JENKINS_OPTS=--argumentsRealm.roles.user=admin --argumentsRealm.roles.password=admin123"
            ],
            "exit_code": null,
            "gpus": null,
            "group_add": null,
            "healthcheck": null,
            "host": [],
            "hostname": "5b4beaf8d323",
            "id": "5b4beaf8d323a3e44b39409de40b001b52575673d9d446b1442a00881fc9d008",
            "image": "jenkins/jenkins:lts-jdk17",
            "init": false,
            "ipc_mode": "private",
            "labels": [
              {
                "label": "environment",
                "value": "dev"
              },
              {
                "label": "lab",
                "value": "lab-complete"
              },
              {
                "label": "service",
                "value": "jenkins"
              }
            ],
            "log_driver": "json-file",
            "log_opts": null,
            "logs": false,
            "max_retry_count": 0,
            "memory": 0,
            "memory_reservation": 0,
            "memory_swap": 0,
            "mounts": [],
            "must_run": true,
            "name": "dev-jenkins",
            "network_data": [
              {
                "gateway": "172.21.0.1",
                "global_ipv6_address": "",
                "global_ipv6_prefix_length": 0,
                "ip_address": "172.21.0.2",
                "ip_prefix_length": 16,
                "ipv6_gateway": "",
                "mac_address": "ee:b7:e0:31:1f:2c",
                "network_name": "dev-jenkins-network"
              }
            ],
            "network_mode": "bridge",
            "networks_advanced": [
              {
                "aliases": [],
                "ipv4_address": "",
                "ipv6_address": "",
                "mac_address": "",
                "name": "dev-jenkins-network"
              }
            ],
            "pid_mode": "",
            "ports": [
              {
                "external": 8080,
                "internal": 8080,
                "ip": "0.0.0.0",
                "protocol": "tcp"
              },
              {
                "external": 50000,
                "internal": 50000,
                "ip": "0.0.0.0",
                "protocol": "tcp"
              }
            ],
            "privileged": false,
            "publish_all_ports": false,
            "read_only": false,
            "remove_volumes": true,
            "restart": "always",
            "rm": false,
            "runtime": "runc",
            "security_opts": [],
            "shm_size": 64,
            "start": true,
            "stdin_open": false,
            "stop_signal": "",
            "stop_timeout": 1,
            "storage_opts": null,
            "sysctls": null,
            "tmpfs": null,
            "tty": false,
            "ulimit": [],
            "upload": [],
            "user": "root",
            "userns_mode": "",
            "volumes": [
              {
                "container_path": "/var/jenkins_home",
                "from_container": "",
                "host_path": "",
                "read_only": null,
                "volume_name": "dev-jenkins-data"
              },
              {
                "container_path": "/var/jenkins_home/.ssh/id_rsa",
                "from_container": "",
                "host_path": "c:/Users/anura/MyProjects/IdeaProjects/QazaqAir/terraform/labs/lab-complete/dev-private-key.pem",
                "read_only": true,
                "volume_name": ""
              },
              {
                "container_path": "/var/run/docker.sock",
                "from_container": "",
                "host_path": "/var/run/docker.sock",
                "read_only": null,
                "volume_name": ""
              }
            ],
            "wait": false,
            "wait_timeout": 60,
            "working_dir": ""
          },
          "sensitive_attributes": [
            [
              {
                "type": "get_attr",
                "value": "env"
              }
            ]
          ],
          "identity_schema_version": 0,
          "private": "eyJzY2hlbWFfdmVyc2lvbiI6IjIifQ==",
          "dependencies": [
            "docker_network.jenkins",
            "docker_volume.jenkins_data",
            "local_file.private_key",
            "tls_private_key.ssh"
          ]
        }
      ]
    },
    {
      "mode": "managed",
      "type": "docker_network",
      "name": "jenkins",
      "provider": "provider[\"registry.terraform.io/kreuzwerker/docker\"]",
      "instances": [
        {
          "schema_version": 1,
          "attributes": {
            "attachable": false,
            "check_duplicate": null,
            "driver": "bridge",
            "id": "73f6a32b4bb8f680f98cfc69ce5855cefbf4e6c05e7208ff2678452d2e82edca",
            "ingress": false,
            "internal": false,
            "ipam_config": [
              {
                "aux_address": {},
                "gateway": "172.21.0.1",
                "ip_range": "",
                "subnet": "172.21.0.0/16"
              }
            ],
            "ipam_driver": "default",
            "ipam_options": {},
            "ipv6": false,
            "labels": [
              {
                "label": "environment",
                "value": "dev"
              }
            ],
            "name": "dev-jenkins-network",
            "options": {
              "com.docker.network.enable_ipv4": "true",
              "com.docker.network.enable_ipv6": "false"
            },
            "scope": "local"
          },
          "sensitive_attributes": [],
          "identity_schema_version": 0,
          "private": "eyJzY2hlbWFfdmVyc2lvbiI6IjEifQ=="
        }
      ]
    },
    {
      "mode": "managed",
      "type": "docker_volume",
      "name": "jenkins_data",
      "provider": "provider[\"registry.terraform.io/kreuzwerker/docker\"]",
      "instances": [
        {
          "schema_version": 1,
          "attributes": {
            "cluster": [],
            "driver": "local",
            "driver_opts": {},
            "id": "dev-jenkins-data",
            "labels": [
              {
                "label": "environment",
                "value": "dev"
              }
            ],
            "mountpoint": "/var/lib/docker/volumes/dev-jenkins-data/_data",
            "name": "dev-jenkins-data"
          },
          "sensitive_attributes": [],
          "identity_schema_version": 0,
          "private": "eyJzY2hlbWFfdmVyc2lvbiI6IjEifQ=="
        }
      ]
    },
    {
      "mode": "managed",
      "type": "local_file",
      "name": "private_key",
      "provider": "provider[\"registry.terraform.io/hashicorp/local\"]",
      "instances": [
        {
          "schema_version": 0,
          "attributes": {
            "content": "-----BEGIN RSA PRIVATE KEY-----\nMIIJKAIBAAKCAgEAvwd1gRod49EYkbYzBDUzS3jPOOkjM6UdZRn/7LxRf52GYoXM\nXWaVYZ7zdluw9mhpvvexpsaG832h3D9gRRBXXoEbCkb85Jpl7O5DLrSVJE3IkRLW\n3vqL+PlqL7bugbIEVNdZcCmErMBjcdd03MECCMCIU6C/rtyrWKrA2t1FwumesLKo\nb0WF2lHnAapnr8pQCuyXSclm2gA/NCXGKRunTDYyScxp+i+abX8kgP/tbrX6092E\nSmsNPVGgtQLOSmSYWyUqOOvbI51dcBlR9WgiQeMgmd9BDRkVJug8lJKnUs7KnMPB\nuvN1ov4z2KopoAjdJFMxTZ/vlBx8fkmvPl3xOpxlDdlsfVR0WcNhVAgSzdm7woAq\nZf6dbrolUjCqtfYSborrdol4opx+uoTw4yjTIUIz1WjapE2MA80OjUpZZkoU11Gg\nrAxHkn94Y4sPVrNigj/PP7kKhe0wsy1mUVt5sdUOvoXUQeODBNeJMqoWHI0XW3ot\nS/7GgyrAMdoZIl1Pi8rCBedbrek1JckA6RUuvMiPxiSvWQTYMozUMCHEIT7FUglw\nlYfJp0EI7C9EoaFVNRRMwt/+FbePltvqIY52VxLVtJ28jKzr7nhNJnI1u1Wdjoum\nitFtIrwJ+1WDh+uir+t6zFzHrWWZ43PCgyg3ZFEc7TLqTkzTP0QXq5t57JkCAwEA\nAQKCAf98nWEJ1v+onb5pT3H4TLwpf6Wuemd8STnjuhI5XJ/Nn/UKUD4Ar+rCw+4O\nR8Io+/P/n5VENj3SmSH9i1pBs2dLPu1kxuoyNoZHCSbKUQL5q8Qq3x9MViT5Rbr/\nZVYxRO+OaOzvPiZOizJUETkqyL2K+A32f+aLK2ibbshf/fiELeJXYjR+Ydvvj34i\nmAcLpe6RMcV/XOK7U23nlryuFFwOW0xy1+ZKTsNuqoIlpM4+ang1vUuPQEZiud0c\nN7haz0SUMKpad4F8uis59UqBzGyMjp21wu2snbAusVDTmteMLVn+6bR3QFp8+VbZ\nACgnPaEFEUAYYzzmYa7UszyecqnpbwgIQh8pUT0mEXKGJiJyS0wzZJwPGXVM9STu\nboUPcbbSeUA8JP8kKZfK9YL3HTUO6uzM527bMu1wMg+sFFdrWKMW1D53jK8N5A6C\nbVpPrdZ5ccYCC9WYL+mOFlpwEi9cfCz5wv47bn+15ah5ENz9jcxOfcYfAv1ylDUv\nAWuaELyOTlavQpbxm1p2QN9v3zIeKyMSJDWlCNmivNSghKnrVyO7MIkYNi82DdRR\ndKuk4XWfA47P8dcML70p4hQQQk6CMp4pWGJ+ZNQLT/Lw0hn4J2KREyo/VHUxMVCN\nUlkIFx3s2vltus0/N5xNp9S73XTE6n6CMcvYfTQ4OfKGCDRxAoIBAQD8oBlghgl8\nGif/un3x3PBRHYHKG0dTGcUYMLLGCvJMyauYVvv3IDygCdg0yPY5ZliDv5MEgJS7\n4kuQYCZV0ImvrvBf4meQBUk5nlXiFj7I1IUY3BP8fT/QCjr9YceBjb1/Q/6w/jYA\nrM/jFlp1o+64CBN8CYyoQ1XW5Pq7vlFAL1mR49gQwyx3BgTDbg68afGCcBmeCUMC\n6iQs7c0bo6mRj6/K7o2EjAp5K28ymojidkKE+BzJlUm8OXG5M09OHImQvjCgH1Qt\n2/PIocyLqQ3C9NKK0zZF8FX0twUW3A62U5PheKaOFcIa2ZamdortKh0k2MeYrBG5\nIswlLuJvWjqlAoIBAQDBlLg+aaQ52LaorZfa8wlU5AJVxmEIOwBfW3/f9+uSosvb\neVUs0Q/l3rmcVgeRpsV8kEjJKuhG4XYh2w9cwNDRf0tnRLY9LW63Hmv11LQ6Cevb\ndMbW2niq763XP4SaHeDpqdn8vYdnFNbWwf1rHcgE56OGcoVqRSfbSGrpTye/GRyy\nIaR9Q+G4PlpX1sbPXhptluA4Cg33+UrKfZab6Jx17wJQfoeiPPbbuzFvpuC3DCqN\nhfgYeau/4Rr8BRUu68mrSY0+sWVKcvLOVqbmfCM3rDqIIoyBNXwRqTKWL1zxod07\nN11yXaS/ePyubqFRwTEkMqI/VStG92lDcZmu1uvlAoIBAQD0dwmXup3bFoS2mAXg\n0+lK1b8Pka5H4Jw2eInH1Df9zvrbBPH3h56jUGOFUSPVEBGADRd8N+G2n5p4MFNo\nn9FdzXCXmUSWvkbKF0sM6nH/bokOMYq1v47NB9ll8gVafYtvaKFDLf2cUZ8rJiqL\nxQPx2v7f/W28Ns0Ok69/lwCRmECZSV+BeR3CYHSjmhFwiyVHEKv5nwTWATbYs5bU\ntGAXmHCJdKhGKC7KaxnEYn8shzx/6IoTGQCtwPkoO1r3P+5vv1zW1vpjFoKnGMwU\nKphCnSBRb2sJ6zWDBslKAdHK5r4oZtTmkm+wA/ghRn3SW/qv+YfNWlYcTmw3X1OI\nZkxxAoIBAD6LxcfsrDJAkiwIArOsqQwzq4l5UmqtXZ5x2uxLl2LGlOVx25JibieQ\nghpANava3Z40pD/TTD9yo4+mztziM9YssflI2zUDE+24t5szQZQrFnjOz1wmNKzO\nSjXtAPQmyT/WMGeX+ULWGeBDx5Svh6wGB/Dt2auPcqRITrrZZ3c4LuxjMFmE8E5u\nXxRYgd4IgrN79zBEF2VSt9abI2l2i+8S7YWCjGJgHka6wetYWOzr0mftrE6EKXkS\ny3w4TDLf3kYouqlR+e9HGqqOltiLrXlUfYj02L76v/6Y045w+S/dY7S5W8kS9qMi\n/UmC1z6qFC2k6oVaCGSilfFDqCs0p/0CggEBAOd8q9Wg4DmcEbJ+jO8Rw1TgJnLm\nOHlRkhGk/R5B/X9PuhPt+M+fKPLc1QrB2A3fMRJY9UEYZUc5QTwT/U43v/CAyhEC\nZGenZWqYCSX1zDM12+sFSSmovzoWl8qB2xPV8Gjs/NhKU/hsHwlezG5s9mTqJ5W9\nBFwROyInE4EmIoy0v213P8GYhCdgvS98py5phYsr7ih7yZwsSwOQqJdoGUJA+qE/\nU3fGx0sdZ/x5J3e8zB7VdLgl7P2JQXVVGNeMqOLRuLRzuoYORvEyOFytAIMKia3O\nrmUvXKvff9gNj0cqyEJxjS5WySlZ2CXkIAWYWAKe1+8MTC0jNxf0HuCGzFQ=\n-----END RSA PRIVATE KEY-----\n",
            "content_base64": null,
            "content_base64sha256": "f5cJYJ3b9CF6iqxI1MvSRZSvEwq3HGx4YIM7b68tb9U=",
            "content_base64sha512": "3ku1IvwN41ndOtyjDrJeFVdstXeckWJKJQM4PbsVc0i3vnrmoILXBlORvCcr4ZIunoxVxgO4C9KfSz8Qmx1MOg==",
            "content_md5": "d15082ab582ce2f86a891f8cea2f3249",
            "content_sha1": "306fc5da6c8a3f7ba0ef12492531731b1e18fa60",
            "content_sha256": "7f9709609ddbf4217a8aac48d4cbd24594af130ab71c6c7860833b6faf2d6fd5",
            "content_sha512": "de4bb522fc0de359dd3adca30eb25e15576cb5779c91624a2503383dbb157348b7be7ae6a082d7065391bc272be1922e9e8c55c603b80bd29f4b3f109b1d4c3a",
            "directory_permission": "0777",
            "file_permission": "0400",
            "filename": "./dev-private-key.pem",
            "id": "306fc5da6c8a3f7ba0ef12492531731b1e18fa60",
            "sensitive_content": null,
            "source": null
          },
          "sensitive_attributes": [
            [
              {
                "type": "get_attr",
                "value": "content"
              }
            ],
            [
              {
                "type": "get_attr",
                "value": "sensitive_content"
              }
            ]
          ],
          "identity_schema_version": 0,
          "dependencies": [
            "tls_private_key.ssh"
          ]
        }
      ]
    },
    {
      "mode": "managed",
      "type": "tls_private_key",
      "name": "ssh",
      "provider": "provider[\"registry.terraform.io/hashicorp/tls\"]",
      "instances": [
        {
          "schema_version": 1,
          "attributes": {
            "algorithm": "RSA",
            "ecdsa_curve": "P224",
            "id": "5e2fe7106192bc9f9655518e97d25e52db1a79ef",
            "private_key_openssh": "-----BEGIN OPENSSH PRIVATE KEY-----\nb3BlbnNzaC1rZXktdjEAAAAABG5vbmUAAAAEbm9uZQAAAAAAAAABAAACFwAAAAdz\nc2gtcnNhAAAAAwEAAQAAAgEAvwd1gRod49EYkbYzBDUzS3jPOOkjM6UdZRn/7LxR\nf52GYoXMXWaVYZ7zdluw9mhpvvexpsaG832h3D9gRRBXXoEbCkb85Jpl7O5DLrSV\nJE3IkRLW3vqL+PlqL7bugbIEVNdZcCmErMBjcdd03MECCMCIU6C/rtyrWKrA2t1F\nwumesLKob0WF2lHnAapnr8pQCuyXSclm2gA/NCXGKRunTDYyScxp+i+abX8kgP/t\nbrX6092ESmsNPVGgtQLOSmSYWyUqOOvbI51dcBlR9WgiQeMgmd9BDRkVJug8lJKn\nUs7KnMPBuvN1ov4z2KopoAjdJFMxTZ/vlBx8fkmvPl3xOpxlDdlsfVR0WcNhVAgS\nzdm7woAqZf6dbrolUjCqtfYSborrdol4opx+uoTw4yjTIUIz1WjapE2MA80OjUpZ\nZkoU11GgrAxHkn94Y4sPVrNigj/PP7kKhe0wsy1mUVt5sdUOvoXUQeODBNeJMqoW\nHI0XW3otS/7GgyrAMdoZIl1Pi8rCBedbrek1JckA6RUuvMiPxiSvWQTYMozUMCHE\nIT7FUglwlYfJp0EI7C9EoaFVNRRMwt/+FbePltvqIY52VxLVtJ28jKzr7nhNJnI1\nu1WdjoumitFtIrwJ+1WDh+uir+t6zFzHrWWZ43PCgyg3ZFEc7TLqTkzTP0QXq5t5\n7JkAAAc4bxLt8G8S7fAAAAAHc3NoLXJzYQAAAgEAvwd1gRod49EYkbYzBDUzS3jP\nOOkjM6UdZRn/7LxRf52GYoXMXWaVYZ7zdluw9mhpvvexpsaG832h3D9gRRBXXoEb\nCkb85Jpl7O5DLrSVJE3IkRLW3vqL+PlqL7bugbIEVNdZcCmErMBjcdd03MECCMCI\nU6C/rtyrWKrA2t1FwumesLKob0WF2lHnAapnr8pQCuyXSclm2gA/NCXGKRunTDYy\nScxp+i+abX8kgP/tbrX6092ESmsNPVGgtQLOSmSYWyUqOOvbI51dcBlR9WgiQeMg\nmd9BDRkVJug8lJKnUs7KnMPBuvN1ov4z2KopoAjdJFMxTZ/vlBx8fkmvPl3xOpxl\nDdlsfVR0WcNhVAgSzdm7woAqZf6dbrolUjCqtfYSborrdol4opx+uoTw4yjTIUIz\n1WjapE2MA80OjUpZZkoU11GgrAxHkn94Y4sPVrNigj/PP7kKhe0wsy1mUVt5sdUO\nvoXUQeODBNeJMqoWHI0XW3otS/7GgyrAMdoZIl1Pi8rCBedbrek1JckA6RUuvMiP\nxiSvWQTYMozUMCHEIT7FUglwlYfJp0EI7C9EoaFVNRRMwt/+FbePltvqIY52VxLV\ntJ28jKzr7nhNJnI1u1WdjoumitFtIrwJ+1WDh+uir+t6zFzHrWWZ43PCgyg3ZFEc\n7TLqTkzTP0QXq5t57JkAAAADAQABAAAB/3ydYQnW/6idvmlPcfhMvCl/pa56Z3xJ\nOeO6Ejlcn82f9QpQPgCv6sLD7g5Hwij78/+flUQ2PdKZIf2LWkGzZ0s+7WTG6jI2\nhkcJJspRAvmrxCrfH0xWJPlFuv9lVjFE745o7O8+Jk6LMlQROSrIvYr4DfZ/5osr\naJtuyF/9+IQt4ldiNH5h2++PfiKYBwul7pExxX9c4rtTbeeWvK4UXA5bTHLX5kpO\nw26qgiWkzj5qeDW9S49ARmK53Rw3uFrPRJQwqlp3gXy6Kzn1SoHMbIyOnbXC7ayd\nsC6xUNOa14wtWf7ptHdAWnz5VtkAKCc9oQURQBhjPOZhrtSzPJ5yqelvCAhCHylR\nPSYRcoYmInJLTDNknA8ZdUz1JO5uhQ9xttJ5QDwk/yQpl8r1gvcdNQ7q7Mznbtsy\n7XAyD6wUV2tYoxbUPneMrw3kDoJtWk+t1nlxxgIL1Zgv6Y4WWnASL1x8LPnC/jtu\nf7XlqHkQ3P2NzE59xh8C/XKUNS8Ba5oQvI5OVq9ClvGbWnZA32/fMh4rIxIkNaUI\n2aK81KCEqetXI7swiRg2LzYN1FF0q6ThdZ8Djs/x1wwvvSniFBBCToIynilYYn5k\n1AtP8vDSGfgnYpETKj9UdTExUI1SWQgXHeza+W26zT83nE2n1LvddMTqfoIxy9h9\nNDg58oYINHEAAAEBAOd8q9Wg4DmcEbJ+jO8Rw1TgJnLmOHlRkhGk/R5B/X9PuhPt\n+M+fKPLc1QrB2A3fMRJY9UEYZUc5QTwT/U43v/CAyhECZGenZWqYCSX1zDM12+sF\nSSmovzoWl8qB2xPV8Gjs/NhKU/hsHwlezG5s9mTqJ5W9BFwROyInE4EmIoy0v213\nP8GYhCdgvS98py5phYsr7ih7yZwsSwOQqJdoGUJA+qE/U3fGx0sdZ/x5J3e8zB7V\ndLgl7P2JQXVVGNeMqOLRuLRzuoYORvEyOFytAIMKia3OrmUvXKvff9gNj0cqyEJx\njS5WySlZ2CXkIAWYWAKe1+8MTC0jNxf0HuCGzFQAAAEBAPygGWCGCXwaJ/+6ffHc\n8FEdgcobR1MZxRgwssYK8kzJq5hW+/cgPKAJ2DTI9jlmWIO/kwSAlLviS5BgJlXQ\nia+u8F/iZ5AFSTmeVeIWPsjUhRjcE/x9P9AKOv1hx4GNvX9D/rD+NgCsz+MWWnWj\n7rgIE3wJjKhDVdbk+ru+UUAvWZHj2BDDLHcGBMNuDrxp8YJwGZ4JQwLqJCztzRuj\nqZGPr8rujYSMCnkrbzKaiOJ2QoT4HMmVSbw5cbkzT04ciZC+MKAfVC3b88ihzIup\nDcL00orTNkXwVfS3BRbcDrZTk+F4po4VwhrZlqZ2iu0qHSTYx5isEbkizCUu4m9a\nOqUAAAEBAMGUuD5ppDnYtqitl9rzCVTkAlXGYQg7AF9bf9/365Kiy9t5VSzRD+Xe\nuZxWB5GmxXyQSMkq6EbhdiHbD1zA0NF/S2dEtj0tbrcea/XUtDoJ69t0xtbaeKrv\nrdc/hJod4Omp2fy9h2cU1tbB/WsdyATno4ZyhWpFJ9tIaulPJ78ZHLIhpH1D4bg+\nWlfWxs9eGm2W4DgKDff5Ssp9lpvonHXvAlB+h6I89tu7MW+m4LcMKo2F+Bh5q7/h\nGvwFFS7ryatJjT6xZUpy8s5WpuZ8IzesOogijIE1fBGpMpYvXPGh3Ts3XXJdpL94\n/K5uoVHBMSQyoj9VK0b3aUNxma7W6+UAAAAAAQID\n-----END OPENSSH PRIVATE KEY-----\n",
            "private_key_pem": "-----BEGIN RSA PRIVATE KEY-----\nMIIJKAIBAAKCAgEAvwd1gRod49EYkbYzBDUzS3jPOOkjM6UdZRn/7LxRf52GYoXM\nXWaVYZ7zdluw9mhpvvexpsaG832h3D9gRRBXXoEbCkb85Jpl7O5DLrSVJE3IkRLW\n3vqL+PlqL7bugbIEVNdZcCmErMBjcdd03MECCMCIU6C/rtyrWKrA2t1FwumesLKo\nb0WF2lHnAapnr8pQCuyXSclm2gA/NCXGKRunTDYyScxp+i+abX8kgP/tbrX6092E\nSmsNPVGgtQLOSmSYWyUqOOvbI51dcBlR9WgiQeMgmd9BDRkVJug8lJKnUs7KnMPB\nuvN1ov4z2KopoAjdJFMxTZ/vlBx8fkmvPl3xOpxlDdlsfVR0WcNhVAgSzdm7woAq\nZf6dbrolUjCqtfYSborrdol4opx+uoTw4yjTIUIz1WjapE2MA80OjUpZZkoU11Gg\nrAxHkn94Y4sPVrNigj/PP7kKhe0wsy1mUVt5sdUOvoXUQeODBNeJMqoWHI0XW3ot\nS/7GgyrAMdoZIl1Pi8rCBedbrek1JckA6RUuvMiPxiSvWQTYMozUMCHEIT7FUglw\nlYfJp0EI7C9EoaFVNRRMwt/+FbePltvqIY52VxLVtJ28jKzr7nhNJnI1u1Wdjoum\nitFtIrwJ+1WDh+uir+t6zFzHrWWZ43PCgyg3ZFEc7TLqTkzTP0QXq5t57JkCAwEA\nAQKCAf98nWEJ1v+onb5pT3H4TLwpf6Wuemd8STnjuhI5XJ/Nn/UKUD4Ar+rCw+4O\nR8Io+/P/n5VENj3SmSH9i1pBs2dLPu1kxuoyNoZHCSbKUQL5q8Qq3x9MViT5Rbr/\nZVYxRO+OaOzvPiZOizJUETkqyL2K+A32f+aLK2ibbshf/fiELeJXYjR+Ydvvj34i\nmAcLpe6RMcV/XOK7U23nlryuFFwOW0xy1+ZKTsNuqoIlpM4+ang1vUuPQEZiud0c\nN7haz0SUMKpad4F8uis59UqBzGyMjp21wu2snbAusVDTmteMLVn+6bR3QFp8+VbZ\nACgnPaEFEUAYYzzmYa7UszyecqnpbwgIQh8pUT0mEXKGJiJyS0wzZJwPGXVM9STu\nboUPcbbSeUA8JP8kKZfK9YL3HTUO6uzM527bMu1wMg+sFFdrWKMW1D53jK8N5A6C\nbVpPrdZ5ccYCC9WYL+mOFlpwEi9cfCz5wv47bn+15ah5ENz9jcxOfcYfAv1ylDUv\nAWuaELyOTlavQpbxm1p2QN9v3zIeKyMSJDWlCNmivNSghKnrVyO7MIkYNi82DdRR\ndKuk4XWfA47P8dcML70p4hQQQk6CMp4pWGJ+ZNQLT/Lw0hn4J2KREyo/VHUxMVCN\nUlkIFx3s2vltus0/N5xNp9S73XTE6n6CMcvYfTQ4OfKGCDRxAoIBAQD8oBlghgl8\nGif/un3x3PBRHYHKG0dTGcUYMLLGCvJMyauYVvv3IDygCdg0yPY5ZliDv5MEgJS7\n4kuQYCZV0ImvrvBf4meQBUk5nlXiFj7I1IUY3BP8fT/QCjr9YceBjb1/Q/6w/jYA\nrM/jFlp1o+64CBN8CYyoQ1XW5Pq7vlFAL1mR49gQwyx3BgTDbg68afGCcBmeCUMC\n6iQs7c0bo6mRj6/K7o2EjAp5K28ymojidkKE+BzJlUm8OXG5M09OHImQvjCgH1Qt\n2/PIocyLqQ3C9NKK0zZF8FX0twUW3A62U5PheKaOFcIa2ZamdortKh0k2MeYrBG5\nIswlLuJvWjqlAoIBAQDBlLg+aaQ52LaorZfa8wlU5AJVxmEIOwBfW3/f9+uSosvb\neVUs0Q/l3rmcVgeRpsV8kEjJKuhG4XYh2w9cwNDRf0tnRLY9LW63Hmv11LQ6Cevb\ndMbW2niq763XP4SaHeDpqdn8vYdnFNbWwf1rHcgE56OGcoVqRSfbSGrpTye/GRyy\nIaR9Q+G4PlpX1sbPXhptluA4Cg33+UrKfZab6Jx17wJQfoeiPPbbuzFvpuC3DCqN\nhfgYeau/4Rr8BRUu68mrSY0+sWVKcvLOVqbmfCM3rDqIIoyBNXwRqTKWL1zxod07\nN11yXaS/ePyubqFRwTEkMqI/VStG92lDcZmu1uvlAoIBAQD0dwmXup3bFoS2mAXg\n0+lK1b8Pka5H4Jw2eInH1Df9zvrbBPH3h56jUGOFUSPVEBGADRd8N+G2n5p4MFNo\nn9FdzXCXmUSWvkbKF0sM6nH/bokOMYq1v47NB9ll8gVafYtvaKFDLf2cUZ8rJiqL\nxQPx2v7f/W28Ns0Ok69/lwCRmECZSV+BeR3CYHSjmhFwiyVHEKv5nwTWATbYs5bU\ntGAXmHCJdKhGKC7KaxnEYn8shzx/6IoTGQCtwPkoO1r3P+5vv1zW1vpjFoKnGMwU\nKphCnSBRb2sJ6zWDBslKAdHK5r4oZtTmkm+wA/ghRn3SW/qv+YfNWlYcTmw3X1OI\nZkxxAoIBAD6LxcfsrDJAkiwIArOsqQwzq4l5UmqtXZ5x2uxLl2LGlOVx25JibieQ\nghpANava3Z40pD/TTD9yo4+mztziM9YssflI2zUDE+24t5szQZQrFnjOz1wmNKzO\nSjXtAPQmyT/WMGeX+ULWGeBDx5Svh6wGB/Dt2auPcqRITrrZZ3c4LuxjMFmE8E5u\nXxRYgd4IgrN79zBEF2VSt9abI2l2i+8S7YWCjGJgHka6wetYWOzr0mftrE6EKXkS\ny3w4TDLf3kYouqlR+e9HGqqOltiLrXlUfYj02L76v/6Y045w+S/dY7S5W8kS9qMi\n/UmC1z6qFC2k6oVaCGSilfFDqCs0p/0CggEBAOd8q9Wg4DmcEbJ+jO8Rw1TgJnLm\nOHlRkhGk/R5B/X9PuhPt+M+fKPLc1QrB2A3fMRJY9UEYZUc5QTwT/U43v/CAyhEC\nZGenZWqYCSX1zDM12+sFSSmovzoWl8qB2xPV8Gjs/NhKU/hsHwlezG5s9mTqJ5W9\nBFwROyInE4EmIoy0v213P8GYhCdgvS98py5phYsr7ih7yZwsSwOQqJdoGUJA+qE/\nU3fGx0sdZ/x5J3e8zB7VdLgl7P2JQXVVGNeMqOLRuLRzuoYORvEyOFytAIMKia3O\nrmUvXKvff9gNj0cqyEJxjS5WySlZ2CXkIAWYWAKe1+8MTC0jNxf0HuCGzFQ=\n-----END RSA PRIVATE KEY-----\n",
            "private_key_pem_pkcs8": "-----BEGIN PRIVATE KEY-----\nMIIJQgIBADANBgkqhkiG9w0BAQEFAASCCSwwggkoAgEAAoICAQC/B3WBGh3j0RiR\ntjMENTNLeM846SMzpR1lGf/svFF/nYZihcxdZpVhnvN2W7D2aGm+97GmxobzfaHc\nP2BFEFdegRsKRvzkmmXs7kMutJUkTciREtbe+ov4+Wovtu6BsgRU11lwKYSswGNx\n13TcwQIIwIhToL+u3KtYqsDa3UXC6Z6wsqhvRYXaUecBqmevylAK7JdJyWbaAD80\nJcYpG6dMNjJJzGn6L5ptfySA/+1utfrT3YRKaw09UaC1As5KZJhbJSo469sjnV1w\nGVH1aCJB4yCZ30ENGRUm6DyUkqdSzsqcw8G683Wi/jPYqimgCN0kUzFNn++UHHx+\nSa8+XfE6nGUN2Wx9VHRZw2FUCBLN2bvCgCpl/p1uuiVSMKq19hJuiut2iXiinH66\nhPDjKNMhQjPVaNqkTYwDzQ6NSllmShTXUaCsDEeSf3hjiw9Ws2KCP88/uQqF7TCz\nLWZRW3mx1Q6+hdRB44ME14kyqhYcjRdbei1L/saDKsAx2hkiXU+LysIF51ut6TUl\nyQDpFS68yI/GJK9ZBNgyjNQwIcQhPsVSCXCVh8mnQQjsL0ShoVU1FEzC3/4Vt4+W\n2+ohjnZXEtW0nbyMrOvueE0mcjW7VZ2Oi6aK0W0ivAn7VYOH66Kv63rMXMetZZnj\nc8KDKDdkURztMupOTNM/RBerm3nsmQIDAQABAoIB/3ydYQnW/6idvmlPcfhMvCl/\npa56Z3xJOeO6Ejlcn82f9QpQPgCv6sLD7g5Hwij78/+flUQ2PdKZIf2LWkGzZ0s+\n7WTG6jI2hkcJJspRAvmrxCrfH0xWJPlFuv9lVjFE745o7O8+Jk6LMlQROSrIvYr4\nDfZ/5osraJtuyF/9+IQt4ldiNH5h2++PfiKYBwul7pExxX9c4rtTbeeWvK4UXA5b\nTHLX5kpOw26qgiWkzj5qeDW9S49ARmK53Rw3uFrPRJQwqlp3gXy6Kzn1SoHMbIyO\nnbXC7aydsC6xUNOa14wtWf7ptHdAWnz5VtkAKCc9oQURQBhjPOZhrtSzPJ5yqelv\nCAhCHylRPSYRcoYmInJLTDNknA8ZdUz1JO5uhQ9xttJ5QDwk/yQpl8r1gvcdNQ7q\n7Mznbtsy7XAyD6wUV2tYoxbUPneMrw3kDoJtWk+t1nlxxgIL1Zgv6Y4WWnASL1x8\nLPnC/jtuf7XlqHkQ3P2NzE59xh8C/XKUNS8Ba5oQvI5OVq9ClvGbWnZA32/fMh4r\nIxIkNaUI2aK81KCEqetXI7swiRg2LzYN1FF0q6ThdZ8Djs/x1wwvvSniFBBCToIy\nnilYYn5k1AtP8vDSGfgnYpETKj9UdTExUI1SWQgXHeza+W26zT83nE2n1LvddMTq\nfoIxy9h9NDg58oYINHECggEBAPygGWCGCXwaJ/+6ffHc8FEdgcobR1MZxRgwssYK\n8kzJq5hW+/cgPKAJ2DTI9jlmWIO/kwSAlLviS5BgJlXQia+u8F/iZ5AFSTmeVeIW\nPsjUhRjcE/x9P9AKOv1hx4GNvX9D/rD+NgCsz+MWWnWj7rgIE3wJjKhDVdbk+ru+\nUUAvWZHj2BDDLHcGBMNuDrxp8YJwGZ4JQwLqJCztzRujqZGPr8rujYSMCnkrbzKa\niOJ2QoT4HMmVSbw5cbkzT04ciZC+MKAfVC3b88ihzIupDcL00orTNkXwVfS3BRbc\nDrZTk+F4po4VwhrZlqZ2iu0qHSTYx5isEbkizCUu4m9aOqUCggEBAMGUuD5ppDnY\ntqitl9rzCVTkAlXGYQg7AF9bf9/365Kiy9t5VSzRD+XeuZxWB5GmxXyQSMkq6Ebh\ndiHbD1zA0NF/S2dEtj0tbrcea/XUtDoJ69t0xtbaeKrvrdc/hJod4Omp2fy9h2cU\n1tbB/WsdyATno4ZyhWpFJ9tIaulPJ78ZHLIhpH1D4bg+WlfWxs9eGm2W4DgKDff5\nSsp9lpvonHXvAlB+h6I89tu7MW+m4LcMKo2F+Bh5q7/hGvwFFS7ryatJjT6xZUpy\n8s5WpuZ8IzesOogijIE1fBGpMpYvXPGh3Ts3XXJdpL94/K5uoVHBMSQyoj9VK0b3\naUNxma7W6+UCggEBAPR3CZe6ndsWhLaYBeDT6UrVvw+RrkfgnDZ4icfUN/3O+tsE\n8feHnqNQY4VRI9UQEYANF3w34bafmngwU2if0V3NcJeZRJa+RsoXSwzqcf9uiQ4x\nirW/js0H2WXyBVp9i29ooUMt/ZxRnysmKovFA/Ha/t/9bbw2zQ6Tr3+XAJGYQJlJ\nX4F5HcJgdKOaEXCLJUcQq/mfBNYBNtizltS0YBeYcIl0qEYoLsprGcRifyyHPH/o\nihMZAK3A+Sg7Wvc/7m+/XNbW+mMWgqcYzBQqmEKdIFFvawnrNYMGyUoB0crmvihm\n1OaSb7AD+CFGfdJb+q/5h81aVhxObDdfU4hmTHECggEAPovFx+ysMkCSLAgCs6yp\nDDOriXlSaq1dnnHa7EuXYsaU5XHbkmJuJ5CCGkA1q9rdnjSkP9NMP3Kjj6bO3OIz\n1iyx+UjbNQMT7bi3mzNBlCsWeM7PXCY0rM5KNe0A9CbJP9YwZ5f5QtYZ4EPHlK+H\nrAYH8O3Zq49ypEhOutlndzgu7GMwWYTwTm5fFFiB3giCs3v3MEQXZVK31psjaXaL\n7xLthYKMYmAeRrrB61hY7OvSZ+2sToQpeRLLfDhMMt/eRii6qVH570caqo6W2Iut\neVR9iPTYvvq//pjTjnD5L91jtLlbyRL2oyL9SYLXPqoULaTqhVoIZKKV8UOoKzSn\n/QKCAQEA53yr1aDgOZwRsn6M7xHDVOAmcuY4eVGSEaT9HkH9f0+6E+34z58o8tzV\nCsHYDd8xElj1QRhlRzlBPBP9Tje/8IDKEQJkZ6dlapgJJfXMMzXb6wVJKai/OhaX\nyoHbE9XwaOz82EpT+GwfCV7Mbmz2ZOonlb0EXBE7IicTgSYijLS/bXc/wZiEJ2C9\nL3ynLmmFiyvuKHvJnCxLA5Col2gZQkD6oT9Td8bHSx1n/Hknd7zMHtV0uCXs/YlB\ndVUY14yo4tG4tHO6hg5G8TI4XK0AgwqJrc6uZS9cq99/2A2PRyrIQnGNLlbJKVnY\nJeQgBZhYAp7X7wxMLSM3F/Qe4IbMVA==\n-----END PRIVATE KEY-----\n",
            "public_key_fingerprint_md5": "ae:36:01:67:64:0c:fc:23:e8:25:91:a7:4f:b7:4c:47",
            "public_key_fingerprint_sha256": "SHA256:0IgGQCVUxQuctoilCvQfN9/Q7iBCm4INSp2F5wborKU",
            "public_key_openssh": "ssh-rsa AAAAB3NzaC1yc2EAAAADAQABAAACAQC/B3WBGh3j0RiRtjMENTNLeM846SMzpR1lGf/svFF/nYZihcxdZpVhnvN2W7D2aGm+97GmxobzfaHcP2BFEFdegRsKRvzkmmXs7kMutJUkTciREtbe+ov4+Wovtu6BsgRU11lwKYSswGNx13TcwQIIwIhToL+u3KtYqsDa3UXC6Z6wsqhvRYXaUecBqmevylAK7JdJyWbaAD80JcYpG6dMNjJJzGn6L5ptfySA/+1utfrT3YRKaw09UaC1As5KZJhbJSo469sjnV1wGVH1aCJB4yCZ30ENGRUm6DyUkqdSzsqcw8G683Wi/jPYqimgCN0kUzFNn++UHHx+Sa8+XfE6nGUN2Wx9VHRZw2FUCBLN2bvCgCpl/p1uuiVSMKq19hJuiut2iXiinH66hPDjKNMhQjPVaNqkTYwDzQ6NSllmShTXUaCsDEeSf3hjiw9Ws2KCP88/uQqF7TCzLWZRW3mx1Q6+hdRB44ME14kyqhYcjRdbei1L/saDKsAx2hkiXU+LysIF51ut6TUlyQDpFS68yI/GJK9ZBNgyjNQwIcQhPsVSCXCVh8mnQQjsL0ShoVU1FEzC3/4Vt4+W2+ohjnZXEtW0nbyMrOvueE0mcjW7VZ2Oi6aK0W0ivAn7VYOH66Kv63rMXMetZZnjc8KDKDdkURztMupOTNM/RBerm3nsmQ==\n",
            "public_key_pem": "-----BEGIN PUBLIC KEY-----\nMIICIjANBgkqhkiG9w0BAQEFAAOCAg8AMIICCgKCAgEAvwd1gRod49EYkbYzBDUz\nS3jPOOkjM6UdZRn/7LxRf52GYoXMXWaVYZ7zdluw9mhpvvexpsaG832h3D9gRRBX\nXoEbCkb85Jpl7O5DLrSVJE3IkRLW3vqL+PlqL7bugbIEVNdZcCmErMBjcdd03MEC\nCMCIU6C/rtyrWKrA2t1FwumesLKob0WF2lHnAapnr8pQCuyXSclm2gA/NCXGKRun\nTDYyScxp+i+abX8kgP/tbrX6092ESmsNPVGgtQLOSmSYWyUqOOvbI51dcBlR9Wgi\nQeMgmd9BDRkVJug8lJKnUs7KnMPBuvN1ov4z2KopoAjdJFMxTZ/vlBx8fkmvPl3x\nOpxlDdlsfVR0WcNhVAgSzdm7woAqZf6dbrolUjCqtfYSborrdol4opx+uoTw4yjT\nIUIz1WjapE2MA80OjUpZZkoU11GgrAxHkn94Y4sPVrNigj/PP7kKhe0wsy1mUVt5\nsdUOvoXUQeODBNeJMqoWHI0XW3otS/7GgyrAMdoZIl1Pi8rCBedbrek1JckA6RUu\nvMiPxiSvWQTYMozUMCHEIT7FUglwlYfJp0EI7C9EoaFVNRRMwt/+FbePltvqIY52\nVxLVtJ28jKzr7nhNJnI1u1WdjoumitFtIrwJ+1WDh+uir+t6zFzHrWWZ43PCgyg3\nZFEc7TLqTkzTP0QXq5t57JkCAwEAAQ==\n-----END PUBLIC KEY-----\n",
            "rsa_bits": 4096
          },
          "sensitive_attributes": [
            [
              {
                "type": "get_attr",
                "value": "private_key_openssh"
              }
            ],
            [
              {
                "type": "get_attr",
                "value": "private_key_pem"
              }
            ],
            [
              {
                "type": "get_attr",
                "value": "private_key_pem_pkcs8"
              }
            ]
          ],
          "identity_schema_version": 0
        }
      ]
    }
  ],
  "check_results": [
    {
      "object_kind": "var",
      "config_addr": "var.environment",
      "status": "pass",
      "objects": [
        {
          "object_addr": "var.environment",
          "status": "pass"
        }
      ]
    }
  ]
}
